// !$*UTF8*$!
{
	archiveVersion = 1;
	classes = {
	};
	objectVersion = 51;
	objects = {

/* Begin PBXBuildFile section */
		224148B225B6D41300EF3470 /* UIView+AccessibilitySettable.swift in Sources */ = {isa = PBXBuildFile; fileRef = 224148B025B6D41300EF3470 /* UIView+AccessibilitySettable.swift */; };
		224148B325B6D41300EF3470 /* UIBarButtonItem+AccessibilitySettable.swift in Sources */ = {isa = PBXBuildFile; fileRef = 224148B125B6D41300EF3470 /* UIBarButtonItem+AccessibilitySettable.swift */; };
		2241495525B81C5600EF3470 /* IdentifierProvidable.swift in Sources */ = {isa = PBXBuildFile; fileRef = 2241494D25B81C5600EF3470 /* IdentifierProvidable.swift */; };
		2241495625B81C5600EF3470 /* ListRepos.swift in Sources */ = {isa = PBXBuildFile; fileRef = 2241494F25B81C5600EF3470 /* ListRepos.swift */; };
		2241495725B81C5600EF3470 /* General.swift in Sources */ = {isa = PBXBuildFile; fileRef = 2241495025B81C5600EF3470 /* General.swift */; };
		2241495825B81C5600EF3470 /* DetailRepo.swift in Sources */ = {isa = PBXBuildFile; fileRef = 2241495125B81C5600EF3470 /* DetailRepo.swift */; };
		2241495925B81C5600EF3470 /* Identifier+TypeAlias.swift in Sources */ = {isa = PBXBuildFile; fileRef = 2241495225B81C5600EF3470 /* Identifier+TypeAlias.swift */; };
		2241495A25B81C5600EF3470 /* RepoCellItem.swift in Sources */ = {isa = PBXBuildFile; fileRef = 2241495425B81C5600EF3470 /* RepoCellItem.swift */; };
		2241496325B81C8F00EF3470 /* IdentifierProvidable.swift in Sources */ = {isa = PBXBuildFile; fileRef = 2241494D25B81C5600EF3470 /* IdentifierProvidable.swift */; };
		2241496425B81C8F00EF3470 /* IdentifierProvidable.swift in Sources */ = {isa = PBXBuildFile; fileRef = 2241494D25B81C5600EF3470 /* IdentifierProvidable.swift */; };
		2241496925B81C9500EF3470 /* DetailRepo.swift in Sources */ = {isa = PBXBuildFile; fileRef = 2241495125B81C5600EF3470 /* DetailRepo.swift */; };
		2241496A25B81C9500EF3470 /* ListRepos.swift in Sources */ = {isa = PBXBuildFile; fileRef = 2241494F25B81C5600EF3470 /* ListRepos.swift */; };
		2241496B25B81C9500EF3470 /* General.swift in Sources */ = {isa = PBXBuildFile; fileRef = 2241495025B81C5600EF3470 /* General.swift */; };
		2241496C25B81C9600EF3470 /* DetailRepo.swift in Sources */ = {isa = PBXBuildFile; fileRef = 2241495125B81C5600EF3470 /* DetailRepo.swift */; };
		2241496D25B81C9600EF3470 /* ListRepos.swift in Sources */ = {isa = PBXBuildFile; fileRef = 2241494F25B81C5600EF3470 /* ListRepos.swift */; };
		2241496E25B81C9600EF3470 /* General.swift in Sources */ = {isa = PBXBuildFile; fileRef = 2241495025B81C5600EF3470 /* General.swift */; };
		2241497325B81C9900EF3470 /* Identifier+TypeAlias.swift in Sources */ = {isa = PBXBuildFile; fileRef = 2241495225B81C5600EF3470 /* Identifier+TypeAlias.swift */; };
		2241497425B81C9A00EF3470 /* Identifier+TypeAlias.swift in Sources */ = {isa = PBXBuildFile; fileRef = 2241495225B81C5600EF3470 /* Identifier+TypeAlias.swift */; };
		2241497925B81C9E00EF3470 /* RepoCellItem.swift in Sources */ = {isa = PBXBuildFile; fileRef = 2241495425B81C5600EF3470 /* RepoCellItem.swift */; };
		2241497E25B81C9E00EF3470 /* RepoCellItem.swift in Sources */ = {isa = PBXBuildFile; fileRef = 2241495425B81C5600EF3470 /* RepoCellItem.swift */; };
		2241498525B81D1500EF3470 /* AccessibilitySettable.swift in Sources */ = {isa = PBXBuildFile; fileRef = 2241498425B81D1500EF3470 /* AccessibilitySettable.swift */; };
		226D5ED225A71F9500BCEEE2 /* ListReposUISpecs.swift in Sources */ = {isa = PBXBuildFile; fileRef = 226D5ECC25A71F9500BCEEE2 /* ListReposUISpecs.swift */; };
		226D5ED325A71F9500BCEEE2 /* TimeInterval+Timeout.swift in Sources */ = {isa = PBXBuildFile; fileRef = 226D5ECE25A71F9500BCEEE2 /* TimeInterval+Timeout.swift */; };
		226D5ED425A71F9500BCEEE2 /* XCTestActor+KIF.swift in Sources */ = {isa = PBXBuildFile; fileRef = 226D5ECF25A71F9500BCEEE2 /* XCTestActor+KIF.swift */; };
		226D5ED525A71F9500BCEEE2 /* XCTestCase+KIF.swift in Sources */ = {isa = PBXBuildFile; fileRef = 226D5ED025A71F9500BCEEE2 /* XCTestCase+KIF.swift */; };
		2287C63F25AEB4E200BD94B7 /* XCTest+Setup.swift in Sources */ = {isa = PBXBuildFile; fileRef = 2287C63E25AEB4E200BD94B7 /* XCTest+Setup.swift */; };
		2287C66B25AEC58600BD94B7 /* DetailRepoUISpecs.swift in Sources */ = {isa = PBXBuildFile; fileRef = 2287C66A25AEC58600BD94B7 /* DetailRepoUISpecs.swift */; };
		2287C67125AEC6DB00BD94B7 /* QuickSpec+Setup.swift in Sources */ = {isa = PBXBuildFile; fileRef = 2287C67025AEC6DB00BD94B7 /* QuickSpec+Setup.swift */; };
		2287C67625AEC74B00BD94B7 /* QuickSpec+Setup.swift in Sources */ = {isa = PBXBuildFile; fileRef = 2287C67025AEC6DB00BD94B7 /* QuickSpec+Setup.swift */; };
		2287C69125AEDFFD00BD94B7 /* ListRepoUISpecs.swift in Sources */ = {isa = PBXBuildFile; fileRef = 2287C69025AEDFFD00BD94B7 /* ListRepoUISpecs.swift */; };
		2287C77F25AEEF9800BD94B7 /* TimeInterval+Timeout.swift in Sources */ = {isa = PBXBuildFile; fileRef = 226D5ECE25A71F9500BCEEE2 /* TimeInterval+Timeout.swift */; };
		2287C78F25AEF20B00BD94B7 /* ListRepoUIFlows.swift in Sources */ = {isa = PBXBuildFile; fileRef = 2287C78E25AEF20B00BD94B7 /* ListRepoUIFlows.swift */; };
		2287C79525AEF21800BD94B7 /* DetailRepoUIFlows.swift in Sources */ = {isa = PBXBuildFile; fileRef = 2287C79425AEF21800BD94B7 /* DetailRepoUIFlows.swift */; };
		2287C79B25AEF21F00BD94B7 /* GeneralUIFlows.swift in Sources */ = {isa = PBXBuildFile; fileRef = 2287C79A25AEF21F00BD94B7 /* GeneralUIFlows.swift */; };
		2287C7A125AEF33D00BD94B7 /* XCUIApplication+Ultilities.swift in Sources */ = {isa = PBXBuildFile; fileRef = 2287C7A025AEF33D00BD94B7 /* XCUIApplication+Ultilities.swift */; };
		22B8634225AC0B920081F3F4 /* UIViewController+Identifier.swift in Sources */ = {isa = PBXBuildFile; fileRef = 22B8634125AC0B920081F3F4 /* UIViewController+Identifier.swift */; };
		22B863DE25AD45ED0081F3F4 /* DetailRepoUISpecs.swift in Sources */ = {isa = PBXBuildFile; fileRef = 22B863DD25AD45ED0081F3F4 /* DetailRepoUISpecs.swift */; };
		22B863E425AD51000081F3F4 /* KIFTestActor+Ultilities.swift in Sources */ = {isa = PBXBuildFile; fileRef = 22B863E325AD51000081F3F4 /* KIFTestActor+Ultilities.swift */; };
		22B863F925AD594C0081F3F4 /* ListRepoUIFlows.swift in Sources */ = {isa = PBXBuildFile; fileRef = 22B863F825AD594C0081F3F4 /* ListRepoUIFlows.swift */; };
		22B8640325AD69EA0081F3F4 /* DetailRepoUIFlows.swift in Sources */ = {isa = PBXBuildFile; fileRef = 22B8640225AD69EA0081F3F4 /* DetailRepoUIFlows.swift */; };
		22B8640925AD6B110081F3F4 /* GeneralUIFlows.swift in Sources */ = {isa = PBXBuildFile; fileRef = 22B8640825AD6B110081F3F4 /* GeneralUIFlows.swift */; };
		22B8641925AD9E500081F3F4 /* KIFTestActor+Setup.swift in Sources */ = {isa = PBXBuildFile; fileRef = 22B8641825AD9E500081F3F4 /* KIFTestActor+Setup.swift */; };
		715FD11CC9DBBBF2EE2C9D15 /* Pods_UnitTests.framework in Frameworks */ = {isa = PBXBuildFile; fileRef = 7D997B7BC0EF6B6737F865B4 /* Pods_UnitTests.framework */; };
		8CB9E9A4D38C95F1E992E4DE /* Pods_UITests.framework in Frameworks */ = {isa = PBXBuildFile; fileRef = 10A34DFD6AFADCA621A1EB0F /* Pods_UITests.framework */; };
		9030EF12231380A800377A3B /* Info.swift in Sources */ = {isa = PBXBuildFile; fileRef = 9030EEFE231380A100377A3B /* Info.swift */; };
		9030EF13231380A800377A3B /* Owner.swift in Sources */ = {isa = PBXBuildFile; fileRef = 9030EEFF231380A100377A3B /* Owner.swift */; };
		9030EF14231380A800377A3B /* RepoViewItem.swift in Sources */ = {isa = PBXBuildFile; fileRef = 9030EF01231380A100377A3B /* RepoViewItem.swift */; };
		9030EF17231380A800377A3B /* RepoPresenter.swift in Sources */ = {isa = PBXBuildFile; fileRef = 9030EF04231380A100377A3B /* RepoPresenter.swift */; };
		9030EF18231380A800377A3B /* RepoViewController.swift in Sources */ = {isa = PBXBuildFile; fileRef = 9030EF06231380A100377A3B /* RepoViewController.swift */; };
		9030EF1C231380A800377A3B /* RepoModule.swift in Sources */ = {isa = PBXBuildFile; fileRef = 9030EF0A231380A100377A3B /* RepoModule.swift */; };
		9030EF1E231380A800377A3B /* RepoInteractor.swift in Sources */ = {isa = PBXBuildFile; fileRef = 9030EF0D231380A100377A3B /* RepoInteractor.swift */; };
		9030EF20231380A800377A3B /* RepoRouter.swift in Sources */ = {isa = PBXBuildFile; fileRef = 9030EF10231380A100377A3B /* RepoRouter.swift */; };
		9040C4D4230283D600CB18B1 /* View.swift in Sources */ = {isa = PBXBuildFile; fileRef = 9040C4CE230283D600CB18B1 /* View.swift */; };
		9040C4D5230283D600CB18B1 /* Entity.swift in Sources */ = {isa = PBXBuildFile; fileRef = 9040C4CF230283D600CB18B1 /* Entity.swift */; };
		9040C4D6230283D600CB18B1 /* Router.swift in Sources */ = {isa = PBXBuildFile; fileRef = 9040C4D0230283D600CB18B1 /* Router.swift */; };
		9040C4D7230283D600CB18B1 /* Interactor.swift in Sources */ = {isa = PBXBuildFile; fileRef = 9040C4D1230283D600CB18B1 /* Interactor.swift */; };
		9040C4D8230283D600CB18B1 /* Module.swift in Sources */ = {isa = PBXBuildFile; fileRef = 9040C4D2230283D600CB18B1 /* Module.swift */; };
		9040C4D9230283D600CB18B1 /* Presenter.swift in Sources */ = {isa = PBXBuildFile; fileRef = 9040C4D3230283D600CB18B1 /* Presenter.swift */; };
		9040C4E62302899A00CB18B1 /* HTTPTask.swift in Sources */ = {isa = PBXBuildFile; fileRef = 9040C4E02302899A00CB18B1 /* HTTPTask.swift */; };
		9040C4E72302899A00CB18B1 /* NetworkError.swift in Sources */ = {isa = PBXBuildFile; fileRef = 9040C4E12302899A00CB18B1 /* NetworkError.swift */; };
		9040C4E82302899A00CB18B1 /* HTTPMethod.swift in Sources */ = {isa = PBXBuildFile; fileRef = 9040C4E22302899A00CB18B1 /* HTTPMethod.swift */; };
		9040C4E92302899A00CB18B1 /* TargetType.swift in Sources */ = {isa = PBXBuildFile; fileRef = 9040C4E32302899A00CB18B1 /* TargetType.swift */; };
		9040C4EA2302899A00CB18B1 /* NetworkRouter.swift in Sources */ = {isa = PBXBuildFile; fileRef = 9040C4E42302899A00CB18B1 /* NetworkRouter.swift */; };
		9040C4F2230289DC00CB18B1 /* RepoNetwork.swift in Sources */ = {isa = PBXBuildFile; fileRef = 9040C4ED230289DC00CB18B1 /* RepoNetwork.swift */; };
		9040C4F3230289DC00CB18B1 /* RepoTarget.swift in Sources */ = {isa = PBXBuildFile; fileRef = 9040C4EE230289DC00CB18B1 /* RepoTarget.swift */; };
		9040C4F4230289DC00CB18B1 /* ImageTarget.swift in Sources */ = {isa = PBXBuildFile; fileRef = 9040C4F0230289DC00CB18B1 /* ImageTarget.swift */; };
		9040C4F5230289DC00CB18B1 /* ImageNetwork.swift in Sources */ = {isa = PBXBuildFile; fileRef = 9040C4F1230289DC00CB18B1 /* ImageNetwork.swift */; };
		9040C4F72302976700CB18B1 /* Network.swift in Sources */ = {isa = PBXBuildFile; fileRef = 9040C4F62302976700CB18B1 /* Network.swift */; };
		9040C4F9230297B100CB18B1 /* Services.swift in Sources */ = {isa = PBXBuildFile; fileRef = 9040C4F8230297B100CB18B1 /* Services.swift */; };
		9040C5212302A6BB00CB18B1 /* ReposRouter.swift in Sources */ = {isa = PBXBuildFile; fileRef = 9040C5152302A6BB00CB18B1 /* ReposRouter.swift */; };
		9040C5242302A6BB00CB18B1 /* ReposModule.swift in Sources */ = {isa = PBXBuildFile; fileRef = 9040C5182302A6BB00CB18B1 /* ReposModule.swift */; };
		9040C5252302A6BB00CB18B1 /* ReposViewController.swift in Sources */ = {isa = PBXBuildFile; fileRef = 9040C5192302A6BB00CB18B1 /* ReposViewController.swift */; };
		9040C5282302A6BB00CB18B1 /* ReposInteractor.swift in Sources */ = {isa = PBXBuildFile; fileRef = 9040C51C2302A6BB00CB18B1 /* ReposInteractor.swift */; };
		9040C5292302A6BB00CB18B1 /* ReposPresenter.swift in Sources */ = {isa = PBXBuildFile; fileRef = 9040C51D2302A6BB00CB18B1 /* ReposPresenter.swift */; };
		9040C5352302BACC00CB18B1 /* Repo.swift in Sources */ = {isa = PBXBuildFile; fileRef = 9040C5342302BACC00CB18B1 /* Repo.swift */; };
		9040C53F2302C19F00CB18B1 /* ReposRouterTests.swift in Sources */ = {isa = PBXBuildFile; fileRef = 9040C53A2302C19F00CB18B1 /* ReposRouterTests.swift */; };
		9040C5402302C19F00CB18B1 /* ReposViewControllerTests.swift in Sources */ = {isa = PBXBuildFile; fileRef = 9040C53B2302C19F00CB18B1 /* ReposViewControllerTests.swift */; };
		9040C5412302C19F00CB18B1 /* ReposModuleTests.swift in Sources */ = {isa = PBXBuildFile; fileRef = 9040C53C2302C19F00CB18B1 /* ReposModuleTests.swift */; };
		9040C5422302C19F00CB18B1 /* ReposInteractorTests.swift in Sources */ = {isa = PBXBuildFile; fileRef = 9040C53D2302C19F00CB18B1 /* ReposInteractorTests.swift */; };
		9040C5432302C19F00CB18B1 /* ReposPresenterTests.swift in Sources */ = {isa = PBXBuildFile; fileRef = 9040C53E2302C19F00CB18B1 /* ReposPresenterTests.swift */; };
		904CB5B6233368290017BD6F /* ReposViewItem.swift in Sources */ = {isa = PBXBuildFile; fileRef = 904CB5B5233368290017BD6F /* ReposViewItem.swift */; };
		90739A34230BD3FE006C1F22 /* SpyNavigationController.swift in Sources */ = {isa = PBXBuildFile; fileRef = 90739A33230BD3FE006C1F22 /* SpyNavigationController.swift */; };
		9E88BC3E22FE9A77009E4386 /* AutoMockable.generated.swift in Sources */ = {isa = PBXBuildFile; fileRef = 9E88BC3D22FE9A77009E4386 /* AutoMockable.generated.swift */; };
		9EE85C1A22FE955F000FC3D6 /* AppDelegate.swift in Sources */ = {isa = PBXBuildFile; fileRef = 9EE85C1922FE955F000FC3D6 /* AppDelegate.swift */; };
		9EE85C1C22FE955F000FC3D6 /* RootRouter.swift in Sources */ = {isa = PBXBuildFile; fileRef = 9EE85C1B22FE955F000FC3D6 /* RootRouter.swift */; };
		9EE85C2122FE955F000FC3D6 /* Assets.xcassets in Resources */ = {isa = PBXBuildFile; fileRef = 9EE85C2022FE955F000FC3D6 /* Assets.xcassets */; };
		9EE85C2422FE955F000FC3D6 /* LaunchScreen.storyboard in Resources */ = {isa = PBXBuildFile; fileRef = 9EE85C2222FE955F000FC3D6 /* LaunchScreen.storyboard */; };
		CDC2372348CEB0B267315B3B /* Pods_DemoViper.framework in Frameworks */ = {isa = PBXBuildFile; fileRef = 0D35FAE25B4A714B45910EF1 /* Pods_DemoViper.framework */; };
		D047CC82656A4ECD1ECEFA2C /* Pods_UITestsKIF.framework in Frameworks */ = {isa = PBXBuildFile; fileRef = 9EB327E5DEC21226ACED181F /* Pods_UITestsKIF.framework */; };
/* End PBXBuildFile section */

/* Begin PBXContainerItemProxy section */
		226D5DD825A702F200BCEEE2 /* PBXContainerItemProxy */ = {
			isa = PBXContainerItemProxy;
			containerPortal = 9EE85C0E22FE955F000FC3D6 /* Project object */;
			proxyType = 1;
			remoteGlobalIDString = 9EE85C1522FE955F000FC3D6;
			remoteInfo = DemoViper;
		};
		9EE85C2B22FE955F000FC3D6 /* PBXContainerItemProxy */ = {
			isa = PBXContainerItemProxy;
			containerPortal = 9EE85C0E22FE955F000FC3D6 /* Project object */;
			proxyType = 1;
			remoteGlobalIDString = 9EE85C1522FE955F000FC3D6;
			remoteInfo = DemoViper;
		};
		9EE85C3622FE955F000FC3D6 /* PBXContainerItemProxy */ = {
			isa = PBXContainerItemProxy;
			containerPortal = 9EE85C0E22FE955F000FC3D6 /* Project object */;
			proxyType = 1;
			remoteGlobalIDString = 9EE85C1522FE955F000FC3D6;
			remoteInfo = DemoViper;
		};
/* End PBXContainerItemProxy section */

/* Begin PBXFileReference section */
		0D35FAE25B4A714B45910EF1 /* Pods_DemoViper.framework */ = {isa = PBXFileReference; explicitFileType = wrapper.framework; includeInIndex = 0; path = Pods_DemoViper.framework; sourceTree = BUILT_PRODUCTS_DIR; };
		10A34DFD6AFADCA621A1EB0F /* Pods_UITests.framework */ = {isa = PBXFileReference; explicitFileType = wrapper.framework; includeInIndex = 0; path = Pods_UITests.framework; sourceTree = BUILT_PRODUCTS_DIR; };
		19B054274407E361B17A4BD4 /* Pods_DemoViper_DemoViperUITestsKIF.framework */ = {isa = PBXFileReference; explicitFileType = wrapper.framework; includeInIndex = 0; path = Pods_DemoViper_DemoViperUITestsKIF.framework; sourceTree = BUILT_PRODUCTS_DIR; };
		224148B025B6D41300EF3470 /* UIView+AccessibilitySettable.swift */ = {isa = PBXFileReference; fileEncoding = 4; lastKnownFileType = sourcecode.swift; path = "UIView+AccessibilitySettable.swift"; sourceTree = "<group>"; };
		224148B125B6D41300EF3470 /* UIBarButtonItem+AccessibilitySettable.swift */ = {isa = PBXFileReference; fileEncoding = 4; lastKnownFileType = sourcecode.swift; path = "UIBarButtonItem+AccessibilitySettable.swift"; sourceTree = "<group>"; };
		2241494D25B81C5600EF3470 /* IdentifierProvidable.swift */ = {isa = PBXFileReference; fileEncoding = 4; lastKnownFileType = sourcecode.swift; path = IdentifierProvidable.swift; sourceTree = "<group>"; };
		2241494F25B81C5600EF3470 /* ListRepos.swift */ = {isa = PBXFileReference; fileEncoding = 4; lastKnownFileType = sourcecode.swift; path = ListRepos.swift; sourceTree = "<group>"; };
		2241495025B81C5600EF3470 /* General.swift */ = {isa = PBXFileReference; fileEncoding = 4; lastKnownFileType = sourcecode.swift; path = General.swift; sourceTree = "<group>"; };
		2241495125B81C5600EF3470 /* DetailRepo.swift */ = {isa = PBXFileReference; fileEncoding = 4; lastKnownFileType = sourcecode.swift; path = DetailRepo.swift; sourceTree = "<group>"; };
		2241495225B81C5600EF3470 /* Identifier+TypeAlias.swift */ = {isa = PBXFileReference; fileEncoding = 4; lastKnownFileType = sourcecode.swift; path = "Identifier+TypeAlias.swift"; sourceTree = "<group>"; };
		2241495425B81C5600EF3470 /* RepoCellItem.swift */ = {isa = PBXFileReference; fileEncoding = 4; lastKnownFileType = sourcecode.swift; path = RepoCellItem.swift; sourceTree = "<group>"; };
		2241498425B81D1500EF3470 /* AccessibilitySettable.swift */ = {isa = PBXFileReference; fileEncoding = 4; lastKnownFileType = sourcecode.swift; path = AccessibilitySettable.swift; sourceTree = "<group>"; };
		226D5DD325A702F200BCEEE2 /* UITestsKIF.xctest */ = {isa = PBXFileReference; explicitFileType = wrapper.cfbundle; includeInIndex = 0; path = UITestsKIF.xctest; sourceTree = BUILT_PRODUCTS_DIR; };
		226D5E5A25A716FC00BCEEE2 /* KIF.framework */ = {isa = PBXFileReference; explicitFileType = wrapper.framework; path = KIF.framework; sourceTree = BUILT_PRODUCTS_DIR; };
		226D5ECC25A71F9500BCEEE2 /* ListReposUISpecs.swift */ = {isa = PBXFileReference; fileEncoding = 4; lastKnownFileType = sourcecode.swift; path = ListReposUISpecs.swift; sourceTree = "<group>"; };
		226D5ECE25A71F9500BCEEE2 /* TimeInterval+Timeout.swift */ = {isa = PBXFileReference; fileEncoding = 4; lastKnownFileType = sourcecode.swift; path = "TimeInterval+Timeout.swift"; sourceTree = "<group>"; };
		226D5ECF25A71F9500BCEEE2 /* XCTestActor+KIF.swift */ = {isa = PBXFileReference; fileEncoding = 4; lastKnownFileType = sourcecode.swift; path = "XCTestActor+KIF.swift"; sourceTree = "<group>"; };
		226D5ED025A71F9500BCEEE2 /* XCTestCase+KIF.swift */ = {isa = PBXFileReference; fileEncoding = 4; lastKnownFileType = sourcecode.swift; path = "XCTestCase+KIF.swift"; sourceTree = "<group>"; };
		226D5ED125A71F9500BCEEE2 /* Info.plist */ = {isa = PBXFileReference; fileEncoding = 4; lastKnownFileType = text.plist.xml; path = Info.plist; sourceTree = "<group>"; };
		2287C63E25AEB4E200BD94B7 /* XCTest+Setup.swift */ = {isa = PBXFileReference; lastKnownFileType = sourcecode.swift; path = "XCTest+Setup.swift"; sourceTree = "<group>"; };
		2287C66A25AEC58600BD94B7 /* DetailRepoUISpecs.swift */ = {isa = PBXFileReference; lastKnownFileType = sourcecode.swift; path = DetailRepoUISpecs.swift; sourceTree = "<group>"; };
		2287C67025AEC6DB00BD94B7 /* QuickSpec+Setup.swift */ = {isa = PBXFileReference; lastKnownFileType = sourcecode.swift; path = "QuickSpec+Setup.swift"; sourceTree = "<group>"; };
		2287C69025AEDFFD00BD94B7 /* ListRepoUISpecs.swift */ = {isa = PBXFileReference; lastKnownFileType = sourcecode.swift; path = ListRepoUISpecs.swift; sourceTree = "<group>"; };
		2287C78E25AEF20B00BD94B7 /* ListRepoUIFlows.swift */ = {isa = PBXFileReference; lastKnownFileType = sourcecode.swift; path = ListRepoUIFlows.swift; sourceTree = "<group>"; };
		2287C79425AEF21800BD94B7 /* DetailRepoUIFlows.swift */ = {isa = PBXFileReference; lastKnownFileType = sourcecode.swift; path = DetailRepoUIFlows.swift; sourceTree = "<group>"; };
		2287C79A25AEF21F00BD94B7 /* GeneralUIFlows.swift */ = {isa = PBXFileReference; lastKnownFileType = sourcecode.swift; path = GeneralUIFlows.swift; sourceTree = "<group>"; };
		2287C7A025AEF33D00BD94B7 /* XCUIApplication+Ultilities.swift */ = {isa = PBXFileReference; lastKnownFileType = sourcecode.swift; path = "XCUIApplication+Ultilities.swift"; sourceTree = "<group>"; };
		22B8634125AC0B920081F3F4 /* UIViewController+Identifier.swift */ = {isa = PBXFileReference; lastKnownFileType = sourcecode.swift; path = "UIViewController+Identifier.swift"; sourceTree = "<group>"; };
		22B863DD25AD45ED0081F3F4 /* DetailRepoUISpecs.swift */ = {isa = PBXFileReference; lastKnownFileType = sourcecode.swift; path = DetailRepoUISpecs.swift; sourceTree = "<group>"; };
		22B863E325AD51000081F3F4 /* KIFTestActor+Ultilities.swift */ = {isa = PBXFileReference; lastKnownFileType = sourcecode.swift; path = "KIFTestActor+Ultilities.swift"; sourceTree = "<group>"; };
		22B863F825AD594C0081F3F4 /* ListRepoUIFlows.swift */ = {isa = PBXFileReference; lastKnownFileType = sourcecode.swift; path = ListRepoUIFlows.swift; sourceTree = "<group>"; };
		22B8640225AD69EA0081F3F4 /* DetailRepoUIFlows.swift */ = {isa = PBXFileReference; lastKnownFileType = sourcecode.swift; path = DetailRepoUIFlows.swift; sourceTree = "<group>"; };
		22B8640825AD6B110081F3F4 /* GeneralUIFlows.swift */ = {isa = PBXFileReference; lastKnownFileType = sourcecode.swift; path = GeneralUIFlows.swift; sourceTree = "<group>"; };
		22B8641825AD9E500081F3F4 /* KIFTestActor+Setup.swift */ = {isa = PBXFileReference; lastKnownFileType = sourcecode.swift; path = "KIFTestActor+Setup.swift"; sourceTree = "<group>"; };
		264F388A0776CD55D96874C9 /* Pods-DemoViper-DemoViperUITestsKIF.debug.xcconfig */ = {isa = PBXFileReference; includeInIndex = 1; lastKnownFileType = text.xcconfig; name = "Pods-DemoViper-DemoViperUITestsKIF.debug.xcconfig"; path = "Target Support Files/Pods-DemoViper-DemoViperUITestsKIF/Pods-DemoViper-DemoViperUITestsKIF.debug.xcconfig"; sourceTree = "<group>"; };
		2DBDF1E707F2710BB2C907D0 /* Pods-UnitTests.release.xcconfig */ = {isa = PBXFileReference; includeInIndex = 1; lastKnownFileType = text.xcconfig; name = "Pods-UnitTests.release.xcconfig"; path = "Target Support Files/Pods-UnitTests/Pods-UnitTests.release.xcconfig"; sourceTree = "<group>"; };
		4D34B2196DAF4E9BB2281225 /* Pods-DemoViper-DemoViperUITestsKIF.release.xcconfig */ = {isa = PBXFileReference; includeInIndex = 1; lastKnownFileType = text.xcconfig; name = "Pods-DemoViper-DemoViperUITestsKIF.release.xcconfig"; path = "Target Support Files/Pods-DemoViper-DemoViperUITestsKIF/Pods-DemoViper-DemoViperUITestsKIF.release.xcconfig"; sourceTree = "<group>"; };
		4DD74F45239DC908068F8F75 /* Pods-UITestsKIF.release.xcconfig */ = {isa = PBXFileReference; includeInIndex = 1; lastKnownFileType = text.xcconfig; name = "Pods-UITestsKIF.release.xcconfig"; path = "Target Support Files/Pods-UITestsKIF/Pods-UITestsKIF.release.xcconfig"; sourceTree = "<group>"; };
		64B02346E66CFD9674B6B27D /* Pods-DemoViperUITests.debug.xcconfig */ = {isa = PBXFileReference; includeInIndex = 1; lastKnownFileType = text.xcconfig; name = "Pods-DemoViperUITests.debug.xcconfig"; path = "Target Support Files/Pods-DemoViperUITests/Pods-DemoViperUITests.debug.xcconfig"; sourceTree = "<group>"; };
		729CAF4F3C9F1C5987ED9B90 /* Pods-DemoViper-UITests.release.xcconfig */ = {isa = PBXFileReference; includeInIndex = 1; lastKnownFileType = text.xcconfig; name = "Pods-DemoViper-UITests.release.xcconfig"; path = "Target Support Files/Pods-DemoViper-UITests/Pods-DemoViper-UITests.release.xcconfig"; sourceTree = "<group>"; };
		78697A0BEB815917F110928E /* Pods-DemoViper.release.xcconfig */ = {isa = PBXFileReference; includeInIndex = 1; lastKnownFileType = text.xcconfig; name = "Pods-DemoViper.release.xcconfig"; path = "Target Support Files/Pods-DemoViper/Pods-DemoViper.release.xcconfig"; sourceTree = "<group>"; };
		7D997B7BC0EF6B6737F865B4 /* Pods_UnitTests.framework */ = {isa = PBXFileReference; explicitFileType = wrapper.framework; includeInIndex = 0; path = Pods_UnitTests.framework; sourceTree = BUILT_PRODUCTS_DIR; };
		8CA306897D783D546490F612 /* Pods-UITests.release.xcconfig */ = {isa = PBXFileReference; includeInIndex = 1; lastKnownFileType = text.xcconfig; name = "Pods-UITests.release.xcconfig"; path = "Target Support Files/Pods-UITests/Pods-UITests.release.xcconfig"; sourceTree = "<group>"; };
		9030EEFE231380A100377A3B /* Info.swift */ = {isa = PBXFileReference; fileEncoding = 4; lastKnownFileType = sourcecode.swift; path = Info.swift; sourceTree = "<group>"; };
		9030EEFF231380A100377A3B /* Owner.swift */ = {isa = PBXFileReference; fileEncoding = 4; lastKnownFileType = sourcecode.swift; path = Owner.swift; sourceTree = "<group>"; };
		9030EF01231380A100377A3B /* RepoViewItem.swift */ = {isa = PBXFileReference; fileEncoding = 4; lastKnownFileType = sourcecode.swift; path = RepoViewItem.swift; sourceTree = "<group>"; };
		9030EF04231380A100377A3B /* RepoPresenter.swift */ = {isa = PBXFileReference; fileEncoding = 4; lastKnownFileType = sourcecode.swift; path = RepoPresenter.swift; sourceTree = "<group>"; };
		9030EF06231380A100377A3B /* RepoViewController.swift */ = {isa = PBXFileReference; fileEncoding = 4; lastKnownFileType = sourcecode.swift; path = RepoViewController.swift; sourceTree = "<group>"; };
		9030EF0A231380A100377A3B /* RepoModule.swift */ = {isa = PBXFileReference; fileEncoding = 4; lastKnownFileType = sourcecode.swift; path = RepoModule.swift; sourceTree = "<group>"; };
		9030EF0D231380A100377A3B /* RepoInteractor.swift */ = {isa = PBXFileReference; fileEncoding = 4; lastKnownFileType = sourcecode.swift; path = RepoInteractor.swift; sourceTree = "<group>"; };
		9030EF10231380A100377A3B /* RepoRouter.swift */ = {isa = PBXFileReference; fileEncoding = 4; lastKnownFileType = sourcecode.swift; path = RepoRouter.swift; sourceTree = "<group>"; };
		9040C4CE230283D600CB18B1 /* View.swift */ = {isa = PBXFileReference; fileEncoding = 4; lastKnownFileType = sourcecode.swift; path = View.swift; sourceTree = "<group>"; };
		9040C4CF230283D600CB18B1 /* Entity.swift */ = {isa = PBXFileReference; fileEncoding = 4; lastKnownFileType = sourcecode.swift; path = Entity.swift; sourceTree = "<group>"; };
		9040C4D0230283D600CB18B1 /* Router.swift */ = {isa = PBXFileReference; fileEncoding = 4; lastKnownFileType = sourcecode.swift; path = Router.swift; sourceTree = "<group>"; };
		9040C4D1230283D600CB18B1 /* Interactor.swift */ = {isa = PBXFileReference; fileEncoding = 4; lastKnownFileType = sourcecode.swift; path = Interactor.swift; sourceTree = "<group>"; };
		9040C4D2230283D600CB18B1 /* Module.swift */ = {isa = PBXFileReference; fileEncoding = 4; lastKnownFileType = sourcecode.swift; path = Module.swift; sourceTree = "<group>"; };
		9040C4D3230283D600CB18B1 /* Presenter.swift */ = {isa = PBXFileReference; fileEncoding = 4; lastKnownFileType = sourcecode.swift; path = Presenter.swift; sourceTree = "<group>"; };
		9040C4E02302899A00CB18B1 /* HTTPTask.swift */ = {isa = PBXFileReference; fileEncoding = 4; lastKnownFileType = sourcecode.swift; path = HTTPTask.swift; sourceTree = "<group>"; };
		9040C4E12302899A00CB18B1 /* NetworkError.swift */ = {isa = PBXFileReference; fileEncoding = 4; lastKnownFileType = sourcecode.swift; path = NetworkError.swift; sourceTree = "<group>"; };
		9040C4E22302899A00CB18B1 /* HTTPMethod.swift */ = {isa = PBXFileReference; fileEncoding = 4; lastKnownFileType = sourcecode.swift; path = HTTPMethod.swift; sourceTree = "<group>"; };
		9040C4E32302899A00CB18B1 /* TargetType.swift */ = {isa = PBXFileReference; fileEncoding = 4; lastKnownFileType = sourcecode.swift; path = TargetType.swift; sourceTree = "<group>"; };
		9040C4E42302899A00CB18B1 /* NetworkRouter.swift */ = {isa = PBXFileReference; fileEncoding = 4; lastKnownFileType = sourcecode.swift; path = NetworkRouter.swift; sourceTree = "<group>"; };
		9040C4ED230289DC00CB18B1 /* RepoNetwork.swift */ = {isa = PBXFileReference; fileEncoding = 4; lastKnownFileType = sourcecode.swift; path = RepoNetwork.swift; sourceTree = "<group>"; };
		9040C4EE230289DC00CB18B1 /* RepoTarget.swift */ = {isa = PBXFileReference; fileEncoding = 4; lastKnownFileType = sourcecode.swift; path = RepoTarget.swift; sourceTree = "<group>"; };
		9040C4F0230289DC00CB18B1 /* ImageTarget.swift */ = {isa = PBXFileReference; fileEncoding = 4; lastKnownFileType = sourcecode.swift; path = ImageTarget.swift; sourceTree = "<group>"; };
		9040C4F1230289DC00CB18B1 /* ImageNetwork.swift */ = {isa = PBXFileReference; fileEncoding = 4; lastKnownFileType = sourcecode.swift; path = ImageNetwork.swift; sourceTree = "<group>"; };
		9040C4F62302976700CB18B1 /* Network.swift */ = {isa = PBXFileReference; lastKnownFileType = sourcecode.swift; path = Network.swift; sourceTree = "<group>"; };
		9040C4F8230297B100CB18B1 /* Services.swift */ = {isa = PBXFileReference; lastKnownFileType = sourcecode.swift; path = Services.swift; sourceTree = "<group>"; };
		9040C5152302A6BB00CB18B1 /* ReposRouter.swift */ = {isa = PBXFileReference; lastKnownFileType = sourcecode.swift; path = ReposRouter.swift; sourceTree = "<group>"; };
		9040C5182302A6BB00CB18B1 /* ReposModule.swift */ = {isa = PBXFileReference; lastKnownFileType = sourcecode.swift; path = ReposModule.swift; sourceTree = "<group>"; };
		9040C5192302A6BB00CB18B1 /* ReposViewController.swift */ = {isa = PBXFileReference; lastKnownFileType = sourcecode.swift; path = ReposViewController.swift; sourceTree = "<group>"; };
		9040C51C2302A6BB00CB18B1 /* ReposInteractor.swift */ = {isa = PBXFileReference; lastKnownFileType = sourcecode.swift; path = ReposInteractor.swift; sourceTree = "<group>"; };
		9040C51D2302A6BB00CB18B1 /* ReposPresenter.swift */ = {isa = PBXFileReference; lastKnownFileType = sourcecode.swift; path = ReposPresenter.swift; sourceTree = "<group>"; };
		9040C5342302BACC00CB18B1 /* Repo.swift */ = {isa = PBXFileReference; lastKnownFileType = sourcecode.swift; path = Repo.swift; sourceTree = "<group>"; };
		9040C53A2302C19F00CB18B1 /* ReposRouterTests.swift */ = {isa = PBXFileReference; lastKnownFileType = sourcecode.swift; path = ReposRouterTests.swift; sourceTree = "<group>"; };
		9040C53B2302C19F00CB18B1 /* ReposViewControllerTests.swift */ = {isa = PBXFileReference; lastKnownFileType = sourcecode.swift; path = ReposViewControllerTests.swift; sourceTree = "<group>"; };
		9040C53C2302C19F00CB18B1 /* ReposModuleTests.swift */ = {isa = PBXFileReference; lastKnownFileType = sourcecode.swift; path = ReposModuleTests.swift; sourceTree = "<group>"; };
		9040C53D2302C19F00CB18B1 /* ReposInteractorTests.swift */ = {isa = PBXFileReference; lastKnownFileType = sourcecode.swift; path = ReposInteractorTests.swift; sourceTree = "<group>"; };
		9040C53E2302C19F00CB18B1 /* ReposPresenterTests.swift */ = {isa = PBXFileReference; lastKnownFileType = sourcecode.swift; path = ReposPresenterTests.swift; sourceTree = "<group>"; };
		904CB5B5233368290017BD6F /* ReposViewItem.swift */ = {isa = PBXFileReference; lastKnownFileType = sourcecode.swift; path = ReposViewItem.swift; sourceTree = "<group>"; };
		90739A33230BD3FE006C1F22 /* SpyNavigationController.swift */ = {isa = PBXFileReference; lastKnownFileType = sourcecode.swift; path = SpyNavigationController.swift; sourceTree = "<group>"; };
		92B40A4E35B5AFBF118C143A /* Pods-UITests.debug.xcconfig */ = {isa = PBXFileReference; includeInIndex = 1; lastKnownFileType = text.xcconfig; name = "Pods-UITests.debug.xcconfig"; path = "Target Support Files/Pods-UITests/Pods-UITests.debug.xcconfig"; sourceTree = "<group>"; };
		97388AE715368171024FAD15 /* Pods-DemoViperTests.release.xcconfig */ = {isa = PBXFileReference; includeInIndex = 1; lastKnownFileType = text.xcconfig; name = "Pods-DemoViperTests.release.xcconfig"; path = "Target Support Files/Pods-DemoViperTests/Pods-DemoViperTests.release.xcconfig"; sourceTree = "<group>"; };
		9D676FB84404E365BB3D3209 /* Pods-DemoViperUITestsKIF.debug.xcconfig */ = {isa = PBXFileReference; includeInIndex = 1; lastKnownFileType = text.xcconfig; name = "Pods-DemoViperUITestsKIF.debug.xcconfig"; path = "Target Support Files/Pods-DemoViperUITestsKIF/Pods-DemoViperUITestsKIF.debug.xcconfig"; sourceTree = "<group>"; };
		9E88BC3D22FE9A77009E4386 /* AutoMockable.generated.swift */ = {isa = PBXFileReference; fileEncoding = 4; lastKnownFileType = sourcecode.swift; path = AutoMockable.generated.swift; sourceTree = "<group>"; };
		9EB327E5DEC21226ACED181F /* Pods_UITestsKIF.framework */ = {isa = PBXFileReference; explicitFileType = wrapper.framework; includeInIndex = 0; path = Pods_UITestsKIF.framework; sourceTree = BUILT_PRODUCTS_DIR; };
		9EE85C1622FE955F000FC3D6 /* DemoViper.app */ = {isa = PBXFileReference; explicitFileType = wrapper.application; includeInIndex = 0; path = DemoViper.app; sourceTree = BUILT_PRODUCTS_DIR; };
		9EE85C1922FE955F000FC3D6 /* AppDelegate.swift */ = {isa = PBXFileReference; lastKnownFileType = sourcecode.swift; path = AppDelegate.swift; sourceTree = "<group>"; };
		9EE85C1B22FE955F000FC3D6 /* RootRouter.swift */ = {isa = PBXFileReference; lastKnownFileType = sourcecode.swift; path = RootRouter.swift; sourceTree = "<group>"; };
		9EE85C2022FE955F000FC3D6 /* Assets.xcassets */ = {isa = PBXFileReference; lastKnownFileType = folder.assetcatalog; path = Assets.xcassets; sourceTree = "<group>"; };
		9EE85C2322FE955F000FC3D6 /* Base */ = {isa = PBXFileReference; lastKnownFileType = file.storyboard; name = Base; path = Base.lproj/LaunchScreen.storyboard; sourceTree = "<group>"; };
		9EE85C2522FE955F000FC3D6 /* Info.plist */ = {isa = PBXFileReference; lastKnownFileType = text.plist.xml; path = Info.plist; sourceTree = "<group>"; };
		9EE85C2A22FE955F000FC3D6 /* UnitTests.xctest */ = {isa = PBXFileReference; explicitFileType = wrapper.cfbundle; includeInIndex = 0; path = UnitTests.xctest; sourceTree = BUILT_PRODUCTS_DIR; };
		9EE85C3022FE955F000FC3D6 /* Info.plist */ = {isa = PBXFileReference; lastKnownFileType = text.plist.xml; path = Info.plist; sourceTree = "<group>"; };
		9EE85C3522FE955F000FC3D6 /* UITests.xctest */ = {isa = PBXFileReference; explicitFileType = wrapper.cfbundle; includeInIndex = 0; path = UITests.xctest; sourceTree = BUILT_PRODUCTS_DIR; };
		9EE85C3B22FE955F000FC3D6 /* Info.plist */ = {isa = PBXFileReference; lastKnownFileType = text.plist.xml; path = Info.plist; sourceTree = "<group>"; };
		B5676C2DC1230B1C7199A3E1 /* Pods-DemoViperUITestsKIF.release.xcconfig */ = {isa = PBXFileReference; includeInIndex = 1; lastKnownFileType = text.xcconfig; name = "Pods-DemoViperUITestsKIF.release.xcconfig"; path = "Target Support Files/Pods-DemoViperUITestsKIF/Pods-DemoViperUITestsKIF.release.xcconfig"; sourceTree = "<group>"; };
		CA602B2A4345C7E4949AE705 /* Pods-DemoViper-UITests.debug.xcconfig */ = {isa = PBXFileReference; includeInIndex = 1; lastKnownFileType = text.xcconfig; name = "Pods-DemoViper-UITests.debug.xcconfig"; path = "Target Support Files/Pods-DemoViper-UITests/Pods-DemoViper-UITests.debug.xcconfig"; sourceTree = "<group>"; };
		E6BBF49C20E3B99F8275966F /* Pods_DemoViperUITestsKIF.framework */ = {isa = PBXFileReference; explicitFileType = wrapper.framework; includeInIndex = 0; path = Pods_DemoViperUITestsKIF.framework; sourceTree = BUILT_PRODUCTS_DIR; };
		EE62F33A8A02A0E92DC5E075 /* Pods-DemoViperUITests.release.xcconfig */ = {isa = PBXFileReference; includeInIndex = 1; lastKnownFileType = text.xcconfig; name = "Pods-DemoViperUITests.release.xcconfig"; path = "Target Support Files/Pods-DemoViperUITests/Pods-DemoViperUITests.release.xcconfig"; sourceTree = "<group>"; };
		F177D12269DEABBD32D8BD49 /* Pods-DemoViper.debug.xcconfig */ = {isa = PBXFileReference; includeInIndex = 1; lastKnownFileType = text.xcconfig; name = "Pods-DemoViper.debug.xcconfig"; path = "Target Support Files/Pods-DemoViper/Pods-DemoViper.debug.xcconfig"; sourceTree = "<group>"; };
		F29250264192A6122029D0C9 /* Pods-UITestsKIF.debug.xcconfig */ = {isa = PBXFileReference; includeInIndex = 1; lastKnownFileType = text.xcconfig; name = "Pods-UITestsKIF.debug.xcconfig"; path = "Target Support Files/Pods-UITestsKIF/Pods-UITestsKIF.debug.xcconfig"; sourceTree = "<group>"; };
		F84EA457722779F331D9F001 /* Pods-DemoViperTests.debug.xcconfig */ = {isa = PBXFileReference; includeInIndex = 1; lastKnownFileType = text.xcconfig; name = "Pods-DemoViperTests.debug.xcconfig"; path = "Target Support Files/Pods-DemoViperTests/Pods-DemoViperTests.debug.xcconfig"; sourceTree = "<group>"; };
		F98244DC02BC8AD6D28FBE8B /* Pods-UnitTests.debug.xcconfig */ = {isa = PBXFileReference; includeInIndex = 1; lastKnownFileType = text.xcconfig; name = "Pods-UnitTests.debug.xcconfig"; path = "Target Support Files/Pods-UnitTests/Pods-UnitTests.debug.xcconfig"; sourceTree = "<group>"; };
/* End PBXFileReference section */

/* Begin PBXFrameworksBuildPhase section */
		226D5DD025A702F200BCEEE2 /* Frameworks */ = {
			isa = PBXFrameworksBuildPhase;
			buildActionMask = 2147483647;
			files = (
				D047CC82656A4ECD1ECEFA2C /* Pods_UITestsKIF.framework in Frameworks */,
			);
			runOnlyForDeploymentPostprocessing = 0;
		};
		9EE85C1322FE955F000FC3D6 /* Frameworks */ = {
			isa = PBXFrameworksBuildPhase;
			buildActionMask = 2147483647;
			files = (
				CDC2372348CEB0B267315B3B /* Pods_DemoViper.framework in Frameworks */,
			);
			runOnlyForDeploymentPostprocessing = 0;
		};
		9EE85C2722FE955F000FC3D6 /* Frameworks */ = {
			isa = PBXFrameworksBuildPhase;
			buildActionMask = 2147483647;
			files = (
				715FD11CC9DBBBF2EE2C9D15 /* Pods_UnitTests.framework in Frameworks */,
			);
			runOnlyForDeploymentPostprocessing = 0;
		};
		9EE85C3222FE955F000FC3D6 /* Frameworks */ = {
			isa = PBXFrameworksBuildPhase;
			buildActionMask = 2147483647;
			files = (
				8CB9E9A4D38C95F1E992E4DE /* Pods_UITests.framework in Frameworks */,
			);
			runOnlyForDeploymentPostprocessing = 0;
		};
/* End PBXFrameworksBuildPhase section */

/* Begin PBXGroup section */
		2241494B25B81C5600EF3470 /* UITestingUltilities */ = {
			isa = PBXGroup;
			children = (
				2241494C25B81C5600EF3470 /* Identifiers */,
				2241495325B81C5600EF3470 /* UIModels */,
			);
			path = UITestingUltilities;
			sourceTree = "<group>";
		};
		2241494C25B81C5600EF3470 /* Identifiers */ = {
			isa = PBXGroup;
			children = (
				2241494D25B81C5600EF3470 /* IdentifierProvidable.swift */,
				2241494E25B81C5600EF3470 /* Identifiers */,
				2241495225B81C5600EF3470 /* Identifier+TypeAlias.swift */,
			);
			path = Identifiers;
			sourceTree = "<group>";
		};
		2241494E25B81C5600EF3470 /* Identifiers */ = {
			isa = PBXGroup;
			children = (
				2241494F25B81C5600EF3470 /* ListRepos.swift */,
				2241495025B81C5600EF3470 /* General.swift */,
				2241495125B81C5600EF3470 /* DetailRepo.swift */,
			);
			path = Identifiers;
			sourceTree = "<group>";
		};
		2241495325B81C5600EF3470 /* UIModels */ = {
			isa = PBXGroup;
			children = (
				2241495425B81C5600EF3470 /* RepoCellItem.swift */,
			);
			path = UIModels;
			sourceTree = "<group>";
		};
		2241498325B81D1500EF3470 /* Helpers */ = {
			isa = PBXGroup;
			children = (
				2241498425B81D1500EF3470 /* AccessibilitySettable.swift */,
			);
			path = Helpers;
			sourceTree = "<group>";
		};
		226D5ECA25A71F9500BCEEE2 /* DemoViperUITestsKIF */ = {
			isa = PBXGroup;
			children = (
				226D5ED125A71F9500BCEEE2 /* Info.plist */,
				226D5ECD25A71F9500BCEEE2 /* Helper */,
				226D5ECB25A71F9500BCEEE2 /* Specs */,
			);
			path = DemoViperUITestsKIF;
			sourceTree = "<group>";
		};
		226D5ECB25A71F9500BCEEE2 /* Specs */ = {
			isa = PBXGroup;
			children = (
				22B863DD25AD45ED0081F3F4 /* DetailRepoUISpecs.swift */,
				226D5ECC25A71F9500BCEEE2 /* ListReposUISpecs.swift */,
				22B863F725AD59320081F3F4 /* Flows */,
			);
			path = Specs;
			sourceTree = "<group>";
		};
		226D5ECD25A71F9500BCEEE2 /* Helper */ = {
			isa = PBXGroup;
			children = (
				22B8641825AD9E500081F3F4 /* KIFTestActor+Setup.swift */,
				22B863E325AD51000081F3F4 /* KIFTestActor+Ultilities.swift */,
				226D5ECE25A71F9500BCEEE2 /* TimeInterval+Timeout.swift */,
				226D5ECF25A71F9500BCEEE2 /* XCTestActor+KIF.swift */,
				226D5ED025A71F9500BCEEE2 /* XCTestCase+KIF.swift */,
			);
			path = Helper;
			sourceTree = "<group>";
		};
		2287C63C25AEB2C900BD94B7 /* Helper */ = {
			isa = PBXGroup;
			children = (
				2287C63E25AEB4E200BD94B7 /* XCTest+Setup.swift */,
				2287C67025AEC6DB00BD94B7 /* QuickSpec+Setup.swift */,
				2287C7A025AEF33D00BD94B7 /* XCUIApplication+Ultilities.swift */,
			);
			path = Helper;
			sourceTree = "<group>";
		};
		2287C63D25AEB2E200BD94B7 /* Specs */ = {
			isa = PBXGroup;
			children = (
				2287C66A25AEC58600BD94B7 /* DetailRepoUISpecs.swift */,
				2287C69025AEDFFD00BD94B7 /* ListRepoUISpecs.swift */,
				2287C78625AEF19A00BD94B7 /* Flows */,
			);
			path = Specs;
			sourceTree = "<group>";
		};
		2287C78625AEF19A00BD94B7 /* Flows */ = {
			isa = PBXGroup;
			children = (
				2287C79425AEF21800BD94B7 /* DetailRepoUIFlows.swift */,
				2287C79A25AEF21F00BD94B7 /* GeneralUIFlows.swift */,
				2287C78E25AEF20B00BD94B7 /* ListRepoUIFlows.swift */,
			);
			path = Flows;
			sourceTree = "<group>";
		};
		22B8633625AC09460081F3F4 /* Extensions */ = {
			isa = PBXGroup;
			children = (
				224148B125B6D41300EF3470 /* UIBarButtonItem+AccessibilitySettable.swift */,
				224148B025B6D41300EF3470 /* UIView+AccessibilitySettable.swift */,
				22B8634125AC0B920081F3F4 /* UIViewController+Identifier.swift */,
			);
			path = Extensions;
			sourceTree = "<group>";
		};
		22B863F725AD59320081F3F4 /* Flows */ = {
			isa = PBXGroup;
			children = (
				22B8640225AD69EA0081F3F4 /* DetailRepoUIFlows.swift */,
				22B8640825AD6B110081F3F4 /* GeneralUIFlows.swift */,
				22B863F825AD594C0081F3F4 /* ListRepoUIFlows.swift */,
			);
			path = Flows;
			sourceTree = "<group>";
		};
		67BF250448FCB0146DFFAACD /* Frameworks */ = {
			isa = PBXGroup;
			children = (
				226D5E5A25A716FC00BCEEE2 /* KIF.framework */,
				E6BBF49C20E3B99F8275966F /* Pods_DemoViperUITestsKIF.framework */,
				19B054274407E361B17A4BD4 /* Pods_DemoViper_DemoViperUITestsKIF.framework */,
				0D35FAE25B4A714B45910EF1 /* Pods_DemoViper.framework */,
				10A34DFD6AFADCA621A1EB0F /* Pods_UITests.framework */,
				9EB327E5DEC21226ACED181F /* Pods_UITestsKIF.framework */,
				7D997B7BC0EF6B6737F865B4 /* Pods_UnitTests.framework */,
			);
			name = Frameworks;
			sourceTree = "<group>";
		};
		7D1445DC3381EC3BC4E44A31 /* Pods */ = {
			isa = PBXGroup;
			children = (
				F177D12269DEABBD32D8BD49 /* Pods-DemoViper.debug.xcconfig */,
				78697A0BEB815917F110928E /* Pods-DemoViper.release.xcconfig */,
				64B02346E66CFD9674B6B27D /* Pods-DemoViperUITests.debug.xcconfig */,
				EE62F33A8A02A0E92DC5E075 /* Pods-DemoViperUITests.release.xcconfig */,
				F84EA457722779F331D9F001 /* Pods-DemoViperTests.debug.xcconfig */,
				97388AE715368171024FAD15 /* Pods-DemoViperTests.release.xcconfig */,
				9D676FB84404E365BB3D3209 /* Pods-DemoViperUITestsKIF.debug.xcconfig */,
				B5676C2DC1230B1C7199A3E1 /* Pods-DemoViperUITestsKIF.release.xcconfig */,
				264F388A0776CD55D96874C9 /* Pods-DemoViper-DemoViperUITestsKIF.debug.xcconfig */,
				4D34B2196DAF4E9BB2281225 /* Pods-DemoViper-DemoViperUITestsKIF.release.xcconfig */,
				92B40A4E35B5AFBF118C143A /* Pods-UITests.debug.xcconfig */,
				8CA306897D783D546490F612 /* Pods-UITests.release.xcconfig */,
				F29250264192A6122029D0C9 /* Pods-UITestsKIF.debug.xcconfig */,
				4DD74F45239DC908068F8F75 /* Pods-UITestsKIF.release.xcconfig */,
				F98244DC02BC8AD6D28FBE8B /* Pods-UnitTests.debug.xcconfig */,
				2DBDF1E707F2710BB2C907D0 /* Pods-UnitTests.release.xcconfig */,
				CA602B2A4345C7E4949AE705 /* Pods-DemoViper-UITests.debug.xcconfig */,
				729CAF4F3C9F1C5987ED9B90 /* Pods-DemoViper-UITests.release.xcconfig */,
			);
			path = Pods;
			sourceTree = "<group>";
		};
		9030EEFC231380A100377A3B /* Detail */ = {
			isa = PBXGroup;
			children = (
				9030EF0A231380A100377A3B /* RepoModule.swift */,
				9030EF05231380A100377A3B /* View */,
				9030EF0F231380A100377A3B /* Router */,
				9030EF00231380A100377A3B /* Presenter */,
				9030EF0B231380A100377A3B /* Interactor */,
			);
			path = Detail;
			sourceTree = "<group>";
		};
		9030EF00231380A100377A3B /* Presenter */ = {
			isa = PBXGroup;
			children = (
				9030EF04231380A100377A3B /* RepoPresenter.swift */,
			);
			path = Presenter;
			sourceTree = "<group>";
		};
		9030EF05231380A100377A3B /* View */ = {
			isa = PBXGroup;
			children = (
				9030EF01231380A100377A3B /* RepoViewItem.swift */,
				9030EF06231380A100377A3B /* RepoViewController.swift */,
			);
			path = View;
			sourceTree = "<group>";
		};
		9030EF0B231380A100377A3B /* Interactor */ = {
			isa = PBXGroup;
			children = (
				9030EF0D231380A100377A3B /* RepoInteractor.swift */,
			);
			path = Interactor;
			sourceTree = "<group>";
		};
		9030EF0F231380A100377A3B /* Router */ = {
			isa = PBXGroup;
			children = (
				9030EF10231380A100377A3B /* RepoRouter.swift */,
			);
			path = Router;
			sourceTree = "<group>";
		};
		9040C4C92302836C00CB18B1 /* Supporting Files */ = {
			isa = PBXGroup;
			children = (
				9EE85C2522FE955F000FC3D6 /* Info.plist */,
			);
			path = "Supporting Files";
			sourceTree = "<group>";
		};
		9040C4CA2302837900CB18B1 /* Resources */ = {
			isa = PBXGroup;
			children = (
				9EE85C2222FE955F000FC3D6 /* LaunchScreen.storyboard */,
				9EE85C2022FE955F000FC3D6 /* Assets.xcassets */,
			);
			path = Resources;
			sourceTree = "<group>";
		};
		9040C4CB2302838300CB18B1 /* Sources */ = {
			isa = PBXGroup;
			children = (
				9040C4CC2302839200CB18B1 /* AppDelegate */,
				22B8633625AC09460081F3F4 /* Extensions */,
				2241498325B81D1500EF3470 /* Helpers */,
				904CB5B4233348A20017BD6F /* Models */,
				9040C5132302A64600CB18B1 /* Modules */,
				9040C4DA2302892D00CB18B1 /* Services */,
				2241494B25B81C5600EF3470 /* UITestingUltilities */,
			);
			path = Sources;
			sourceTree = "<group>";
		};
		9040C4CC2302839200CB18B1 /* AppDelegate */ = {
			isa = PBXGroup;
			children = (
				9EE85C1922FE955F000FC3D6 /* AppDelegate.swift */,
				9EE85C1B22FE955F000FC3D6 /* RootRouter.swift */,
			);
			path = AppDelegate;
			sourceTree = "<group>";
		};
		9040C4CD230283A900CB18B1 /* VIPER */ = {
			isa = PBXGroup;
			children = (
				9040C4D2230283D600CB18B1 /* Module.swift */,
				9040C4CF230283D600CB18B1 /* Entity.swift */,
				9040C4D1230283D600CB18B1 /* Interactor.swift */,
				9040C4D3230283D600CB18B1 /* Presenter.swift */,
				9040C4D0230283D600CB18B1 /* Router.swift */,
				9040C4CE230283D600CB18B1 /* View.swift */,
			);
			path = VIPER;
			sourceTree = "<group>";
		};
		9040C4DA2302892D00CB18B1 /* Services */ = {
			isa = PBXGroup;
			children = (
				9040C4DB2302893B00CB18B1 /* Network */,
				9040C4F8230297B100CB18B1 /* Services.swift */,
			);
			path = Services;
			sourceTree = "<group>";
		};
		9040C4DB2302893B00CB18B1 /* Network */ = {
			isa = PBXGroup;
			children = (
				9040C4DD2302896300CB18B1 /* Module */,
				9040C4DC2302894000CB18B1 /* Core */,
				9040C4F62302976700CB18B1 /* Network.swift */,
			);
			path = Network;
			sourceTree = "<group>";
		};
		9040C4DC2302894000CB18B1 /* Core */ = {
			isa = PBXGroup;
			children = (
				9040C4E22302899A00CB18B1 /* HTTPMethod.swift */,
				9040C4E02302899A00CB18B1 /* HTTPTask.swift */,
				9040C4E12302899A00CB18B1 /* NetworkError.swift */,
				9040C4E42302899A00CB18B1 /* NetworkRouter.swift */,
				9040C4E32302899A00CB18B1 /* TargetType.swift */,
			);
			path = Core;
			sourceTree = "<group>";
		};
		9040C4DD2302896300CB18B1 /* Module */ = {
			isa = PBXGroup;
			children = (
				9040C4EF230289DC00CB18B1 /* Image */,
				9040C4EC230289DC00CB18B1 /* Repo */,
			);
			path = Module;
			sourceTree = "<group>";
		};
		9040C4EC230289DC00CB18B1 /* Repo */ = {
			isa = PBXGroup;
			children = (
				9040C4ED230289DC00CB18B1 /* RepoNetwork.swift */,
				9040C4EE230289DC00CB18B1 /* RepoTarget.swift */,
			);
			path = Repo;
			sourceTree = "<group>";
		};
		9040C4EF230289DC00CB18B1 /* Image */ = {
			isa = PBXGroup;
			children = (
				9040C4F0230289DC00CB18B1 /* ImageTarget.swift */,
				9040C4F1230289DC00CB18B1 /* ImageNetwork.swift */,
			);
			path = Image;
			sourceTree = "<group>";
		};
		9040C5132302A64600CB18B1 /* Modules */ = {
			isa = PBXGroup;
			children = (
				9030EEFC231380A100377A3B /* Detail */,
				9040C5142302A69500CB18B1 /* ListRepos */,
			);
			path = Modules;
			sourceTree = "<group>";
		};
		9040C5142302A69500CB18B1 /* ListRepos */ = {
			isa = PBXGroup;
			children = (
				9040C5182302A6BB00CB18B1 /* ReposModule.swift */,
				9040C5312302B03000CB18B1 /* View */,
				9040C5302302AF6400CB18B1 /* Router */,
				9040C52F2302AF5700CB18B1 /* Presenter */,
				9040C52D2302A6D300CB18B1 /* Interactor */,
			);
			path = ListRepos;
			sourceTree = "<group>";
		};
		9040C52D2302A6D300CB18B1 /* Interactor */ = {
			isa = PBXGroup;
			children = (
				9040C51C2302A6BB00CB18B1 /* ReposInteractor.swift */,
			);
			path = Interactor;
			sourceTree = "<group>";
		};
		9040C52F2302AF5700CB18B1 /* Presenter */ = {
			isa = PBXGroup;
			children = (
				9040C51D2302A6BB00CB18B1 /* ReposPresenter.swift */,
			);
			path = Presenter;
			sourceTree = "<group>";
		};
		9040C5302302AF6400CB18B1 /* Router */ = {
			isa = PBXGroup;
			children = (
				9040C5152302A6BB00CB18B1 /* ReposRouter.swift */,
			);
			path = Router;
			sourceTree = "<group>";
		};
		9040C5312302B03000CB18B1 /* View */ = {
			isa = PBXGroup;
			children = (
				9040C5192302A6BB00CB18B1 /* ReposViewController.swift */,
				904CB5B5233368290017BD6F /* ReposViewItem.swift */,
			);
			path = View;
			sourceTree = "<group>";
		};
		9040C5382302C17B00CB18B1 /* Modules */ = {
			isa = PBXGroup;
			children = (
				9040C5392302C18600CB18B1 /* ListRepos */,
			);
			path = Modules;
			sourceTree = "<group>";
		};
		9040C5392302C18600CB18B1 /* ListRepos */ = {
			isa = PBXGroup;
			children = (
				9040C53A2302C19F00CB18B1 /* ReposRouterTests.swift */,
				9040C53B2302C19F00CB18B1 /* ReposViewControllerTests.swift */,
				9040C53C2302C19F00CB18B1 /* ReposModuleTests.swift */,
				9040C53D2302C19F00CB18B1 /* ReposInteractorTests.swift */,
				9040C53E2302C19F00CB18B1 /* ReposPresenterTests.swift */,
			);
			path = ListRepos;
			sourceTree = "<group>";
		};
		904CB5B4233348A20017BD6F /* Models */ = {
			isa = PBXGroup;
			children = (
				9040C5342302BACC00CB18B1 /* Repo.swift */,
				9030EEFF231380A100377A3B /* Owner.swift */,
				9030EEFE231380A100377A3B /* Info.swift */,
			);
			path = Models;
			sourceTree = "<group>";
		};
		90739A32230BD3ED006C1F22 /* Spy */ = {
			isa = PBXGroup;
			children = (
				90739A33230BD3FE006C1F22 /* SpyNavigationController.swift */,
			);
			path = Spy;
			sourceTree = "<group>";
		};
		9E88BC3B22FE9A77009E4386 /* Helpers */ = {
			isa = PBXGroup;
			children = (
				90739A32230BD3ED006C1F22 /* Spy */,
				9E88BC3C22FE9A77009E4386 /* AutoGeneratedProtocolsMocks */,
			);
			path = Helpers;
			sourceTree = "<group>";
		};
		9E88BC3C22FE9A77009E4386 /* AutoGeneratedProtocolsMocks */ = {
			isa = PBXGroup;
			children = (
				9E88BC3D22FE9A77009E4386 /* AutoMockable.generated.swift */,
			);
			path = AutoGeneratedProtocolsMocks;
			sourceTree = "<group>";
		};
		9EE85C0D22FE955F000FC3D6 = {
			isa = PBXGroup;
			children = (
				9EE85C1822FE955F000FC3D6 /* DemoViper */,
				9EE85C2D22FE955F000FC3D6 /* DemoViperTests */,
				9EE85C3822FE955F000FC3D6 /* DemoViperUITests */,
				226D5ECA25A71F9500BCEEE2 /* DemoViperUITestsKIF */,
				67BF250448FCB0146DFFAACD /* Frameworks */,
				7D1445DC3381EC3BC4E44A31 /* Pods */,
				9EE85C1722FE955F000FC3D6 /* Products */,
			);
			sourceTree = "<group>";
		};
		9EE85C1722FE955F000FC3D6 /* Products */ = {
			isa = PBXGroup;
			children = (
				9EE85C1622FE955F000FC3D6 /* DemoViper.app */,
				9EE85C2A22FE955F000FC3D6 /* UnitTests.xctest */,
				9EE85C3522FE955F000FC3D6 /* UITests.xctest */,
				226D5DD325A702F200BCEEE2 /* UITestsKIF.xctest */,
			);
			name = Products;
			sourceTree = "<group>";
		};
		9EE85C1822FE955F000FC3D6 /* DemoViper */ = {
			isa = PBXGroup;
			children = (
				9040C4CD230283A900CB18B1 /* VIPER */,
				9040C4CB2302838300CB18B1 /* Sources */,
				9040C4CA2302837900CB18B1 /* Resources */,
				9040C4C92302836C00CB18B1 /* Supporting Files */,
			);
			path = DemoViper;
			sourceTree = "<group>";
		};
		9EE85C2D22FE955F000FC3D6 /* DemoViperTests */ = {
			isa = PBXGroup;
			children = (
				9040C5382302C17B00CB18B1 /* Modules */,
				9E88BC3B22FE9A77009E4386 /* Helpers */,
				9EE85C3022FE955F000FC3D6 /* Info.plist */,
			);
			path = DemoViperTests;
			sourceTree = "<group>";
		};
		9EE85C3822FE955F000FC3D6 /* DemoViperUITests */ = {
			isa = PBXGroup;
			children = (
				9EE85C3B22FE955F000FC3D6 /* Info.plist */,
				2287C63C25AEB2C900BD94B7 /* Helper */,
				2287C63D25AEB2E200BD94B7 /* Specs */,
			);
			path = DemoViperUITests;
			sourceTree = "<group>";
		};
/* End PBXGroup section */

/* Begin PBXNativeTarget section */
		226D5DD225A702F200BCEEE2 /* UITestsKIF */ = {
			isa = PBXNativeTarget;
			buildConfigurationList = 226D5DDA25A702F200BCEEE2 /* Build configuration list for PBXNativeTarget "UITestsKIF" */;
			buildPhases = (
				4FE8DB8B6AC67FD4795ACFA4 /* [CP] Check Pods Manifest.lock */,
				226D5DCF25A702F200BCEEE2 /* Sources */,
				226D5DD025A702F200BCEEE2 /* Frameworks */,
				226D5DD125A702F200BCEEE2 /* Resources */,
				36DD3B308FF24DE6FAA165F4 /* [CP] Embed Pods Frameworks */,
			);
			buildRules = (
			);
			dependencies = (
				226D5DD925A702F200BCEEE2 /* PBXTargetDependency */,
			);
			name = UITestsKIF;
			productName = DemoViperUITestsKIF;
			productReference = 226D5DD325A702F200BCEEE2 /* UITestsKIF.xctest */;
			productType = "com.apple.product-type.bundle.unit-test";
		};
		9EE85C1522FE955F000FC3D6 /* DemoViper */ = {
			isa = PBXNativeTarget;
			buildConfigurationList = 9EE85C3E22FE955F000FC3D6 /* Build configuration list for PBXNativeTarget "DemoViper" */;
			buildPhases = (
				DFA1C4B2F4F14ACC2F414031 /* [CP] Check Pods Manifest.lock */,
				9040C5322302B89300CB18B1 /* Run Sourcery */,
				9EE85C1222FE955F000FC3D6 /* Sources */,
				9EE85C1322FE955F000FC3D6 /* Frameworks */,
				9EE85C1422FE955F000FC3D6 /* Resources */,
				939327406FA4DD0A5A9C0438 /* [CP] Embed Pods Frameworks */,
			);
			buildRules = (
			);
			dependencies = (
			);
			name = DemoViper;
			productName = DemoViper;
			productReference = 9EE85C1622FE955F000FC3D6 /* DemoViper.app */;
			productType = "com.apple.product-type.application";
		};
		9EE85C2922FE955F000FC3D6 /* UnitTests */ = {
			isa = PBXNativeTarget;
			buildConfigurationList = 9EE85C4122FE955F000FC3D6 /* Build configuration list for PBXNativeTarget "UnitTests" */;
			buildPhases = (
				0ADA7F57FF96DB2EACE58FFE /* [CP] Check Pods Manifest.lock */,
				9EE85C2622FE955F000FC3D6 /* Sources */,
				9EE85C2722FE955F000FC3D6 /* Frameworks */,
				9EE85C2822FE955F000FC3D6 /* Resources */,
				5A73CA6B23B65CBA436BF78C /* [CP] Embed Pods Frameworks */,
			);
			buildRules = (
			);
			dependencies = (
				9EE85C2C22FE955F000FC3D6 /* PBXTargetDependency */,
			);
			name = UnitTests;
			productName = DemoViperTests;
			productReference = 9EE85C2A22FE955F000FC3D6 /* UnitTests.xctest */;
			productType = "com.apple.product-type.bundle.unit-test";
		};
		9EE85C3422FE955F000FC3D6 /* UITests */ = {
			isa = PBXNativeTarget;
			buildConfigurationList = 9EE85C4422FE955F000FC3D6 /* Build configuration list for PBXNativeTarget "UITests" */;
			buildPhases = (
				4DC3EB6CEC8729B2BA55B4AA /* [CP] Check Pods Manifest.lock */,
				9EE85C3122FE955F000FC3D6 /* Sources */,
				9EE85C3222FE955F000FC3D6 /* Frameworks */,
				9EE85C3322FE955F000FC3D6 /* Resources */,
				9CED58F86451839D811573AE /* [CP] Embed Pods Frameworks */,
			);
			buildRules = (
			);
			dependencies = (
				9EE85C3722FE955F000FC3D6 /* PBXTargetDependency */,
			);
			name = UITests;
			productName = DemoViperUITests;
			productReference = 9EE85C3522FE955F000FC3D6 /* UITests.xctest */;
			productType = "com.apple.product-type.bundle.ui-testing";
		};
/* End PBXNativeTarget section */

/* Begin PBXProject section */
		9EE85C0E22FE955F000FC3D6 /* Project object */ = {
			isa = PBXProject;
			attributes = {
				LastSwiftUpdateCheck = 1230;
				LastUpgradeCheck = 1030;
				ORGANIZATIONNAME = "Nimble Co. Ltd.";
				TargetAttributes = {
					226D5DD225A702F200BCEEE2 = {
						CreatedOnToolsVersion = 12.3;
						LastSwiftMigration = 1230;
						TestTargetID = 9EE85C1522FE955F000FC3D6;
					};
					9EE85C1522FE955F000FC3D6 = {
						CreatedOnToolsVersion = 10.3;
					};
					9EE85C2922FE955F000FC3D6 = {
						CreatedOnToolsVersion = 10.3;
						TestTargetID = 9EE85C1522FE955F000FC3D6;
					};
					9EE85C3422FE955F000FC3D6 = {
						CreatedOnToolsVersion = 10.3;
						TestTargetID = 9EE85C1522FE955F000FC3D6;
					};
				};
			};
			buildConfigurationList = 9EE85C1122FE955F000FC3D6 /* Build configuration list for PBXProject "DemoViper" */;
			compatibilityVersion = "Xcode 9.3";
			developmentRegion = en;
			hasScannedForEncodings = 0;
			knownRegions = (
				en,
				Base,
			);
			mainGroup = 9EE85C0D22FE955F000FC3D6;
			productRefGroup = 9EE85C1722FE955F000FC3D6 /* Products */;
			projectDirPath = "";
			projectRoot = "";
			targets = (
				9EE85C1522FE955F000FC3D6 /* DemoViper */,
				9EE85C2922FE955F000FC3D6 /* UnitTests */,
				9EE85C3422FE955F000FC3D6 /* UITests */,
				226D5DD225A702F200BCEEE2 /* UITestsKIF */,
			);
		};
/* End PBXProject section */

/* Begin PBXResourcesBuildPhase section */
		226D5DD125A702F200BCEEE2 /* Resources */ = {
			isa = PBXResourcesBuildPhase;
			buildActionMask = 2147483647;
			files = (
			);
			runOnlyForDeploymentPostprocessing = 0;
		};
		9EE85C1422FE955F000FC3D6 /* Resources */ = {
			isa = PBXResourcesBuildPhase;
			buildActionMask = 2147483647;
			files = (
				9EE85C2422FE955F000FC3D6 /* LaunchScreen.storyboard in Resources */,
				9EE85C2122FE955F000FC3D6 /* Assets.xcassets in Resources */,
			);
			runOnlyForDeploymentPostprocessing = 0;
		};
		9EE85C2822FE955F000FC3D6 /* Resources */ = {
			isa = PBXResourcesBuildPhase;
			buildActionMask = 2147483647;
			files = (
			);
			runOnlyForDeploymentPostprocessing = 0;
		};
		9EE85C3322FE955F000FC3D6 /* Resources */ = {
			isa = PBXResourcesBuildPhase;
			buildActionMask = 2147483647;
			files = (
			);
			runOnlyForDeploymentPostprocessing = 0;
		};
/* End PBXResourcesBuildPhase section */

/* Begin PBXShellScriptBuildPhase section */
		0ADA7F57FF96DB2EACE58FFE /* [CP] Check Pods Manifest.lock */ = {
			isa = PBXShellScriptBuildPhase;
			buildActionMask = 2147483647;
			files = (
			);
			inputFileListPaths = (
			);
			inputPaths = (
				"${PODS_PODFILE_DIR_PATH}/Podfile.lock",
				"${PODS_ROOT}/Manifest.lock",
			);
			name = "[CP] Check Pods Manifest.lock";
			outputFileListPaths = (
			);
			outputPaths = (
				"$(DERIVED_FILE_DIR)/Pods-UnitTests-checkManifestLockResult.txt",
			);
			runOnlyForDeploymentPostprocessing = 0;
			shellPath = /bin/sh;
			shellScript = "diff \"${PODS_PODFILE_DIR_PATH}/Podfile.lock\" \"${PODS_ROOT}/Manifest.lock\" > /dev/null\nif [ $? != 0 ] ; then\n    # print error to STDERR\n    echo \"error: The sandbox is not in sync with the Podfile.lock. Run 'pod install' or update your CocoaPods installation.\" >&2\n    exit 1\nfi\n# This output is used by Xcode 'outputs' to avoid re-running this script phase.\necho \"SUCCESS\" > \"${SCRIPT_OUTPUT_FILE_0}\"\n";
			showEnvVarsInLog = 0;
		};
		36DD3B308FF24DE6FAA165F4 /* [CP] Embed Pods Frameworks */ = {
			isa = PBXShellScriptBuildPhase;
			buildActionMask = 2147483647;
			files = (
			);
			inputFileListPaths = (
				"${PODS_ROOT}/Target Support Files/Pods-UITestsKIF/Pods-UITestsKIF-frameworks-${CONFIGURATION}-input-files.xcfilelist",
			);
			name = "[CP] Embed Pods Frameworks";
			outputFileListPaths = (
				"${PODS_ROOT}/Target Support Files/Pods-UITestsKIF/Pods-UITestsKIF-frameworks-${CONFIGURATION}-output-files.xcfilelist",
			);
			runOnlyForDeploymentPostprocessing = 0;
			shellPath = /bin/sh;
			shellScript = "\"${PODS_ROOT}/Target Support Files/Pods-UITestsKIF/Pods-UITestsKIF-frameworks.sh\"\n";
			showEnvVarsInLog = 0;
		};
		4DC3EB6CEC8729B2BA55B4AA /* [CP] Check Pods Manifest.lock */ = {
			isa = PBXShellScriptBuildPhase;
			buildActionMask = 2147483647;
			files = (
			);
			inputFileListPaths = (
			);
			inputPaths = (
				"${PODS_PODFILE_DIR_PATH}/Podfile.lock",
				"${PODS_ROOT}/Manifest.lock",
			);
			name = "[CP] Check Pods Manifest.lock";
			outputFileListPaths = (
			);
			outputPaths = (
				"$(DERIVED_FILE_DIR)/Pods-UITests-checkManifestLockResult.txt",
			);
			runOnlyForDeploymentPostprocessing = 0;
			shellPath = /bin/sh;
			shellScript = "diff \"${PODS_PODFILE_DIR_PATH}/Podfile.lock\" \"${PODS_ROOT}/Manifest.lock\" > /dev/null\nif [ $? != 0 ] ; then\n    # print error to STDERR\n    echo \"error: The sandbox is not in sync with the Podfile.lock. Run 'pod install' or update your CocoaPods installation.\" >&2\n    exit 1\nfi\n# This output is used by Xcode 'outputs' to avoid re-running this script phase.\necho \"SUCCESS\" > \"${SCRIPT_OUTPUT_FILE_0}\"\n";
			showEnvVarsInLog = 0;
		};
		4FE8DB8B6AC67FD4795ACFA4 /* [CP] Check Pods Manifest.lock */ = {
			isa = PBXShellScriptBuildPhase;
			buildActionMask = 2147483647;
			files = (
			);
			inputFileListPaths = (
			);
			inputPaths = (
				"${PODS_PODFILE_DIR_PATH}/Podfile.lock",
				"${PODS_ROOT}/Manifest.lock",
			);
			name = "[CP] Check Pods Manifest.lock";
			outputFileListPaths = (
			);
			outputPaths = (
				"$(DERIVED_FILE_DIR)/Pods-UITestsKIF-checkManifestLockResult.txt",
			);
			runOnlyForDeploymentPostprocessing = 0;
			shellPath = /bin/sh;
			shellScript = "diff \"${PODS_PODFILE_DIR_PATH}/Podfile.lock\" \"${PODS_ROOT}/Manifest.lock\" > /dev/null\nif [ $? != 0 ] ; then\n    # print error to STDERR\n    echo \"error: The sandbox is not in sync with the Podfile.lock. Run 'pod install' or update your CocoaPods installation.\" >&2\n    exit 1\nfi\n# This output is used by Xcode 'outputs' to avoid re-running this script phase.\necho \"SUCCESS\" > \"${SCRIPT_OUTPUT_FILE_0}\"\n";
			showEnvVarsInLog = 0;
		};
		5A73CA6B23B65CBA436BF78C /* [CP] Embed Pods Frameworks */ = {
			isa = PBXShellScriptBuildPhase;
			buildActionMask = 2147483647;
			files = (
			);
			inputFileListPaths = (
				"${PODS_ROOT}/Target Support Files/Pods-UnitTests/Pods-UnitTests-frameworks-${CONFIGURATION}-input-files.xcfilelist",
			);
			name = "[CP] Embed Pods Frameworks";
			outputFileListPaths = (
				"${PODS_ROOT}/Target Support Files/Pods-UnitTests/Pods-UnitTests-frameworks-${CONFIGURATION}-output-files.xcfilelist",
			);
			runOnlyForDeploymentPostprocessing = 0;
			shellPath = /bin/sh;
			shellScript = "\"${PODS_ROOT}/Target Support Files/Pods-UnitTests/Pods-UnitTests-frameworks.sh\"\n";
			showEnvVarsInLog = 0;
		};
		9040C5322302B89300CB18B1 /* Run Sourcery */ = {
			isa = PBXShellScriptBuildPhase;
			buildActionMask = 2147483647;
			files = (
			);
			inputFileListPaths = (
			);
			inputPaths = (
			);
			name = "Run Sourcery";
			outputFileListPaths = (
			);
			outputPaths = (
			);
			runOnlyForDeploymentPostprocessing = 0;
			shellPath = /bin/sh;
			shellScript = "./Pods/Sourcery/bin/sourcery\n";
		};
		939327406FA4DD0A5A9C0438 /* [CP] Embed Pods Frameworks */ = {
			isa = PBXShellScriptBuildPhase;
			buildActionMask = 2147483647;
			files = (
			);
			inputFileListPaths = (
				"${PODS_ROOT}/Target Support Files/Pods-DemoViper/Pods-DemoViper-frameworks-${CONFIGURATION}-input-files.xcfilelist",
			);
			name = "[CP] Embed Pods Frameworks";
			outputFileListPaths = (
				"${PODS_ROOT}/Target Support Files/Pods-DemoViper/Pods-DemoViper-frameworks-${CONFIGURATION}-output-files.xcfilelist",
			);
			runOnlyForDeploymentPostprocessing = 0;
			shellPath = /bin/sh;
			shellScript = "\"${PODS_ROOT}/Target Support Files/Pods-DemoViper/Pods-DemoViper-frameworks.sh\"\n";
			showEnvVarsInLog = 0;
		};
		9CED58F86451839D811573AE /* [CP] Embed Pods Frameworks */ = {
			isa = PBXShellScriptBuildPhase;
			buildActionMask = 2147483647;
			files = (
			);
			inputFileListPaths = (
				"${PODS_ROOT}/Target Support Files/Pods-UITests/Pods-UITests-frameworks-${CONFIGURATION}-input-files.xcfilelist",
			);
			name = "[CP] Embed Pods Frameworks";
			outputFileListPaths = (
				"${PODS_ROOT}/Target Support Files/Pods-UITests/Pods-UITests-frameworks-${CONFIGURATION}-output-files.xcfilelist",
			);
			runOnlyForDeploymentPostprocessing = 0;
			shellPath = /bin/sh;
			shellScript = "\"${PODS_ROOT}/Target Support Files/Pods-UITests/Pods-UITests-frameworks.sh\"\n";
			showEnvVarsInLog = 0;
		};
		DFA1C4B2F4F14ACC2F414031 /* [CP] Check Pods Manifest.lock */ = {
			isa = PBXShellScriptBuildPhase;
			buildActionMask = 2147483647;
			files = (
			);
			inputFileListPaths = (
			);
			inputPaths = (
				"${PODS_PODFILE_DIR_PATH}/Podfile.lock",
				"${PODS_ROOT}/Manifest.lock",
			);
			name = "[CP] Check Pods Manifest.lock";
			outputFileListPaths = (
			);
			outputPaths = (
				"$(DERIVED_FILE_DIR)/Pods-DemoViper-checkManifestLockResult.txt",
			);
			runOnlyForDeploymentPostprocessing = 0;
			shellPath = /bin/sh;
			shellScript = "diff \"${PODS_PODFILE_DIR_PATH}/Podfile.lock\" \"${PODS_ROOT}/Manifest.lock\" > /dev/null\nif [ $? != 0 ] ; then\n    # print error to STDERR\n    echo \"error: The sandbox is not in sync with the Podfile.lock. Run 'pod install' or update your CocoaPods installation.\" >&2\n    exit 1\nfi\n# This output is used by Xcode 'outputs' to avoid re-running this script phase.\necho \"SUCCESS\" > \"${SCRIPT_OUTPUT_FILE_0}\"\n";
			showEnvVarsInLog = 0;
		};
/* End PBXShellScriptBuildPhase section */

/* Begin PBXSourcesBuildPhase section */
		226D5DCF25A702F200BCEEE2 /* Sources */ = {
			isa = PBXSourcesBuildPhase;
			buildActionMask = 2147483647;
			files = (
				226D5ED225A71F9500BCEEE2 /* ListReposUISpecs.swift in Sources */,
				2241496D25B81C9600EF3470 /* ListRepos.swift in Sources */,
				22B8640925AD6B110081F3F4 /* GeneralUIFlows.swift in Sources */,
				22B8641925AD9E500081F3F4 /* KIFTestActor+Setup.swift in Sources */,
				2287C67625AEC74B00BD94B7 /* QuickSpec+Setup.swift in Sources */,
				2241496425B81C8F00EF3470 /* IdentifierProvidable.swift in Sources */,
				22B863DE25AD45ED0081F3F4 /* DetailRepoUISpecs.swift in Sources */,
				226D5ED425A71F9500BCEEE2 /* XCTestActor+KIF.swift in Sources */,
				226D5ED325A71F9500BCEEE2 /* TimeInterval+Timeout.swift in Sources */,
				2241496E25B81C9600EF3470 /* General.swift in Sources */,
				22B863E425AD51000081F3F4 /* KIFTestActor+Ultilities.swift in Sources */,
				2241496C25B81C9600EF3470 /* DetailRepo.swift in Sources */,
				226D5ED525A71F9500BCEEE2 /* XCTestCase+KIF.swift in Sources */,
				22B8640325AD69EA0081F3F4 /* DetailRepoUIFlows.swift in Sources */,
				2241497E25B81C9E00EF3470 /* RepoCellItem.swift in Sources */,
				22B863F925AD594C0081F3F4 /* ListRepoUIFlows.swift in Sources */,
				2241497425B81C9A00EF3470 /* Identifier+TypeAlias.swift in Sources */,
			);
			runOnlyForDeploymentPostprocessing = 0;
		};
		9EE85C1222FE955F000FC3D6 /* Sources */ = {
			isa = PBXSourcesBuildPhase;
			buildActionMask = 2147483647;
			files = (
				224148B225B6D41300EF3470 /* UIView+AccessibilitySettable.swift in Sources */,
				9030EF1C231380A800377A3B /* RepoModule.swift in Sources */,
				9040C5352302BACC00CB18B1 /* Repo.swift in Sources */,
				9040C4E92302899A00CB18B1 /* TargetType.swift in Sources */,
				9040C4F72302976700CB18B1 /* Network.swift in Sources */,
				9030EF20231380A800377A3B /* RepoRouter.swift in Sources */,
				22B8634225AC0B920081F3F4 /* UIViewController+Identifier.swift in Sources */,
				904CB5B6233368290017BD6F /* ReposViewItem.swift in Sources */,
				9040C5252302A6BB00CB18B1 /* ReposViewController.swift in Sources */,
				9040C5292302A6BB00CB18B1 /* ReposPresenter.swift in Sources */,
				9040C4D7230283D600CB18B1 /* Interactor.swift in Sources */,
				9030EF18231380A800377A3B /* RepoViewController.swift in Sources */,
				9040C5242302A6BB00CB18B1 /* ReposModule.swift in Sources */,
				9040C5212302A6BB00CB18B1 /* ReposRouter.swift in Sources */,
				2241498525B81D1500EF3470 /* AccessibilitySettable.swift in Sources */,
				2241495725B81C5600EF3470 /* General.swift in Sources */,
				2241495825B81C5600EF3470 /* DetailRepo.swift in Sources */,
				9040C4D5230283D600CB18B1 /* Entity.swift in Sources */,
				9040C4F9230297B100CB18B1 /* Services.swift in Sources */,
				2241495525B81C5600EF3470 /* IdentifierProvidable.swift in Sources */,
				9040C4D9230283D600CB18B1 /* Presenter.swift in Sources */,
				224148B325B6D41300EF3470 /* UIBarButtonItem+AccessibilitySettable.swift in Sources */,
				2241495A25B81C5600EF3470 /* RepoCellItem.swift in Sources */,
				9040C4E82302899A00CB18B1 /* HTTPMethod.swift in Sources */,
				9030EF14231380A800377A3B /* RepoViewItem.swift in Sources */,
				9040C4E62302899A00CB18B1 /* HTTPTask.swift in Sources */,
				9EE85C1C22FE955F000FC3D6 /* RootRouter.swift in Sources */,
				9030EF1E231380A800377A3B /* RepoInteractor.swift in Sources */,
				9040C4F5230289DC00CB18B1 /* ImageNetwork.swift in Sources */,
				9040C5282302A6BB00CB18B1 /* ReposInteractor.swift in Sources */,
				9040C4F3230289DC00CB18B1 /* RepoTarget.swift in Sources */,
				2241495925B81C5600EF3470 /* Identifier+TypeAlias.swift in Sources */,
				9030EF13231380A800377A3B /* Owner.swift in Sources */,
				2241495625B81C5600EF3470 /* ListRepos.swift in Sources */,
				9040C4D6230283D600CB18B1 /* Router.swift in Sources */,
				9040C4F4230289DC00CB18B1 /* ImageTarget.swift in Sources */,
				9030EF17231380A800377A3B /* RepoPresenter.swift in Sources */,
				9040C4EA2302899A00CB18B1 /* NetworkRouter.swift in Sources */,
				9040C4F2230289DC00CB18B1 /* RepoNetwork.swift in Sources */,
				9040C4D8230283D600CB18B1 /* Module.swift in Sources */,
				9EE85C1A22FE955F000FC3D6 /* AppDelegate.swift in Sources */,
				9040C4D4230283D600CB18B1 /* View.swift in Sources */,
				9040C4E72302899A00CB18B1 /* NetworkError.swift in Sources */,
				9030EF12231380A800377A3B /* Info.swift in Sources */,
			);
			runOnlyForDeploymentPostprocessing = 0;
		};
		9EE85C2622FE955F000FC3D6 /* Sources */ = {
			isa = PBXSourcesBuildPhase;
			buildActionMask = 2147483647;
			files = (
				9040C5402302C19F00CB18B1 /* ReposViewControllerTests.swift in Sources */,
				9040C53F2302C19F00CB18B1 /* ReposRouterTests.swift in Sources */,
				9E88BC3E22FE9A77009E4386 /* AutoMockable.generated.swift in Sources */,
				90739A34230BD3FE006C1F22 /* SpyNavigationController.swift in Sources */,
				9040C5412302C19F00CB18B1 /* ReposModuleTests.swift in Sources */,
				9040C5432302C19F00CB18B1 /* ReposPresenterTests.swift in Sources */,
				9040C5422302C19F00CB18B1 /* ReposInteractorTests.swift in Sources */,
			);
			runOnlyForDeploymentPostprocessing = 0;
		};
		9EE85C3122FE955F000FC3D6 /* Sources */ = {
			isa = PBXSourcesBuildPhase;
			buildActionMask = 2147483647;
			files = (
				2287C69125AEDFFD00BD94B7 /* ListRepoUISpecs.swift in Sources */,
				2241497325B81C9900EF3470 /* Identifier+TypeAlias.swift in Sources */,
				2287C67125AEC6DB00BD94B7 /* QuickSpec+Setup.swift in Sources */,
				2287C79B25AEF21F00BD94B7 /* GeneralUIFlows.swift in Sources */,
				2287C77F25AEEF9800BD94B7 /* TimeInterval+Timeout.swift in Sources */,
				2241496325B81C8F00EF3470 /* IdentifierProvidable.swift in Sources */,
				2287C66B25AEC58600BD94B7 /* DetailRepoUISpecs.swift in Sources */,
				2287C7A125AEF33D00BD94B7 /* XCUIApplication+Ultilities.swift in Sources */,
				2241496A25B81C9500EF3470 /* ListRepos.swift in Sources */,
				2241496B25B81C9500EF3470 /* General.swift in Sources */,
				2287C63F25AEB4E200BD94B7 /* XCTest+Setup.swift in Sources */,
				2241496925B81C9500EF3470 /* DetailRepo.swift in Sources */,
				2287C79525AEF21800BD94B7 /* DetailRepoUIFlows.swift in Sources */,
				2287C78F25AEF20B00BD94B7 /* ListRepoUIFlows.swift in Sources */,
				2241497925B81C9E00EF3470 /* RepoCellItem.swift in Sources */,
			);
			runOnlyForDeploymentPostprocessing = 0;
		};
/* End PBXSourcesBuildPhase section */

/* Begin PBXTargetDependency section */
		226D5DD925A702F200BCEEE2 /* PBXTargetDependency */ = {
			isa = PBXTargetDependency;
			target = 9EE85C1522FE955F000FC3D6 /* DemoViper */;
			targetProxy = 226D5DD825A702F200BCEEE2 /* PBXContainerItemProxy */;
		};
		9EE85C2C22FE955F000FC3D6 /* PBXTargetDependency */ = {
			isa = PBXTargetDependency;
			target = 9EE85C1522FE955F000FC3D6 /* DemoViper */;
			targetProxy = 9EE85C2B22FE955F000FC3D6 /* PBXContainerItemProxy */;
		};
		9EE85C3722FE955F000FC3D6 /* PBXTargetDependency */ = {
			isa = PBXTargetDependency;
			target = 9EE85C1522FE955F000FC3D6 /* DemoViper */;
			targetProxy = 9EE85C3622FE955F000FC3D6 /* PBXContainerItemProxy */;
		};
/* End PBXTargetDependency section */

/* Begin PBXVariantGroup section */
		9EE85C2222FE955F000FC3D6 /* LaunchScreen.storyboard */ = {
			isa = PBXVariantGroup;
			children = (
				9EE85C2322FE955F000FC3D6 /* Base */,
			);
			name = LaunchScreen.storyboard;
			sourceTree = "<group>";
		};
/* End PBXVariantGroup section */

/* Begin XCBuildConfiguration section */
		226D5DDB25A702F200BCEEE2 /* Debug */ = {
			isa = XCBuildConfiguration;
			baseConfigurationReference = F29250264192A6122029D0C9 /* Pods-UITestsKIF.debug.xcconfig */;
			buildSettings = {
				ALWAYS_EMBED_SWIFT_STANDARD_LIBRARIES = "$(inherited)";
				BUNDLE_LOADER = "$(TEST_HOST)";
				CLANG_ENABLE_MODULES = YES;
				CLANG_WARN_QUOTED_INCLUDE_IN_FRAMEWORK_HEADER = YES;
				CODE_SIGN_STYLE = Automatic;
				DEVELOPMENT_TEAM = 4TWS7E2EPE;
				INFOPLIST_FILE = DemoViperUITestsKIF/Info.plist;
				IPHONEOS_DEPLOYMENT_TARGET = 14.3;
				LD_RUNPATH_SEARCH_PATHS = (
					"$(inherited)",
					"@executable_path/Frameworks",
					"@loader_path/Frameworks",
				);
				OTHER_LDFLAGS = "$(inherited)";
				PRODUCT_BUNDLE_IDENTIFIER = com.nimblehq.DemoViperUITestsKIF;
				PRODUCT_NAME = "$(TARGET_NAME)";
				SWIFT_OBJC_BRIDGING_HEADER = "";
				SWIFT_OPTIMIZATION_LEVEL = "-Onone";
				SWIFT_VERSION = 5.0;
				TARGETED_DEVICE_FAMILY = "1,2";
				TEST_HOST = "$(BUILT_PRODUCTS_DIR)/DemoViper.app/DemoViper";
			};
			name = Debug;
		};
		226D5DDC25A702F200BCEEE2 /* Release */ = {
			isa = XCBuildConfiguration;
			baseConfigurationReference = 4DD74F45239DC908068F8F75 /* Pods-UITestsKIF.release.xcconfig */;
			buildSettings = {
				ALWAYS_EMBED_SWIFT_STANDARD_LIBRARIES = "$(inherited)";
				BUNDLE_LOADER = "$(TEST_HOST)";
				CLANG_ENABLE_MODULES = YES;
				CLANG_WARN_QUOTED_INCLUDE_IN_FRAMEWORK_HEADER = YES;
				CODE_SIGN_STYLE = Automatic;
				DEVELOPMENT_TEAM = 4TWS7E2EPE;
				INFOPLIST_FILE = DemoViperUITestsKIF/Info.plist;
				IPHONEOS_DEPLOYMENT_TARGET = 14.3;
				LD_RUNPATH_SEARCH_PATHS = (
					"$(inherited)",
					"@executable_path/Frameworks",
					"@loader_path/Frameworks",
				);
				OTHER_LDFLAGS = "$(inherited)";
				PRODUCT_BUNDLE_IDENTIFIER = com.nimblehq.DemoViperUITestsKIF;
				PRODUCT_NAME = "$(TARGET_NAME)";
				SWIFT_OBJC_BRIDGING_HEADER = "";
				SWIFT_VERSION = 5.0;
				TARGETED_DEVICE_FAMILY = "1,2";
				TEST_HOST = "$(BUILT_PRODUCTS_DIR)/DemoViper.app/DemoViper";
			};
			name = Release;
		};
		9EE85C3C22FE955F000FC3D6 /* Debug */ = {
			isa = XCBuildConfiguration;
			buildSettings = {
				ALWAYS_SEARCH_USER_PATHS = NO;
				CLANG_ANALYZER_NONNULL = YES;
				CLANG_ANALYZER_NUMBER_OBJECT_CONVERSION = YES_AGGRESSIVE;
				CLANG_CXX_LANGUAGE_STANDARD = "gnu++14";
				CLANG_CXX_LIBRARY = "libc++";
				CLANG_ENABLE_MODULES = YES;
				CLANG_ENABLE_OBJC_ARC = YES;
				CLANG_ENABLE_OBJC_WEAK = YES;
				CLANG_WARN_BLOCK_CAPTURE_AUTORELEASING = YES;
				CLANG_WARN_BOOL_CONVERSION = YES;
				CLANG_WARN_COMMA = YES;
				CLANG_WARN_CONSTANT_CONVERSION = YES;
				CLANG_WARN_DEPRECATED_OBJC_IMPLEMENTATIONS = YES;
				CLANG_WARN_DIRECT_OBJC_ISA_USAGE = YES_ERROR;
				CLANG_WARN_DOCUMENTATION_COMMENTS = YES;
				CLANG_WARN_EMPTY_BODY = YES;
				CLANG_WARN_ENUM_CONVERSION = YES;
				CLANG_WARN_INFINITE_RECURSION = YES;
				CLANG_WARN_INT_CONVERSION = YES;
				CLANG_WARN_NON_LITERAL_NULL_CONVERSION = YES;
				CLANG_WARN_OBJC_IMPLICIT_RETAIN_SELF = YES;
				CLANG_WARN_OBJC_LITERAL_CONVERSION = YES;
				CLANG_WARN_OBJC_ROOT_CLASS = YES_ERROR;
				CLANG_WARN_RANGE_LOOP_ANALYSIS = YES;
				CLANG_WARN_STRICT_PROTOTYPES = YES;
				CLANG_WARN_SUSPICIOUS_MOVE = YES;
				CLANG_WARN_UNGUARDED_AVAILABILITY = YES_AGGRESSIVE;
				CLANG_WARN_UNREACHABLE_CODE = YES;
				CLANG_WARN__DUPLICATE_METHOD_MATCH = YES;
				CODE_SIGN_IDENTITY = "iPhone Developer";
				COPY_PHASE_STRIP = NO;
				DEBUG_INFORMATION_FORMAT = dwarf;
				ENABLE_STRICT_OBJC_MSGSEND = YES;
				ENABLE_TESTABILITY = YES;
				GCC_C_LANGUAGE_STANDARD = gnu11;
				GCC_DYNAMIC_NO_PIC = NO;
				GCC_NO_COMMON_BLOCKS = YES;
				GCC_OPTIMIZATION_LEVEL = 0;
				GCC_PREPROCESSOR_DEFINITIONS = (
					"DEBUG=1",
					"$(inherited)",
				);
				GCC_WARN_64_TO_32_BIT_CONVERSION = YES;
				GCC_WARN_ABOUT_RETURN_TYPE = YES_ERROR;
				GCC_WARN_UNDECLARED_SELECTOR = YES;
				GCC_WARN_UNINITIALIZED_AUTOS = YES_AGGRESSIVE;
				GCC_WARN_UNUSED_FUNCTION = YES;
				GCC_WARN_UNUSED_VARIABLE = YES;
				IPHONEOS_DEPLOYMENT_TARGET = 12.4;
				MTL_ENABLE_DEBUG_INFO = INCLUDE_SOURCE;
				MTL_FAST_MATH = YES;
				ONLY_ACTIVE_ARCH = YES;
				SDKROOT = iphoneos;
				SWIFT_ACTIVE_COMPILATION_CONDITIONS = DEBUG;
				SWIFT_OPTIMIZATION_LEVEL = "-Onone";
			};
			name = Debug;
		};
		9EE85C3D22FE955F000FC3D6 /* Release */ = {
			isa = XCBuildConfiguration;
			buildSettings = {
				ALWAYS_SEARCH_USER_PATHS = NO;
				CLANG_ANALYZER_NONNULL = YES;
				CLANG_ANALYZER_NUMBER_OBJECT_CONVERSION = YES_AGGRESSIVE;
				CLANG_CXX_LANGUAGE_STANDARD = "gnu++14";
				CLANG_CXX_LIBRARY = "libc++";
				CLANG_ENABLE_MODULES = YES;
				CLANG_ENABLE_OBJC_ARC = YES;
				CLANG_ENABLE_OBJC_WEAK = YES;
				CLANG_WARN_BLOCK_CAPTURE_AUTORELEASING = YES;
				CLANG_WARN_BOOL_CONVERSION = YES;
				CLANG_WARN_COMMA = YES;
				CLANG_WARN_CONSTANT_CONVERSION = YES;
				CLANG_WARN_DEPRECATED_OBJC_IMPLEMENTATIONS = YES;
				CLANG_WARN_DIRECT_OBJC_ISA_USAGE = YES_ERROR;
				CLANG_WARN_DOCUMENTATION_COMMENTS = YES;
				CLANG_WARN_EMPTY_BODY = YES;
				CLANG_WARN_ENUM_CONVERSION = YES;
				CLANG_WARN_INFINITE_RECURSION = YES;
				CLANG_WARN_INT_CONVERSION = YES;
				CLANG_WARN_NON_LITERAL_NULL_CONVERSION = YES;
				CLANG_WARN_OBJC_IMPLICIT_RETAIN_SELF = YES;
				CLANG_WARN_OBJC_LITERAL_CONVERSION = YES;
				CLANG_WARN_OBJC_ROOT_CLASS = YES_ERROR;
				CLANG_WARN_RANGE_LOOP_ANALYSIS = YES;
				CLANG_WARN_STRICT_PROTOTYPES = YES;
				CLANG_WARN_SUSPICIOUS_MOVE = YES;
				CLANG_WARN_UNGUARDED_AVAILABILITY = YES_AGGRESSIVE;
				CLANG_WARN_UNREACHABLE_CODE = YES;
				CLANG_WARN__DUPLICATE_METHOD_MATCH = YES;
				CODE_SIGN_IDENTITY = "iPhone Developer";
				COPY_PHASE_STRIP = NO;
				DEBUG_INFORMATION_FORMAT = "dwarf-with-dsym";
				ENABLE_NS_ASSERTIONS = NO;
				ENABLE_STRICT_OBJC_MSGSEND = YES;
				GCC_C_LANGUAGE_STANDARD = gnu11;
				GCC_NO_COMMON_BLOCKS = YES;
				GCC_WARN_64_TO_32_BIT_CONVERSION = YES;
				GCC_WARN_ABOUT_RETURN_TYPE = YES_ERROR;
				GCC_WARN_UNDECLARED_SELECTOR = YES;
				GCC_WARN_UNINITIALIZED_AUTOS = YES_AGGRESSIVE;
				GCC_WARN_UNUSED_FUNCTION = YES;
				GCC_WARN_UNUSED_VARIABLE = YES;
				IPHONEOS_DEPLOYMENT_TARGET = 12.4;
				MTL_ENABLE_DEBUG_INFO = NO;
				MTL_FAST_MATH = YES;
				SDKROOT = iphoneos;
				SWIFT_COMPILATION_MODE = wholemodule;
				SWIFT_OPTIMIZATION_LEVEL = "-O";
				VALIDATE_PRODUCT = YES;
			};
			name = Release;
		};
		9EE85C3F22FE955F000FC3D6 /* Debug */ = {
			isa = XCBuildConfiguration;
			baseConfigurationReference = F177D12269DEABBD32D8BD49 /* Pods-DemoViper.debug.xcconfig */;
			buildSettings = {
				ASSETCATALOG_COMPILER_APPICON_NAME = AppIcon;
				CODE_SIGN_STYLE = Manual;
				DEVELOPMENT_TEAM = "";
				INFOPLIST_FILE = "$(SRCROOT)/DemoViper/Supporting Files/Info.plist";
				LD_RUNPATH_SEARCH_PATHS = (
					"$(inherited)",
					"@executable_path/Frameworks",
				);
				PRODUCT_BUNDLE_IDENTIFIER = co.nimblehq.DemoViper;
				PRODUCT_NAME = "$(TARGET_NAME)";
				PROVISIONING_PROFILE_SPECIFIER = "";
				SWIFT_VERSION = 5.0;
				TARGETED_DEVICE_FAMILY = "1,2";
			};
			name = Debug;
		};
		9EE85C4022FE955F000FC3D6 /* Release */ = {
			isa = XCBuildConfiguration;
			baseConfigurationReference = 78697A0BEB815917F110928E /* Pods-DemoViper.release.xcconfig */;
			buildSettings = {
				ASSETCATALOG_COMPILER_APPICON_NAME = AppIcon;
				CODE_SIGN_STYLE = Manual;
				DEVELOPMENT_TEAM = "";
				INFOPLIST_FILE = "$(SRCROOT)/DemoViper/Supporting Files/Info.plist";
				LD_RUNPATH_SEARCH_PATHS = (
					"$(inherited)",
					"@executable_path/Frameworks",
				);
				PRODUCT_BUNDLE_IDENTIFIER = co.nimblehq.DemoViper;
				PRODUCT_NAME = "$(TARGET_NAME)";
				PROVISIONING_PROFILE_SPECIFIER = "";
				SWIFT_VERSION = 5.0;
				TARGETED_DEVICE_FAMILY = "1,2";
			};
			name = Release;
		};
		9EE85C4222FE955F000FC3D6 /* Debug */ = {
			isa = XCBuildConfiguration;
			baseConfigurationReference = F98244DC02BC8AD6D28FBE8B /* Pods-UnitTests.debug.xcconfig */;
			buildSettings = {
				ALWAYS_EMBED_SWIFT_STANDARD_LIBRARIES = "$(inherited)";
				BUNDLE_LOADER = "$(TEST_HOST)";
				CODE_SIGN_STYLE = Automatic;
				INFOPLIST_FILE = DemoViperTests/Info.plist;
				LD_RUNPATH_SEARCH_PATHS = (
					"$(inherited)",
					"@executable_path/Frameworks",
					"@loader_path/Frameworks",
				);
				PRODUCT_BUNDLE_IDENTIFIER = co.nimblehq.DemoViperTests;
				PRODUCT_NAME = "$(TARGET_NAME)";
				SWIFT_VERSION = 5.0;
				TARGETED_DEVICE_FAMILY = "1,2";
				TEST_HOST = "$(BUILT_PRODUCTS_DIR)/DemoViper.app/DemoViper";
			};
			name = Debug;
		};
		9EE85C4322FE955F000FC3D6 /* Release */ = {
			isa = XCBuildConfiguration;
			baseConfigurationReference = 2DBDF1E707F2710BB2C907D0 /* Pods-UnitTests.release.xcconfig */;
			buildSettings = {
				ALWAYS_EMBED_SWIFT_STANDARD_LIBRARIES = "$(inherited)";
				BUNDLE_LOADER = "$(TEST_HOST)";
				CODE_SIGN_STYLE = Automatic;
				INFOPLIST_FILE = DemoViperTests/Info.plist;
				LD_RUNPATH_SEARCH_PATHS = (
					"$(inherited)",
					"@executable_path/Frameworks",
					"@loader_path/Frameworks",
				);
				PRODUCT_BUNDLE_IDENTIFIER = co.nimblehq.DemoViperTests;
				PRODUCT_NAME = "$(TARGET_NAME)";
				SWIFT_VERSION = 5.0;
				TARGETED_DEVICE_FAMILY = "1,2";
				TEST_HOST = "$(BUILT_PRODUCTS_DIR)/DemoViper.app/DemoViper";
			};
			name = Release;
		};
		9EE85C4522FE955F000FC3D6 /* Debug */ = {
			isa = XCBuildConfiguration;
			baseConfigurationReference = 92B40A4E35B5AFBF118C143A /* Pods-UITests.debug.xcconfig */;
			buildSettings = {
				ALWAYS_EMBED_SWIFT_STANDARD_LIBRARIES = "$(inherited)";
				CODE_SIGN_STYLE = Automatic;
				FRAMEWORK_SEARCH_PATHS = "$(inherited)";
				HEADER_SEARCH_PATHS = "$(inherited)";
				"HEADER_SEARCH_PATHS[arch=*]" = "";
				INFOPLIST_FILE = DemoViperUITests/Info.plist;
				LD_RUNPATH_SEARCH_PATHS = (
					"$(inherited)",
					"@executable_path/Frameworks",
					"@loader_path/Frameworks",
				);
				OTHER_LDFLAGS = "";
				PRODUCT_BUNDLE_IDENTIFIER = co.nimblehq.DemoViperUITests;
				PRODUCT_NAME = "$(TARGET_NAME)";
				SWIFT_VERSION = 5.0;
				TARGETED_DEVICE_FAMILY = "1,2";
				TEST_HOST = "";
				TEST_TARGET_NAME = DemoViper;
			};
			name = Debug;
		};
		9EE85C4622FE955F000FC3D6 /* Release */ = {
			isa = XCBuildConfiguration;
			baseConfigurationReference = 8CA306897D783D546490F612 /* Pods-UITests.release.xcconfig */;
			buildSettings = {
				ALWAYS_EMBED_SWIFT_STANDARD_LIBRARIES = "$(inherited)";
				CODE_SIGN_STYLE = Automatic;
				FRAMEWORK_SEARCH_PATHS = "$(inherited)";
				HEADER_SEARCH_PATHS = "$(inherited)";
				INFOPLIST_FILE = DemoViperUITests/Info.plist;
				LD_RUNPATH_SEARCH_PATHS = (
					"$(inherited)",
					"@executable_path/Frameworks",
					"@loader_path/Frameworks",
				);
				OTHER_LDFLAGS = "";
				PRODUCT_BUNDLE_IDENTIFIER = co.nimblehq.DemoViperUITests;
				PRODUCT_NAME = "$(TARGET_NAME)";
				SWIFT_VERSION = 5.0;
				TARGETED_DEVICE_FAMILY = "1,2";
				TEST_HOST = "";
				TEST_TARGET_NAME = DemoViper;
			};
			name = Release;
		};
/* End XCBuildConfiguration section */

/* Begin XCConfigurationList section */
		226D5DDA25A702F200BCEEE2 /* Build configuration list for PBXNativeTarget "UITestsKIF" */ = {
			isa = XCConfigurationList;
			buildConfigurations = (
				226D5DDB25A702F200BCEEE2 /* Debug */,
				226D5DDC25A702F200BCEEE2 /* Release */,
			);
			defaultConfigurationIsVisible = 0;
			defaultConfigurationName = Release;
		};
		9EE85C1122FE955F000FC3D6 /* Build configuration list for PBXProject "DemoViper" */ = {
			isa = XCConfigurationList;
			buildConfigurations = (
				9EE85C3C22FE955F000FC3D6 /* Debug */,
				9EE85C3D22FE955F000FC3D6 /* Release */,
			);
			defaultConfigurationIsVisible = 0;
			defaultConfigurationName = Release;
		};
		9EE85C3E22FE955F000FC3D6 /* Build configuration list for PBXNativeTarget "DemoViper" */ = {
			isa = XCConfigurationList;
			buildConfigurations = (
				9EE85C3F22FE955F000FC3D6 /* Debug */,
				9EE85C4022FE955F000FC3D6 /* Release */,
			);
			defaultConfigurationIsVisible = 0;
			defaultConfigurationName = Release;
		};
		9EE85C4122FE955F000FC3D6 /* Build configuration list for PBXNativeTarget "UnitTests" */ = {
			isa = XCConfigurationList;
			buildConfigurations = (
				9EE85C4222FE955F000FC3D6 /* Debug */,
				9EE85C4322FE955F000FC3D6 /* Release */,
			);
			defaultConfigurationIsVisible = 0;
			defaultConfigurationName = Release;
		};
		9EE85C4422FE955F000FC3D6 /* Build configuration list for PBXNativeTarget "UITests" */ = {
			isa = XCConfigurationList;
			buildConfigurations = (
				9EE85C4522FE955F000FC3D6 /* Debug */,
				9EE85C4622FE955F000FC3D6 /* Release */,
			);
			defaultConfigurationIsVisible = 0;
			defaultConfigurationName = Release;
		};
/* End XCConfigurationList section */
	};
	rootObject = 9EE85C0E22FE955F000FC3D6 /* Project object */;
}
