// !$*UTF8*$!
{
	archiveVersion = 1;
	classes = {
	};
	objectVersion = 50;
	objects = {

/* Begin PBXBuildFile section */
		900305572301A4B6002A57B6 /* ImageNetwork.swift in Sources */ = {isa = PBXBuildFile; fileRef = 900305562301A4B6002A57B6 /* ImageNetwork.swift */; };
		900305592301A4DB002A57B6 /* ImageTarget.swift in Sources */ = {isa = PBXBuildFile; fileRef = 900305582301A4DB002A57B6 /* ImageTarget.swift */; };
		9003055E2301C2EE002A57B6 /* ReposViewTests.swift in Sources */ = {isa = PBXBuildFile; fileRef = 9003055D2301C2EE002A57B6 /* ReposViewTests.swift */; };
		90203E6B22FD669100496617 /* AppDelegate.swift in Sources */ = {isa = PBXBuildFile; fileRef = 90203E6A22FD669100496617 /* AppDelegate.swift */; };
		90203E7522FD669200496617 /* Assets.xcassets in Resources */ = {isa = PBXBuildFile; fileRef = 90203E7422FD669200496617 /* Assets.xcassets */; };
		90203E7822FD669200496617 /* LaunchScreen.storyboard in Resources */ = {isa = PBXBuildFile; fileRef = 90203E7622FD669200496617 /* LaunchScreen.storyboard */; };
		90203E8E22FD669200496617 /* viperUITests.swift in Sources */ = {isa = PBXBuildFile; fileRef = 90203E8D22FD669200496617 /* viperUITests.swift */; };
		90203EC122FD683100496617 /* RootRouter.swift in Sources */ = {isa = PBXBuildFile; fileRef = 90203EC022FD683100496617 /* RootRouter.swift */; };
		90203EC422FD6B5500496617 /* Entity.swift in Sources */ = {isa = PBXBuildFile; fileRef = 90203EC322FD6B5500496617 /* Entity.swift */; };
		90203EC622FD6B6C00496617 /* View.swift in Sources */ = {isa = PBXBuildFile; fileRef = 90203EC522FD6B6C00496617 /* View.swift */; };
		90203EC822FD6C0100496617 /* Interactor.swift in Sources */ = {isa = PBXBuildFile; fileRef = 90203EC722FD6C0100496617 /* Interactor.swift */; };
		90203ECA22FD6C5200496617 /* Presenter.swift in Sources */ = {isa = PBXBuildFile; fileRef = 90203EC922FD6C5200496617 /* Presenter.swift */; };
		90203ECC22FD6C5E00496617 /* Router.swift in Sources */ = {isa = PBXBuildFile; fileRef = 90203ECB22FD6C5E00496617 /* Router.swift */; };
		90203ECE22FD711500496617 /* Module.swift in Sources */ = {isa = PBXBuildFile; fileRef = 90203ECD22FD711500496617 /* Module.swift */; };
		90358B972300481A00B5871C /* ReposViewController.swift in Sources */ = {isa = PBXBuildFile; fileRef = 90358B952300481A00B5871C /* ReposViewController.swift */; };
		90358B982300481A00B5871C /* ReposViewController.xib in Resources */ = {isa = PBXBuildFile; fileRef = 90358B962300481A00B5871C /* ReposViewController.xib */; };
		90358B9A2300484200B5871C /* ReposViewInput.swift in Sources */ = {isa = PBXBuildFile; fileRef = 90358B992300484200B5871C /* ReposViewInput.swift */; };
		90358B9C2300484A00B5871C /* ReposViewOutput.swift in Sources */ = {isa = PBXBuildFile; fileRef = 90358B9B2300484A00B5871C /* ReposViewOutput.swift */; };
		90358B9E230049B700B5871C /* ReposRouter.swift in Sources */ = {isa = PBXBuildFile; fileRef = 90358B9D230049B700B5871C /* ReposRouter.swift */; };
		90358BA0230049D400B5871C /* ReposRouterInput.swift in Sources */ = {isa = PBXBuildFile; fileRef = 90358B9F230049D400B5871C /* ReposRouterInput.swift */; };
		90358BA223004A0400B5871C /* ReposInteractor.swift in Sources */ = {isa = PBXBuildFile; fileRef = 90358BA123004A0400B5871C /* ReposInteractor.swift */; };
		90358BA423004A1A00B5871C /* ReposInteractorInput.swift in Sources */ = {isa = PBXBuildFile; fileRef = 90358BA323004A1A00B5871C /* ReposInteractorInput.swift */; };
		90358BA623004A2700B5871C /* ReposInteractorOutput.swift in Sources */ = {isa = PBXBuildFile; fileRef = 90358BA523004A2700B5871C /* ReposInteractorOutput.swift */; };
		90358BA823004BDF00B5871C /* ReposPresenter.swift in Sources */ = {isa = PBXBuildFile; fileRef = 90358BA723004BDF00B5871C /* ReposPresenter.swift */; };
		90358BAA23004C3A00B5871C /* ReposModule.swift in Sources */ = {isa = PBXBuildFile; fileRef = 90358BA923004C3A00B5871C /* ReposModule.swift */; };
		90358BAD230082F800B5871C /* Services.swift in Sources */ = {isa = PBXBuildFile; fileRef = 90358BAC230082F800B5871C /* Services.swift */; };
		90358BB32300839C00B5871C /* API.swift in Sources */ = {isa = PBXBuildFile; fileRef = 90358BB22300839C00B5871C /* API.swift */; };
		90358BB72300863F00B5871C /* HTTPTask.swift in Sources */ = {isa = PBXBuildFile; fileRef = 90358BB62300863F00B5871C /* HTTPTask.swift */; };
		90358BB92300865800B5871C /* Mapping.swift in Sources */ = {isa = PBXBuildFile; fileRef = 90358BB82300865800B5871C /* Mapping.swift */; };
		90358BBB2300868900B5871C /* NetworkError.swift in Sources */ = {isa = PBXBuildFile; fileRef = 90358BBA2300868900B5871C /* NetworkError.swift */; };
		90358BBD230086D100B5871C /* NetworkRouter.swift in Sources */ = {isa = PBXBuildFile; fileRef = 90358BBC230086D100B5871C /* NetworkRouter.swift */; };
		90358BBF230086F000B5871C /* TargetType.swift in Sources */ = {isa = PBXBuildFile; fileRef = 90358BBE230086F000B5871C /* TargetType.swift */; };
		90358BC12300870500B5871C /* HTTPMethod.swift in Sources */ = {isa = PBXBuildFile; fileRef = 90358BC02300870500B5871C /* HTTPMethod.swift */; };
		90358BC3230088B700B5871C /* RepoTarget.swift in Sources */ = {isa = PBXBuildFile; fileRef = 90358BC2230088B700B5871C /* RepoTarget.swift */; };
		90358BC52300891D00B5871C /* RepoNetwork.swift in Sources */ = {isa = PBXBuildFile; fileRef = 90358BC42300891D00B5871C /* RepoNetwork.swift */; };
		90358BC723008A8D00B5871C /* Repo.swift in Sources */ = {isa = PBXBuildFile; fileRef = 90358BC623008A8D00B5871C /* Repo.swift */; };
		90358BD0230111B300B5871C /* RepoInteractor.swift in Sources */ = {isa = PBXBuildFile; fileRef = 90358BCF230111B300B5871C /* RepoInteractor.swift */; };
		90358BD2230111D900B5871C /* RepoInteractorInput.swift in Sources */ = {isa = PBXBuildFile; fileRef = 90358BD1230111D900B5871C /* RepoInteractorInput.swift */; };
		90358BD4230111E300B5871C /* RepoInteractorOutput.swift in Sources */ = {isa = PBXBuildFile; fileRef = 90358BD3230111E300B5871C /* RepoInteractorOutput.swift */; };
		90358BD62301153100B5871C /* RepoPresenter.swift in Sources */ = {isa = PBXBuildFile; fileRef = 90358BD52301153100B5871C /* RepoPresenter.swift */; };
		90358BD92301155600B5871C /* RepoViewController.swift in Sources */ = {isa = PBXBuildFile; fileRef = 90358BD72301155600B5871C /* RepoViewController.swift */; };
		90358BDA2301155600B5871C /* RepoViewController.xib in Resources */ = {isa = PBXBuildFile; fileRef = 90358BD82301155600B5871C /* RepoViewController.xib */; };
		90358BDC2301157200B5871C /* RepoViewInput.swift in Sources */ = {isa = PBXBuildFile; fileRef = 90358BDB2301157200B5871C /* RepoViewInput.swift */; };
		90358BDE2301157C00B5871C /* RepoViewOutput.swift in Sources */ = {isa = PBXBuildFile; fileRef = 90358BDD2301157C00B5871C /* RepoViewOutput.swift */; };
		90358BE02301167000B5871C /* RepoRouter.swift in Sources */ = {isa = PBXBuildFile; fileRef = 90358BDF2301167000B5871C /* RepoRouter.swift */; };
		90358BE22301167900B5871C /* RepoRouterInput.swift in Sources */ = {isa = PBXBuildFile; fileRef = 90358BE12301167900B5871C /* RepoRouterInput.swift */; };
		90358BE423011AAC00B5871C /* DetailModule.swift in Sources */ = {isa = PBXBuildFile; fileRef = 90358BE323011AAC00B5871C /* DetailModule.swift */; };
		90358BE62301226400B5871C /* Owner.swift in Sources */ = {isa = PBXBuildFile; fileRef = 90358BE52301226400B5871C /* Owner.swift */; };
		90358BE8230125F900B5871C /* Info.swift in Sources */ = {isa = PBXBuildFile; fileRef = 90358BE7230125F900B5871C /* Info.swift */; };
		90358BEA23012EEB00B5871C /* RepoItem.swift in Sources */ = {isa = PBXBuildFile; fileRef = 90358BE923012EEB00B5871C /* RepoItem.swift */; };
		905A90C92301C79E00D97547 /* ReposPresenterTests.swift in Sources */ = {isa = PBXBuildFile; fileRef = 905A90C82301C79E00D97547 /* ReposPresenterTests.swift */; };
		905A90CF2301D32300D97547 /* ListMocks.swift in Sources */ = {isa = PBXBuildFile; fileRef = 905A90CE2301D32300D97547 /* ListMocks.swift */; };
		905A90D22301D42C00D97547 /* ReposRouterTests.swift in Sources */ = {isa = PBXBuildFile; fileRef = 905A90D12301D42C00D97547 /* ReposRouterTests.swift */; };
		905A90D52301DCC900D97547 /* ReposInteractorTests.swift in Sources */ = {isa = PBXBuildFile; fileRef = 905A90D42301DCC900D97547 /* ReposInteractorTests.swift */; };
		905A90D82301E26500D97547 /* RepoTests.swift in Sources */ = {isa = PBXBuildFile; fileRef = 905A90D72301E26500D97547 /* RepoTests.swift */; };
		905A90DB2301E33A00D97547 /* ReposModuleTests.swift in Sources */ = {isa = PBXBuildFile; fileRef = 905A90DA2301E33A00D97547 /* ReposModuleTests.swift */; };
/* End PBXBuildFile section */

/* Begin PBXContainerItemProxy section */
		90203E7F22FD669200496617 /* PBXContainerItemProxy */ = {
			isa = PBXContainerItemProxy;
			containerPortal = 90203E5F22FD669100496617 /* Project object */;
			proxyType = 1;
			remoteGlobalIDString = 90203E6622FD669100496617;
			remoteInfo = viper;
		};
		90203E8A22FD669200496617 /* PBXContainerItemProxy */ = {
			isa = PBXContainerItemProxy;
			containerPortal = 90203E5F22FD669100496617 /* Project object */;
			proxyType = 1;
			remoteGlobalIDString = 90203E6622FD669100496617;
			remoteInfo = viper;
		};
/* End PBXContainerItemProxy section */

/* Begin PBXFileReference section */
		900305562301A4B6002A57B6 /* ImageNetwork.swift */ = {isa = PBXFileReference; lastKnownFileType = sourcecode.swift; path = ImageNetwork.swift; sourceTree = "<group>"; };
		900305582301A4DB002A57B6 /* ImageTarget.swift */ = {isa = PBXFileReference; lastKnownFileType = sourcecode.swift; path = ImageTarget.swift; sourceTree = "<group>"; };
		9003055C2301C2EE002A57B6 /* viperTests-Bridging-Header.h */ = {isa = PBXFileReference; lastKnownFileType = sourcecode.c.h; path = "viperTests-Bridging-Header.h"; sourceTree = "<group>"; };
		9003055D2301C2EE002A57B6 /* ReposViewTests.swift */ = {isa = PBXFileReference; lastKnownFileType = sourcecode.swift; path = ReposViewTests.swift; sourceTree = "<group>"; };
		90203E6722FD669100496617 /* viper.app */ = {isa = PBXFileReference; explicitFileType = wrapper.application; includeInIndex = 0; path = viper.app; sourceTree = BUILT_PRODUCTS_DIR; };
		90203E6A22FD669100496617 /* AppDelegate.swift */ = {isa = PBXFileReference; lastKnownFileType = sourcecode.swift; path = AppDelegate.swift; sourceTree = "<group>"; };
		90203E7422FD669200496617 /* Assets.xcassets */ = {isa = PBXFileReference; lastKnownFileType = folder.assetcatalog; path = Assets.xcassets; sourceTree = "<group>"; };
		90203E7722FD669200496617 /* Base */ = {isa = PBXFileReference; lastKnownFileType = file.storyboard; name = Base; path = Base.lproj/LaunchScreen.storyboard; sourceTree = "<group>"; };
		90203E7922FD669200496617 /* Info.plist */ = {isa = PBXFileReference; lastKnownFileType = text.plist.xml; path = Info.plist; sourceTree = "<group>"; };
		90203E7E22FD669200496617 /* viperTests.xctest */ = {isa = PBXFileReference; explicitFileType = wrapper.cfbundle; includeInIndex = 0; path = viperTests.xctest; sourceTree = BUILT_PRODUCTS_DIR; };
		90203E8422FD669200496617 /* Info.plist */ = {isa = PBXFileReference; lastKnownFileType = text.plist.xml; path = Info.plist; sourceTree = "<group>"; };
		90203E8922FD669200496617 /* viperUITests.xctest */ = {isa = PBXFileReference; explicitFileType = wrapper.cfbundle; includeInIndex = 0; path = viperUITests.xctest; sourceTree = BUILT_PRODUCTS_DIR; };
		90203E8D22FD669200496617 /* viperUITests.swift */ = {isa = PBXFileReference; lastKnownFileType = sourcecode.swift; path = viperUITests.swift; sourceTree = "<group>"; };
		90203E8F22FD669200496617 /* Info.plist */ = {isa = PBXFileReference; lastKnownFileType = text.plist.xml; path = Info.plist; sourceTree = "<group>"; };
		90203EC022FD683100496617 /* RootRouter.swift */ = {isa = PBXFileReference; lastKnownFileType = sourcecode.swift; path = RootRouter.swift; sourceTree = "<group>"; };
		90203EC322FD6B5500496617 /* Entity.swift */ = {isa = PBXFileReference; lastKnownFileType = sourcecode.swift; path = Entity.swift; sourceTree = "<group>"; };
		90203EC522FD6B6C00496617 /* View.swift */ = {isa = PBXFileReference; lastKnownFileType = sourcecode.swift; path = View.swift; sourceTree = "<group>"; };
		90203EC722FD6C0100496617 /* Interactor.swift */ = {isa = PBXFileReference; lastKnownFileType = sourcecode.swift; path = Interactor.swift; sourceTree = "<group>"; };
		90203EC922FD6C5200496617 /* Presenter.swift */ = {isa = PBXFileReference; lastKnownFileType = sourcecode.swift; path = Presenter.swift; sourceTree = "<group>"; };
		90203ECB22FD6C5E00496617 /* Router.swift */ = {isa = PBXFileReference; lastKnownFileType = sourcecode.swift; path = Router.swift; sourceTree = "<group>"; };
		90203ECD22FD711500496617 /* Module.swift */ = {isa = PBXFileReference; lastKnownFileType = sourcecode.swift; path = Module.swift; sourceTree = "<group>"; };
		90358B952300481A00B5871C /* ReposViewController.swift */ = {isa = PBXFileReference; lastKnownFileType = sourcecode.swift; path = ReposViewController.swift; sourceTree = "<group>"; };
		90358B962300481A00B5871C /* ReposViewController.xib */ = {isa = PBXFileReference; lastKnownFileType = file.xib; path = ReposViewController.xib; sourceTree = "<group>"; };
		90358B992300484200B5871C /* ReposViewInput.swift */ = {isa = PBXFileReference; lastKnownFileType = sourcecode.swift; path = ReposViewInput.swift; sourceTree = "<group>"; };
		90358B9B2300484A00B5871C /* ReposViewOutput.swift */ = {isa = PBXFileReference; lastKnownFileType = sourcecode.swift; path = ReposViewOutput.swift; sourceTree = "<group>"; };
		90358B9D230049B700B5871C /* ReposRouter.swift */ = {isa = PBXFileReference; lastKnownFileType = sourcecode.swift; path = ReposRouter.swift; sourceTree = "<group>"; };
		90358B9F230049D400B5871C /* ReposRouterInput.swift */ = {isa = PBXFileReference; lastKnownFileType = sourcecode.swift; path = ReposRouterInput.swift; sourceTree = "<group>"; };
		90358BA123004A0400B5871C /* ReposInteractor.swift */ = {isa = PBXFileReference; lastKnownFileType = sourcecode.swift; path = ReposInteractor.swift; sourceTree = "<group>"; };
		90358BA323004A1A00B5871C /* ReposInteractorInput.swift */ = {isa = PBXFileReference; lastKnownFileType = sourcecode.swift; path = ReposInteractorInput.swift; sourceTree = "<group>"; };
		90358BA523004A2700B5871C /* ReposInteractorOutput.swift */ = {isa = PBXFileReference; lastKnownFileType = sourcecode.swift; path = ReposInteractorOutput.swift; sourceTree = "<group>"; };
		90358BA723004BDF00B5871C /* ReposPresenter.swift */ = {isa = PBXFileReference; lastKnownFileType = sourcecode.swift; path = ReposPresenter.swift; sourceTree = "<group>"; };
		90358BA923004C3A00B5871C /* ReposModule.swift */ = {isa = PBXFileReference; lastKnownFileType = sourcecode.swift; path = ReposModule.swift; sourceTree = "<group>"; };
		90358BAC230082F800B5871C /* Services.swift */ = {isa = PBXFileReference; lastKnownFileType = sourcecode.swift; path = Services.swift; sourceTree = "<group>"; };
		90358BB22300839C00B5871C /* API.swift */ = {isa = PBXFileReference; lastKnownFileType = sourcecode.swift; path = API.swift; sourceTree = "<group>"; };
		90358BB62300863F00B5871C /* HTTPTask.swift */ = {isa = PBXFileReference; lastKnownFileType = sourcecode.swift; path = HTTPTask.swift; sourceTree = "<group>"; };
		90358BB82300865800B5871C /* Mapping.swift */ = {isa = PBXFileReference; lastKnownFileType = sourcecode.swift; path = Mapping.swift; sourceTree = "<group>"; };
		90358BBA2300868900B5871C /* NetworkError.swift */ = {isa = PBXFileReference; lastKnownFileType = sourcecode.swift; path = NetworkError.swift; sourceTree = "<group>"; };
		90358BBC230086D100B5871C /* NetworkRouter.swift */ = {isa = PBXFileReference; lastKnownFileType = sourcecode.swift; path = NetworkRouter.swift; sourceTree = "<group>"; };
		90358BBE230086F000B5871C /* TargetType.swift */ = {isa = PBXFileReference; lastKnownFileType = sourcecode.swift; path = TargetType.swift; sourceTree = "<group>"; };
		90358BC02300870500B5871C /* HTTPMethod.swift */ = {isa = PBXFileReference; lastKnownFileType = sourcecode.swift; path = HTTPMethod.swift; sourceTree = "<group>"; };
		90358BC2230088B700B5871C /* RepoTarget.swift */ = {isa = PBXFileReference; lastKnownFileType = sourcecode.swift; path = RepoTarget.swift; sourceTree = "<group>"; };
		90358BC42300891D00B5871C /* RepoNetwork.swift */ = {isa = PBXFileReference; lastKnownFileType = sourcecode.swift; path = RepoNetwork.swift; sourceTree = "<group>"; };
		90358BC623008A8D00B5871C /* Repo.swift */ = {isa = PBXFileReference; lastKnownFileType = sourcecode.swift; path = Repo.swift; sourceTree = "<group>"; };
		90358BCF230111B300B5871C /* RepoInteractor.swift */ = {isa = PBXFileReference; lastKnownFileType = sourcecode.swift; path = RepoInteractor.swift; sourceTree = "<group>"; };
		90358BD1230111D900B5871C /* RepoInteractorInput.swift */ = {isa = PBXFileReference; lastKnownFileType = sourcecode.swift; path = RepoInteractorInput.swift; sourceTree = "<group>"; };
		90358BD3230111E300B5871C /* RepoInteractorOutput.swift */ = {isa = PBXFileReference; lastKnownFileType = sourcecode.swift; path = RepoInteractorOutput.swift; sourceTree = "<group>"; };
		90358BD52301153100B5871C /* RepoPresenter.swift */ = {isa = PBXFileReference; lastKnownFileType = sourcecode.swift; path = RepoPresenter.swift; sourceTree = "<group>"; };
		90358BD72301155600B5871C /* RepoViewController.swift */ = {isa = PBXFileReference; lastKnownFileType = sourcecode.swift; path = RepoViewController.swift; sourceTree = "<group>"; };
		90358BD82301155600B5871C /* RepoViewController.xib */ = {isa = PBXFileReference; lastKnownFileType = file.xib; path = RepoViewController.xib; sourceTree = "<group>"; };
		90358BDB2301157200B5871C /* RepoViewInput.swift */ = {isa = PBXFileReference; lastKnownFileType = sourcecode.swift; path = RepoViewInput.swift; sourceTree = "<group>"; };
		90358BDD2301157C00B5871C /* RepoViewOutput.swift */ = {isa = PBXFileReference; lastKnownFileType = sourcecode.swift; path = RepoViewOutput.swift; sourceTree = "<group>"; };
		90358BDF2301167000B5871C /* RepoRouter.swift */ = {isa = PBXFileReference; lastKnownFileType = sourcecode.swift; path = RepoRouter.swift; sourceTree = "<group>"; };
		90358BE12301167900B5871C /* RepoRouterInput.swift */ = {isa = PBXFileReference; lastKnownFileType = sourcecode.swift; path = RepoRouterInput.swift; sourceTree = "<group>"; };
		90358BE323011AAC00B5871C /* DetailModule.swift */ = {isa = PBXFileReference; lastKnownFileType = sourcecode.swift; path = DetailModule.swift; sourceTree = "<group>"; };
		90358BE52301226400B5871C /* Owner.swift */ = {isa = PBXFileReference; lastKnownFileType = sourcecode.swift; path = Owner.swift; sourceTree = "<group>"; };
		90358BE7230125F900B5871C /* Info.swift */ = {isa = PBXFileReference; lastKnownFileType = sourcecode.swift; path = Info.swift; sourceTree = "<group>"; };
		90358BE923012EEB00B5871C /* RepoItem.swift */ = {isa = PBXFileReference; lastKnownFileType = sourcecode.swift; path = RepoItem.swift; sourceTree = "<group>"; };
		905A90C82301C79E00D97547 /* ReposPresenterTests.swift */ = {isa = PBXFileReference; lastKnownFileType = sourcecode.swift; path = ReposPresenterTests.swift; sourceTree = "<group>"; };
		905A90CE2301D32300D97547 /* ListMocks.swift */ = {isa = PBXFileReference; lastKnownFileType = sourcecode.swift; path = ListMocks.swift; sourceTree = "<group>"; };
		905A90D12301D42C00D97547 /* ReposRouterTests.swift */ = {isa = PBXFileReference; lastKnownFileType = sourcecode.swift; path = ReposRouterTests.swift; sourceTree = "<group>"; };
		905A90D42301DCC900D97547 /* ReposInteractorTests.swift */ = {isa = PBXFileReference; lastKnownFileType = sourcecode.swift; path = ReposInteractorTests.swift; sourceTree = "<group>"; };
		905A90D72301E26500D97547 /* RepoTests.swift */ = {isa = PBXFileReference; lastKnownFileType = sourcecode.swift; path = RepoTests.swift; sourceTree = "<group>"; };
		905A90DA2301E33A00D97547 /* ReposModuleTests.swift */ = {isa = PBXFileReference; lastKnownFileType = sourcecode.swift; path = ReposModuleTests.swift; sourceTree = "<group>"; };
/* End PBXFileReference section */

/* Begin PBXFrameworksBuildPhase section */
		90203E6422FD669100496617 /* Frameworks */ = {
			isa = PBXFrameworksBuildPhase;
			buildActionMask = 2147483647;
			files = (
			);
			runOnlyForDeploymentPostprocessing = 0;
		};
		90203E7B22FD669200496617 /* Frameworks */ = {
			isa = PBXFrameworksBuildPhase;
			buildActionMask = 2147483647;
			files = (
			);
			runOnlyForDeploymentPostprocessing = 0;
		};
		90203E8622FD669200496617 /* Frameworks */ = {
			isa = PBXFrameworksBuildPhase;
			buildActionMask = 2147483647;
			files = (
			);
			runOnlyForDeploymentPostprocessing = 0;
		};
/* End PBXFrameworksBuildPhase section */

/* Begin PBXGroup section */
		900305552301A49B002A57B6 /* Image */ = {
			isa = PBXGroup;
			children = (
				900305562301A4B6002A57B6 /* ImageNetwork.swift */,
				900305582301A4DB002A57B6 /* ImageTarget.swift */,
			);
			path = Image;
			sourceTree = "<group>";
		};
		9003055A2301C2AC002A57B6 /* Modules */ = {
			isa = PBXGroup;
			children = (
				9003055B2301C2D8002A57B6 /* List */,
			);
			path = Modules;
			sourceTree = "<group>";
		};
		9003055B2301C2D8002A57B6 /* List */ = {
			isa = PBXGroup;
			children = (
				905A90D92301E30400D97547 /* Module */,
				905A90CA2301C81100D97547 /* View */,
				905A90CB2301C81800D97547 /* Presenter */,
				905A90D02301D3E700D97547 /* Router */,
				905A90D32301DCBA00D97547 /* Interactor */,
				905A90D62301E23600D97547 /* Entity */,
			);
			path = List;
			sourceTree = "<group>";
		};
		9003055F2301C319002A57B6 /* Supporting Files */ = {
			isa = PBXGroup;
			children = (
				9003055C2301C2EE002A57B6 /* viperTests-Bridging-Header.h */,
				90203E8422FD669200496617 /* Info.plist */,
			);
			path = "Supporting Files";
			sourceTree = "<group>";
		};
		90203E5E22FD669100496617 = {
			isa = PBXGroup;
			children = (
				90203E6922FD669100496617 /* viper */,
				90203E8122FD669200496617 /* viperTests */,
				90203E8C22FD669200496617 /* viperUITests */,
				90203E6822FD669100496617 /* Products */,
			);
			sourceTree = "<group>";
		};
		90203E6822FD669100496617 /* Products */ = {
			isa = PBXGroup;
			children = (
				90203E6722FD669100496617 /* viper.app */,
				90203E7E22FD669200496617 /* viperTests.xctest */,
				90203E8922FD669200496617 /* viperUITests.xctest */,
			);
			name = Products;
			sourceTree = "<group>";
		};
		90203E6922FD669100496617 /* viper */ = {
			isa = PBXGroup;
			children = (
				90203E9E22FD675E00496617 /* Sources */,
				90203E9C22FD66FB00496617 /* Resources */,
				90203E9B22FD66DB00496617 /* Supporting Files */,
			);
			path = viper;
			sourceTree = "<group>";
		};
		90203E8122FD669200496617 /* viperTests */ = {
			isa = PBXGroup;
			children = (
				905A90CD2301D2FF00D97547 /* Mock */,
				9003055A2301C2AC002A57B6 /* Modules */,
				9003055F2301C319002A57B6 /* Supporting Files */,
			);
			path = viperTests;
			sourceTree = "<group>";
		};
		90203E8C22FD669200496617 /* viperUITests */ = {
			isa = PBXGroup;
			children = (
				90203E8D22FD669200496617 /* viperUITests.swift */,
				90203E8F22FD669200496617 /* Info.plist */,
			);
			path = viperUITests;
			sourceTree = "<group>";
		};
		90203E9B22FD66DB00496617 /* Supporting Files */ = {
			isa = PBXGroup;
			children = (
				90203E7922FD669200496617 /* Info.plist */,
			);
			path = "Supporting Files";
			sourceTree = "<group>";
		};
		90203E9C22FD66FB00496617 /* Resources */ = {
			isa = PBXGroup;
			children = (
				90203E7622FD669200496617 /* LaunchScreen.storyboard */,
				90203E7422FD669200496617 /* Assets.xcassets */,
			);
			path = Resources;
			sourceTree = "<group>";
		};
		90203E9E22FD675E00496617 /* Sources */ = {
			isa = PBXGroup;
			children = (
				90203E9F22FD679000496617 /* AppDelegate */,
				90203EA022FD679A00496617 /* Modules */,
				90358BAB2300825200B5871C /* Services */,
				90203EC222FD6B0700496617 /* VIPER */,
			);
			path = Sources;
			sourceTree = "<group>";
		};
		90203E9F22FD679000496617 /* AppDelegate */ = {
			isa = PBXGroup;
			children = (
				90203E6A22FD669100496617 /* AppDelegate.swift */,
				90203EC022FD683100496617 /* RootRouter.swift */,
			);
			path = AppDelegate;
			sourceTree = "<group>";
		};
		90203EA022FD679A00496617 /* Modules */ = {
			isa = PBXGroup;
			children = (
				90358B8D230046DA00B5871C /* List */,
				90358BC8230110FF00B5871C /* Detail */,
			);
			path = Modules;
			sourceTree = "<group>";
		};
		90203EC222FD6B0700496617 /* VIPER */ = {
			isa = PBXGroup;
			children = (
				90203EC522FD6B6C00496617 /* View.swift */,
				90203EC722FD6C0100496617 /* Interactor.swift */,
				90203EC922FD6C5200496617 /* Presenter.swift */,
				90203EC322FD6B5500496617 /* Entity.swift */,
				90203ECB22FD6C5E00496617 /* Router.swift */,
				90203ECD22FD711500496617 /* Module.swift */,
			);
			path = VIPER;
			sourceTree = "<group>";
		};
		90358B8D230046DA00B5871C /* List */ = {
			isa = PBXGroup;
			children = (
				90358B8E230047B100B5871C /* Module */,
				90358B92230047C800B5871C /* View */,
				90358B8F230047B600B5871C /* Router */,
				90358B93230047CC00B5871C /* Presenter */,
				90358B90230047BD00B5871C /* Interactor */,
				90358B94230047D100B5871C /* Entity */,
			);
			path = List;
			sourceTree = "<group>";
		};
		90358B8E230047B100B5871C /* Module */ = {
			isa = PBXGroup;
			children = (
				90358BA923004C3A00B5871C /* ReposModule.swift */,
			);
			path = Module;
			sourceTree = "<group>";
		};
		90358B8F230047B600B5871C /* Router */ = {
			isa = PBXGroup;
			children = (
				90358B9D230049B700B5871C /* ReposRouter.swift */,
				90358B9F230049D400B5871C /* ReposRouterInput.swift */,
			);
			path = Router;
			sourceTree = "<group>";
		};
		90358B90230047BD00B5871C /* Interactor */ = {
			isa = PBXGroup;
			children = (
				90358BA123004A0400B5871C /* ReposInteractor.swift */,
				90358BA323004A1A00B5871C /* ReposInteractorInput.swift */,
				90358BA523004A2700B5871C /* ReposInteractorOutput.swift */,
			);
			path = Interactor;
			sourceTree = "<group>";
		};
		90358B92230047C800B5871C /* View */ = {
			isa = PBXGroup;
			children = (
				90358B952300481A00B5871C /* ReposViewController.swift */,
				90358B962300481A00B5871C /* ReposViewController.xib */,
				90358B992300484200B5871C /* ReposViewInput.swift */,
				90358B9B2300484A00B5871C /* ReposViewOutput.swift */,
			);
			path = View;
			sourceTree = "<group>";
		};
		90358B93230047CC00B5871C /* Presenter */ = {
			isa = PBXGroup;
			children = (
				90358BA723004BDF00B5871C /* ReposPresenter.swift */,
			);
			path = Presenter;
			sourceTree = "<group>";
		};
		90358B94230047D100B5871C /* Entity */ = {
			isa = PBXGroup;
			children = (
				90358BC623008A8D00B5871C /* Repo.swift */,
			);
			path = Entity;
			sourceTree = "<group>";
		};
		90358BAB2300825200B5871C /* Services */ = {
			isa = PBXGroup;
			children = (
				90358BAE2300835600B5871C /* API */,
				90358BAC230082F800B5871C /* Services.swift */,
			);
			path = Services;
			sourceTree = "<group>";
		};
		90358BAE2300835600B5871C /* API */ = {
			isa = PBXGroup;
			children = (
				900305552301A49B002A57B6 /* Image */,
				90358BB52300863300B5871C /* Core */,
				90358BB42300850A00B5871C /* Repo */,
				90358BB22300839C00B5871C /* API.swift */,
			);
			path = API;
			sourceTree = "<group>";
		};
		90358BB42300850A00B5871C /* Repo */ = {
			isa = PBXGroup;
			children = (
				90358BC2230088B700B5871C /* RepoTarget.swift */,
				90358BC42300891D00B5871C /* RepoNetwork.swift */,
			);
			path = Repo;
			sourceTree = "<group>";
		};
		90358BB52300863300B5871C /* Core */ = {
			isa = PBXGroup;
			children = (
				90358BC02300870500B5871C /* HTTPMethod.swift */,
				90358BB62300863F00B5871C /* HTTPTask.swift */,
				90358BB82300865800B5871C /* Mapping.swift */,
				90358BBA2300868900B5871C /* NetworkError.swift */,
				90358BBC230086D100B5871C /* NetworkRouter.swift */,
				90358BBE230086F000B5871C /* TargetType.swift */,
			);
			path = Core;
			sourceTree = "<group>";
		};
		90358BC8230110FF00B5871C /* Detail */ = {
			isa = PBXGroup;
			children = (
				90358BCE2301112900B5871C /* Module */,
				90358BCB2301111400B5871C /* View */,
				90358BCC2301111800B5871C /* Router */,
				90358BCD2301111E00B5871C /* Presenter */,
				90358BCA2301110E00B5871C /* Interactor */,
				90358BC92301110600B5871C /* Entity */,
			);
			path = Detail;
			sourceTree = "<group>";
		};
		90358BC92301110600B5871C /* Entity */ = {
			isa = PBXGroup;
			children = (
				90358BE52301226400B5871C /* Owner.swift */,
				90358BE7230125F900B5871C /* Info.swift */,
			);
			path = Entity;
			sourceTree = "<group>";
		};
		90358BCA2301110E00B5871C /* Interactor */ = {
			isa = PBXGroup;
			children = (
				90358BCF230111B300B5871C /* RepoInteractor.swift */,
				90358BD1230111D900B5871C /* RepoInteractorInput.swift */,
				90358BD3230111E300B5871C /* RepoInteractorOutput.swift */,
			);
			path = Interactor;
			sourceTree = "<group>";
		};
		90358BCB2301111400B5871C /* View */ = {
			isa = PBXGroup;
			children = (
				90358BD72301155600B5871C /* RepoViewController.swift */,
				90358BD82301155600B5871C /* RepoViewController.xib */,
				90358BDB2301157200B5871C /* RepoViewInput.swift */,
				90358BDD2301157C00B5871C /* RepoViewOutput.swift */,
			);
			path = View;
			sourceTree = "<group>";
		};
		90358BCC2301111800B5871C /* Router */ = {
			isa = PBXGroup;
			children = (
				90358BDF2301167000B5871C /* RepoRouter.swift */,
				90358BE12301167900B5871C /* RepoRouterInput.swift */,
			);
			path = Router;
			sourceTree = "<group>";
		};
		90358BCD2301111E00B5871C /* Presenter */ = {
			isa = PBXGroup;
			children = (
				90358BD52301153100B5871C /* RepoPresenter.swift */,
				90358BE923012EEB00B5871C /* RepoItem.swift */,
			);
			path = Presenter;
			sourceTree = "<group>";
		};
		90358BCE2301112900B5871C /* Module */ = {
			isa = PBXGroup;
			children = (
				90358BE323011AAC00B5871C /* DetailModule.swift */,
			);
			path = Module;
			sourceTree = "<group>";
		};
		905A90CA2301C81100D97547 /* View */ = {
			isa = PBXGroup;
			children = (
				9003055D2301C2EE002A57B6 /* ReposViewTests.swift */,
			);
			path = View;
			sourceTree = "<group>";
		};
		905A90CB2301C81800D97547 /* Presenter */ = {
			isa = PBXGroup;
			children = (
				905A90C82301C79E00D97547 /* ReposPresenterTests.swift */,
			);
			path = Presenter;
			sourceTree = "<group>";
		};
		905A90CD2301D2FF00D97547 /* Mock */ = {
			isa = PBXGroup;
			children = (
				905A90CE2301D32300D97547 /* ListMocks.swift */,
			);
			path = Mock;
			sourceTree = "<group>";
		};
		905A90D02301D3E700D97547 /* Router */ = {
			isa = PBXGroup;
			children = (
				905A90D12301D42C00D97547 /* ReposRouterTests.swift */,
			);
			path = Router;
			sourceTree = "<group>";
		};
		905A90D32301DCBA00D97547 /* Interactor */ = {
			isa = PBXGroup;
			children = (
				905A90D42301DCC900D97547 /* ReposInteractorTests.swift */,
			);
			path = Interactor;
			sourceTree = "<group>";
		};
		905A90D62301E23600D97547 /* Entity */ = {
			isa = PBXGroup;
			children = (
				905A90D72301E26500D97547 /* RepoTests.swift */,
			);
			path = Entity;
			sourceTree = "<group>";
		};
		905A90D92301E30400D97547 /* Module */ = {
			isa = PBXGroup;
			children = (
				905A90DA2301E33A00D97547 /* ReposModuleTests.swift */,
			);
			path = Module;
			sourceTree = "<group>";
		};
/* End PBXGroup section */

/* Begin PBXNativeTarget section */
		90203E6622FD669100496617 /* viper */ = {
			isa = PBXNativeTarget;
			buildConfigurationList = 90203E9222FD669200496617 /* Build configuration list for PBXNativeTarget "viper" */;
			buildPhases = (
				90203E6322FD669100496617 /* Sources */,
				90203E6422FD669100496617 /* Frameworks */,
				90203E6522FD669100496617 /* Resources */,
			);
			buildRules = (
			);
			dependencies = (
			);
			name = viper;
			productName = viper;
			productReference = 90203E6722FD669100496617 /* viper.app */;
			productType = "com.apple.product-type.application";
		};
		90203E7D22FD669200496617 /* viperTests */ = {
			isa = PBXNativeTarget;
			buildConfigurationList = 90203E9522FD669200496617 /* Build configuration list for PBXNativeTarget "viperTests" */;
			buildPhases = (
				90203E7A22FD669200496617 /* Sources */,
				90203E7B22FD669200496617 /* Frameworks */,
				90203E7C22FD669200496617 /* Resources */,
			);
			buildRules = (
			);
			dependencies = (
				90203E8022FD669200496617 /* PBXTargetDependency */,
			);
			name = viperTests;
			productName = viperTests;
			productReference = 90203E7E22FD669200496617 /* viperTests.xctest */;
			productType = "com.apple.product-type.bundle.unit-test";
		};
		90203E8822FD669200496617 /* viperUITests */ = {
			isa = PBXNativeTarget;
			buildConfigurationList = 90203E9822FD669200496617 /* Build configuration list for PBXNativeTarget "viperUITests" */;
			buildPhases = (
				90203E8522FD669200496617 /* Sources */,
				90203E8622FD669200496617 /* Frameworks */,
				90203E8722FD669200496617 /* Resources */,
			);
			buildRules = (
			);
			dependencies = (
				90203E8B22FD669200496617 /* PBXTargetDependency */,
			);
			name = viperUITests;
			productName = viperUITests;
			productReference = 90203E8922FD669200496617 /* viperUITests.xctest */;
			productType = "com.apple.product-type.bundle.ui-testing";
		};
/* End PBXNativeTarget section */

/* Begin PBXProject section */
		90203E5F22FD669100496617 /* Project object */ = {
			isa = PBXProject;
			attributes = {
				LastSwiftUpdateCheck = 1030;
				LastUpgradeCheck = 1030;
				ORGANIZATIONNAME = Nimble;
				TargetAttributes = {
					90203E6622FD669100496617 = {
						CreatedOnToolsVersion = 10.3;
					};
					90203E7D22FD669200496617 = {
						CreatedOnToolsVersion = 10.3;
						LastSwiftMigration = 1030;
						TestTargetID = 90203E6622FD669100496617;
					};
					90203E8822FD669200496617 = {
						CreatedOnToolsVersion = 10.3;
						TestTargetID = 90203E6622FD669100496617;
					};
				};
			};
			buildConfigurationList = 90203E6222FD669100496617 /* Build configuration list for PBXProject "viper" */;
			compatibilityVersion = "Xcode 9.3";
			developmentRegion = en;
			hasScannedForEncodings = 0;
			knownRegions = (
				en,
				Base,
			);
			mainGroup = 90203E5E22FD669100496617;
			productRefGroup = 90203E6822FD669100496617 /* Products */;
			projectDirPath = "";
			projectRoot = "";
			targets = (
				90203E6622FD669100496617 /* viper */,
				90203E7D22FD669200496617 /* viperTests */,
				90203E8822FD669200496617 /* viperUITests */,
			);
		};
/* End PBXProject section */

/* Begin PBXResourcesBuildPhase section */
		90203E6522FD669100496617 /* Resources */ = {
			isa = PBXResourcesBuildPhase;
			buildActionMask = 2147483647;
			files = (
				90358BDA2301155600B5871C /* RepoViewController.xib in Resources */,
				90358B982300481A00B5871C /* ReposViewController.xib in Resources */,
				90203E7822FD669200496617 /* LaunchScreen.storyboard in Resources */,
				90203E7522FD669200496617 /* Assets.xcassets in Resources */,
			);
			runOnlyForDeploymentPostprocessing = 0;
		};
		90203E7C22FD669200496617 /* Resources */ = {
			isa = PBXResourcesBuildPhase;
			buildActionMask = 2147483647;
			files = (
			);
			runOnlyForDeploymentPostprocessing = 0;
		};
		90203E8722FD669200496617 /* Resources */ = {
			isa = PBXResourcesBuildPhase;
			buildActionMask = 2147483647;
			files = (
			);
			runOnlyForDeploymentPostprocessing = 0;
		};
/* End PBXResourcesBuildPhase section */

/* Begin PBXSourcesBuildPhase section */
		90203E6322FD669100496617 /* Sources */ = {
			isa = PBXSourcesBuildPhase;
			buildActionMask = 2147483647;
			files = (
				90358BA623004A2700B5871C /* ReposInteractorOutput.swift in Sources */,
				90358BD0230111B300B5871C /* RepoInteractor.swift in Sources */,
				90358B972300481A00B5871C /* ReposViewController.swift in Sources */,
				90358BBF230086F000B5871C /* TargetType.swift in Sources */,
				90203EC622FD6B6C00496617 /* View.swift in Sources */,
				90203ECA22FD6C5200496617 /* Presenter.swift in Sources */,
				900305592301A4DB002A57B6 /* ImageTarget.swift in Sources */,
				90358BD62301153100B5871C /* RepoPresenter.swift in Sources */,
				90358BA223004A0400B5871C /* ReposInteractor.swift in Sources */,
				90358B9C2300484A00B5871C /* ReposViewOutput.swift in Sources */,
				90358BC3230088B700B5871C /* RepoTarget.swift in Sources */,
				90358BBD230086D100B5871C /* NetworkRouter.swift in Sources */,
				90203ECC22FD6C5E00496617 /* Router.swift in Sources */,
				90203EC422FD6B5500496617 /* Entity.swift in Sources */,
				900305572301A4B6002A57B6 /* ImageNetwork.swift in Sources */,
				90358BA823004BDF00B5871C /* ReposPresenter.swift in Sources */,
				90358BE423011AAC00B5871C /* DetailModule.swift in Sources */,
				90358BA423004A1A00B5871C /* ReposInteractorInput.swift in Sources */,
				90203E6B22FD669100496617 /* AppDelegate.swift in Sources */,
				90203EC822FD6C0100496617 /* Interactor.swift in Sources */,
				90358BD92301155600B5871C /* RepoViewController.swift in Sources */,
				90358BBB2300868900B5871C /* NetworkError.swift in Sources */,
				90358BB92300865800B5871C /* Mapping.swift in Sources */,
				90203ECE22FD711500496617 /* Module.swift in Sources */,
				90358BC52300891D00B5871C /* RepoNetwork.swift in Sources */,
				90358BD4230111E300B5871C /* RepoInteractorOutput.swift in Sources */,
				90358BE02301167000B5871C /* RepoRouter.swift in Sources */,
				90358BD2230111D900B5871C /* RepoInteractorInput.swift in Sources */,
				90358BE8230125F900B5871C /* Info.swift in Sources */,
				90358BAD230082F800B5871C /* Services.swift in Sources */,
				90358BAA23004C3A00B5871C /* ReposModule.swift in Sources */,
				90358BB32300839C00B5871C /* API.swift in Sources */,
				90358BA0230049D400B5871C /* ReposRouterInput.swift in Sources */,
				90358BB72300863F00B5871C /* HTTPTask.swift in Sources */,
				90358BC12300870500B5871C /* HTTPMethod.swift in Sources */,
				90358BE62301226400B5871C /* Owner.swift in Sources */,
				90358BDC2301157200B5871C /* RepoViewInput.swift in Sources */,
				90203EC122FD683100496617 /* RootRouter.swift in Sources */,
				90358BC723008A8D00B5871C /* Repo.swift in Sources */,
				90358BDE2301157C00B5871C /* RepoViewOutput.swift in Sources */,
				90358BE22301167900B5871C /* RepoRouterInput.swift in Sources */,
				90358B9E230049B700B5871C /* ReposRouter.swift in Sources */,
				90358B9A2300484200B5871C /* ReposViewInput.swift in Sources */,
				90358BEA23012EEB00B5871C /* RepoItem.swift in Sources */,
			);
			runOnlyForDeploymentPostprocessing = 0;
		};
		90203E7A22FD669200496617 /* Sources */ = {
			isa = PBXSourcesBuildPhase;
			buildActionMask = 2147483647;
			files = (
				905A90DB2301E33A00D97547 /* ReposModuleTests.swift in Sources */,
				905A90C92301C79E00D97547 /* ReposPresenterTests.swift in Sources */,
				905A90D82301E26500D97547 /* RepoTests.swift in Sources */,
				905A90CF2301D32300D97547 /* ListMocks.swift in Sources */,
				905A90D22301D42C00D97547 /* ReposRouterTests.swift in Sources */,
				9003055E2301C2EE002A57B6 /* ReposViewTests.swift in Sources */,
				905A90D52301DCC900D97547 /* ReposInteractorTests.swift in Sources */,
			);
			runOnlyForDeploymentPostprocessing = 0;
		};
		90203E8522FD669200496617 /* Sources */ = {
			isa = PBXSourcesBuildPhase;
			buildActionMask = 2147483647;
			files = (
				90203E8E22FD669200496617 /* viperUITests.swift in Sources */,
			);
			runOnlyForDeploymentPostprocessing = 0;
		};
/* End PBXSourcesBuildPhase section */

/* Begin PBXTargetDependency section */
		90203E8022FD669200496617 /* PBXTargetDependency */ = {
			isa = PBXTargetDependency;
			target = 90203E6622FD669100496617 /* viper */;
			targetProxy = 90203E7F22FD669200496617 /* PBXContainerItemProxy */;
		};
		90203E8B22FD669200496617 /* PBXTargetDependency */ = {
			isa = PBXTargetDependency;
			target = 90203E6622FD669100496617 /* viper */;
			targetProxy = 90203E8A22FD669200496617 /* PBXContainerItemProxy */;
		};
/* End PBXTargetDependency section */

/* Begin PBXVariantGroup section */
		90203E7622FD669200496617 /* LaunchScreen.storyboard */ = {
			isa = PBXVariantGroup;
			children = (
				90203E7722FD669200496617 /* Base */,
			);
			name = LaunchScreen.storyboard;
			sourceTree = "<group>";
		};
/* End PBXVariantGroup section */

/* Begin XCBuildConfiguration section */
		90203E9022FD669200496617 /* Debug */ = {
			isa = XCBuildConfiguration;
			buildSettings = {
				ALWAYS_SEARCH_USER_PATHS = NO;
				CLANG_ANALYZER_NONNULL = YES;
				CLANG_ANALYZER_NUMBER_OBJECT_CONVERSION = YES_AGGRESSIVE;
				CLANG_CXX_LANGUAGE_STANDARD = "gnu++14";
				CLANG_CXX_LIBRARY = "libc++";
				CLANG_ENABLE_MODULES = YES;
				CLANG_ENABLE_OBJC_ARC = YES;
				CLANG_ENABLE_OBJC_WEAK = YES;
				CLANG_WARN_BLOCK_CAPTURE_AUTORELEASING = YES;
				CLANG_WARN_BOOL_CONVERSION = YES;
				CLANG_WARN_COMMA = YES;
				CLANG_WARN_CONSTANT_CONVERSION = YES;
				CLANG_WARN_DEPRECATED_OBJC_IMPLEMENTATIONS = YES;
				CLANG_WARN_DIRECT_OBJC_ISA_USAGE = YES_ERROR;
				CLANG_WARN_DOCUMENTATION_COMMENTS = YES;
				CLANG_WARN_EMPTY_BODY = YES;
				CLANG_WARN_ENUM_CONVERSION = YES;
				CLANG_WARN_INFINITE_RECURSION = YES;
				CLANG_WARN_INT_CONVERSION = YES;
				CLANG_WARN_NON_LITERAL_NULL_CONVERSION = YES;
				CLANG_WARN_OBJC_IMPLICIT_RETAIN_SELF = YES;
				CLANG_WARN_OBJC_LITERAL_CONVERSION = YES;
				CLANG_WARN_OBJC_ROOT_CLASS = YES_ERROR;
				CLANG_WARN_RANGE_LOOP_ANALYSIS = YES;
				CLANG_WARN_STRICT_PROTOTYPES = YES;
				CLANG_WARN_SUSPICIOUS_MOVE = YES;
				CLANG_WARN_UNGUARDED_AVAILABILITY = YES_AGGRESSIVE;
				CLANG_WARN_UNREACHABLE_CODE = YES;
				CLANG_WARN__DUPLICATE_METHOD_MATCH = YES;
				CODE_SIGN_IDENTITY = "iPhone Developer";
				COPY_PHASE_STRIP = NO;
				DEBUG_INFORMATION_FORMAT = dwarf;
				ENABLE_STRICT_OBJC_MSGSEND = YES;
				ENABLE_TESTABILITY = YES;
				GCC_C_LANGUAGE_STANDARD = gnu11;
				GCC_DYNAMIC_NO_PIC = NO;
				GCC_NO_COMMON_BLOCKS = YES;
				GCC_OPTIMIZATION_LEVEL = 0;
				GCC_PREPROCESSOR_DEFINITIONS = (
					"DEBUG=1",
					"$(inherited)",
				);
				GCC_WARN_64_TO_32_BIT_CONVERSION = YES;
				GCC_WARN_ABOUT_RETURN_TYPE = YES_ERROR;
				GCC_WARN_UNDECLARED_SELECTOR = YES;
				GCC_WARN_UNINITIALIZED_AUTOS = YES_AGGRESSIVE;
				GCC_WARN_UNUSED_FUNCTION = YES;
				GCC_WARN_UNUSED_VARIABLE = YES;
				IPHONEOS_DEPLOYMENT_TARGET = 12.4;
				MTL_ENABLE_DEBUG_INFO = INCLUDE_SOURCE;
				MTL_FAST_MATH = YES;
				ONLY_ACTIVE_ARCH = YES;
				SDKROOT = iphoneos;
				SWIFT_ACTIVE_COMPILATION_CONDITIONS = DEBUG;
				SWIFT_OPTIMIZATION_LEVEL = "-Onone";
			};
			name = Debug;
		};
		90203E9122FD669200496617 /* Release */ = {
			isa = XCBuildConfiguration;
			buildSettings = {
				ALWAYS_SEARCH_USER_PATHS = NO;
				CLANG_ANALYZER_NONNULL = YES;
				CLANG_ANALYZER_NUMBER_OBJECT_CONVERSION = YES_AGGRESSIVE;
				CLANG_CXX_LANGUAGE_STANDARD = "gnu++14";
				CLANG_CXX_LIBRARY = "libc++";
				CLANG_ENABLE_MODULES = YES;
				CLANG_ENABLE_OBJC_ARC = YES;
				CLANG_ENABLE_OBJC_WEAK = YES;
				CLANG_WARN_BLOCK_CAPTURE_AUTORELEASING = YES;
				CLANG_WARN_BOOL_CONVERSION = YES;
				CLANG_WARN_COMMA = YES;
				CLANG_WARN_CONSTANT_CONVERSION = YES;
				CLANG_WARN_DEPRECATED_OBJC_IMPLEMENTATIONS = YES;
				CLANG_WARN_DIRECT_OBJC_ISA_USAGE = YES_ERROR;
				CLANG_WARN_DOCUMENTATION_COMMENTS = YES;
				CLANG_WARN_EMPTY_BODY = YES;
				CLANG_WARN_ENUM_CONVERSION = YES;
				CLANG_WARN_INFINITE_RECURSION = YES;
				CLANG_WARN_INT_CONVERSION = YES;
				CLANG_WARN_NON_LITERAL_NULL_CONVERSION = YES;
				CLANG_WARN_OBJC_IMPLICIT_RETAIN_SELF = YES;
				CLANG_WARN_OBJC_LITERAL_CONVERSION = YES;
				CLANG_WARN_OBJC_ROOT_CLASS = YES_ERROR;
				CLANG_WARN_RANGE_LOOP_ANALYSIS = YES;
				CLANG_WARN_STRICT_PROTOTYPES = YES;
				CLANG_WARN_SUSPICIOUS_MOVE = YES;
				CLANG_WARN_UNGUARDED_AVAILABILITY = YES_AGGRESSIVE;
				CLANG_WARN_UNREACHABLE_CODE = YES;
				CLANG_WARN__DUPLICATE_METHOD_MATCH = YES;
				CODE_SIGN_IDENTITY = "iPhone Developer";
				COPY_PHASE_STRIP = NO;
				DEBUG_INFORMATION_FORMAT = "dwarf-with-dsym";
				ENABLE_NS_ASSERTIONS = NO;
				ENABLE_STRICT_OBJC_MSGSEND = YES;
				GCC_C_LANGUAGE_STANDARD = gnu11;
				GCC_NO_COMMON_BLOCKS = YES;
				GCC_WARN_64_TO_32_BIT_CONVERSION = YES;
				GCC_WARN_ABOUT_RETURN_TYPE = YES_ERROR;
				GCC_WARN_UNDECLARED_SELECTOR = YES;
				GCC_WARN_UNINITIALIZED_AUTOS = YES_AGGRESSIVE;
				GCC_WARN_UNUSED_FUNCTION = YES;
				GCC_WARN_UNUSED_VARIABLE = YES;
				IPHONEOS_DEPLOYMENT_TARGET = 12.4;
				MTL_ENABLE_DEBUG_INFO = NO;
				MTL_FAST_MATH = YES;
				SDKROOT = iphoneos;
				SWIFT_COMPILATION_MODE = wholemodule;
				SWIFT_OPTIMIZATION_LEVEL = "-O";
				VALIDATE_PRODUCT = YES;
			};
			name = Release;
		};
		90203E9322FD669200496617 /* Debug */ = {
			isa = XCBuildConfiguration;
			buildSettings = {
				ASSETCATALOG_COMPILER_APPICON_NAME = AppIcon;
				CODE_SIGN_STYLE = Automatic;
				INFOPLIST_FILE = "$(SRCROOT)/viper/Supporting Files/Info.plist";
				LD_RUNPATH_SEARCH_PATHS = (
					"$(inherited)",
					"@executable_path/Frameworks",
				);
				PRODUCT_BUNDLE_IDENTIFIER = co.nimblehq.demo.viper;
				PRODUCT_NAME = "$(TARGET_NAME)";
				SWIFT_VERSION = 5.0;
				TARGETED_DEVICE_FAMILY = "1,2";
			};
			name = Debug;
		};
		90203E9422FD669200496617 /* Release */ = {
			isa = XCBuildConfiguration;
			buildSettings = {
				ASSETCATALOG_COMPILER_APPICON_NAME = AppIcon;
				CODE_SIGN_STYLE = Automatic;
				INFOPLIST_FILE = "$(SRCROOT)/viper/Supporting Files/Info.plist";
				LD_RUNPATH_SEARCH_PATHS = (
					"$(inherited)",
					"@executable_path/Frameworks",
				);
				PRODUCT_BUNDLE_IDENTIFIER = co.nimblehq.demo.viper;
				PRODUCT_NAME = "$(TARGET_NAME)";
				SWIFT_VERSION = 5.0;
				TARGETED_DEVICE_FAMILY = "1,2";
			};
			name = Release;
		};
		90203E9622FD669200496617 /* Debug */ = {
			isa = XCBuildConfiguration;
			buildSettings = {
				ALWAYS_EMBED_SWIFT_STANDARD_LIBRARIES = YES;
				BUNDLE_LOADER = "$(TEST_HOST)";
				CLANG_ENABLE_MODULES = YES;
				CODE_SIGN_STYLE = Automatic;
				INFOPLIST_FILE = "viperTests/Supporting Files/Info.plist";
				LD_RUNPATH_SEARCH_PATHS = (
					"$(inherited)",
					"@executable_path/Frameworks",
					"@loader_path/Frameworks",
				);
				PRODUCT_BUNDLE_IDENTIFIER = co.nimblehq.demo.viperTests;
				PRODUCT_NAME = "$(TARGET_NAME)";
				SWIFT_OBJC_BRIDGING_HEADER = "viperTests/Supporting Files/viperTests-Bridging-Header.h";
				SWIFT_OPTIMIZATION_LEVEL = "-Onone";
				SWIFT_VERSION = 5.0;
				TARGETED_DEVICE_FAMILY = "1,2";
				TEST_HOST = "$(BUILT_PRODUCTS_DIR)/viper.app/viper";
			};
			name = Debug;
		};
		90203E9722FD669200496617 /* Release */ = {
			isa = XCBuildConfiguration;
			buildSettings = {
				ALWAYS_EMBED_SWIFT_STANDARD_LIBRARIES = YES;
				BUNDLE_LOADER = "$(TEST_HOST)";
				CLANG_ENABLE_MODULES = YES;
				CODE_SIGN_STYLE = Automatic;
				INFOPLIST_FILE = "viperTests/Supporting Files/Info.plist";
				LD_RUNPATH_SEARCH_PATHS = (
					"$(inherited)",
					"@executable_path/Frameworks",
					"@loader_path/Frameworks",
				);
				PRODUCT_BUNDLE_IDENTIFIER = co.nimblehq.demo.viperTests;
				PRODUCT_NAME = "$(TARGET_NAME)";
				SWIFT_OBJC_BRIDGING_HEADER = "viperTests/Supporting Files/viperTests-Bridging-Header.h";
				SWIFT_VERSION = 5.0;
				TARGETED_DEVICE_FAMILY = "1,2";
				TEST_HOST = "$(BUILT_PRODUCTS_DIR)/viper.app/viper";
			};
			name = Release;
		};
		90203E9922FD669200496617 /* Debug */ = {
			isa = XCBuildConfiguration;
			buildSettings = {
				ALWAYS_EMBED_SWIFT_STANDARD_LIBRARIES = YES;
				CODE_SIGN_STYLE = Automatic;
				INFOPLIST_FILE = viperUITests/Info.plist;
				LD_RUNPATH_SEARCH_PATHS = (
					"$(inherited)",
					"@executable_path/Frameworks",
					"@loader_path/Frameworks",
				);
				PRODUCT_BUNDLE_IDENTIFIER = co.nimblehq.demo.viperUITests;
				PRODUCT_NAME = "$(TARGET_NAME)";
				SWIFT_VERSION = 5.0;
				TARGETED_DEVICE_FAMILY = "1,2";
				TEST_TARGET_NAME = viper;
			};
			name = Debug;
		};
		90203E9A22FD669200496617 /* Release */ = {
			isa = XCBuildConfiguration;
			buildSettings = {
				ALWAYS_EMBED_SWIFT_STANDARD_LIBRARIES = YES;
				CODE_SIGN_STYLE = Automatic;
				INFOPLIST_FILE = viperUITests/Info.plist;
				LD_RUNPATH_SEARCH_PATHS = (
					"$(inherited)",
					"@executable_path/Frameworks",
					"@loader_path/Frameworks",
				);
				PRODUCT_BUNDLE_IDENTIFIER = co.nimblehq.demo.viperUITests;
				PRODUCT_NAME = "$(TARGET_NAME)";
				SWIFT_VERSION = 5.0;
				TARGETED_DEVICE_FAMILY = "1,2";
				TEST_TARGET_NAME = viper;
			};
			name = Release;
		};
/* End XCBuildConfiguration section */

/* Begin XCConfigurationList section */
		90203E6222FD669100496617 /* Build configuration list for PBXProject "viper" */ = {
			isa = XCConfigurationList;
			buildConfigurations = (
				90203E9022FD669200496617 /* Debug */,
				90203E9122FD669200496617 /* Release */,
			);
			defaultConfigurationIsVisible = 0;
			defaultConfigurationName = Release;
		};
		90203E9222FD669200496617 /* Build configuration list for PBXNativeTarget "viper" */ = {
			isa = XCConfigurationList;
			buildConfigurations = (
				90203E9322FD669200496617 /* Debug */,
				90203E9422FD669200496617 /* Release */,
			);
			defaultConfigurationIsVisible = 0;
			defaultConfigurationName = Release;
		};
		90203E9522FD669200496617 /* Build configuration list for PBXNativeTarget "viperTests" */ = {
			isa = XCConfigurationList;
			buildConfigurations = (
				90203E9622FD669200496617 /* Debug */,
				90203E9722FD669200496617 /* Release */,
			);
			defaultConfigurationIsVisible = 0;
			defaultConfigurationName = Release;
		};
		90203E9822FD669200496617 /* Build configuration list for PBXNativeTarget "viperUITests" */ = {
			isa = XCConfigurationList;
			buildConfigurations = (
				90203E9922FD669200496617 /* Debug */,
				90203E9A22FD669200496617 /* Release */,
			);
			defaultConfigurationIsVisible = 0;
			defaultConfigurationName = Release;
		};
/* End XCConfigurationList section */
	};
	rootObject = 90203E5F22FD669100496617 /* Project object */;
}
