// !$*UTF8*$!
{
	archiveVersion = 1;
	classes = {
	};
	objectVersion = 51;
	objects = {

/* Begin PBXBuildFile section */
		904D821126453D0A0037B9A4 /* AppDelegate.swift in Sources */ = {isa = PBXBuildFile; fileRef = 904D821026453D0A0037B9A4 /* AppDelegate.swift */; };
		904D821326453D0A0037B9A4 /* SceneDelegate.swift in Sources */ = {isa = PBXBuildFile; fileRef = 904D821226453D0A0037B9A4 /* SceneDelegate.swift */; };
		904D821A26453D0F0037B9A4 /* Assets.xcassets in Resources */ = {isa = PBXBuildFile; fileRef = 904D821926453D0F0037B9A4 /* Assets.xcassets */; };
		904D821D26453D0F0037B9A4 /* LaunchScreen.storyboard in Resources */ = {isa = PBXBuildFile; fileRef = 904D821B26453D0F0037B9A4 /* LaunchScreen.storyboard */; };
		904D823026453F980037B9A4 /* LoginRouter.swift in Sources */ = {isa = PBXBuildFile; fileRef = 904D822C26453F980037B9A4 /* LoginRouter.swift */; };
		904D823126453F980037B9A4 /* LoginModule.swift in Sources */ = {isa = PBXBuildFile; fileRef = 904D822D26453F980037B9A4 /* LoginModule.swift */; };
		904D823226453F980037B9A4 /* LoginViewController.swift in Sources */ = {isa = PBXBuildFile; fileRef = 904D822E26453F980037B9A4 /* LoginViewController.swift */; };
		904D823326453F980037B9A4 /* LoginPresenter.swift in Sources */ = {isa = PBXBuildFile; fileRef = 904D822F26453F980037B9A4 /* LoginPresenter.swift */; };
		904D8235264541490037B9A4 /* UserInteractor.swift in Sources */ = {isa = PBXBuildFile; fileRef = 904D8234264541490037B9A4 /* UserInteractor.swift */; };
		90AD6E1A2651811E002CE1B5 /* MyAccountRouter.swift in Sources */ = {isa = PBXBuildFile; fileRef = 90AD6E162651811E002CE1B5 /* MyAccountRouter.swift */; };
		90AD6E1B2651811E002CE1B5 /* MyAccountModule.swift in Sources */ = {isa = PBXBuildFile; fileRef = 90AD6E172651811E002CE1B5 /* MyAccountModule.swift */; };
		90AD6E1C2651811E002CE1B5 /* MyAccountViewController.swift in Sources */ = {isa = PBXBuildFile; fileRef = 90AD6E182651811E002CE1B5 /* MyAccountViewController.swift */; };
		90AD6E1D2651811E002CE1B5 /* MyAccountPresenter.swift in Sources */ = {isa = PBXBuildFile; fileRef = 90AD6E192651811E002CE1B5 /* MyAccountPresenter.swift */; };
		FA0E2E037EE7C7400E9D10E9 /* Pods_Tutorial2.framework in Frameworks */ = {isa = PBXBuildFile; fileRef = 883C18A6877F9405986C0E10 /* Pods_Tutorial2.framework */; };
/* End PBXBuildFile section */

/* Begin PBXFileReference section */
		408DD320A1AE0577C1226679 /* Pods-Tutorial2.debug.xcconfig */ = {isa = PBXFileReference; includeInIndex = 1; lastKnownFileType = text.xcconfig; name = "Pods-Tutorial2.debug.xcconfig"; path = "Target Support Files/Pods-Tutorial2/Pods-Tutorial2.debug.xcconfig"; sourceTree = "<group>"; };
		5D31238A5339462FC2AD2997 /* Pods-Tutorial2.release.xcconfig */ = {isa = PBXFileReference; includeInIndex = 1; lastKnownFileType = text.xcconfig; name = "Pods-Tutorial2.release.xcconfig"; path = "Target Support Files/Pods-Tutorial2/Pods-Tutorial2.release.xcconfig"; sourceTree = "<group>"; };
		883C18A6877F9405986C0E10 /* Pods_Tutorial2.framework */ = {isa = PBXFileReference; explicitFileType = wrapper.framework; includeInIndex = 0; path = Pods_Tutorial2.framework; sourceTree = BUILT_PRODUCTS_DIR; };
		904D820D26453D0A0037B9A4 /* Tutorial2.app */ = {isa = PBXFileReference; explicitFileType = wrapper.application; includeInIndex = 0; path = Tutorial2.app; sourceTree = BUILT_PRODUCTS_DIR; };
		904D821026453D0A0037B9A4 /* AppDelegate.swift */ = {isa = PBXFileReference; lastKnownFileType = sourcecode.swift; path = AppDelegate.swift; sourceTree = "<group>"; };
		904D821226453D0A0037B9A4 /* SceneDelegate.swift */ = {isa = PBXFileReference; lastKnownFileType = sourcecode.swift; path = SceneDelegate.swift; sourceTree = "<group>"; };
		904D821926453D0F0037B9A4 /* Assets.xcassets */ = {isa = PBXFileReference; lastKnownFileType = folder.assetcatalog; path = Assets.xcassets; sourceTree = "<group>"; };
		904D821C26453D0F0037B9A4 /* Base */ = {isa = PBXFileReference; lastKnownFileType = file.storyboard; name = Base; path = Base.lproj/LaunchScreen.storyboard; sourceTree = "<group>"; };
		904D821E26453D0F0037B9A4 /* Info.plist */ = {isa = PBXFileReference; lastKnownFileType = text.plist.xml; path = Info.plist; sourceTree = "<group>"; };
		904D822C26453F980037B9A4 /* LoginRouter.swift */ = {isa = PBXFileReference; lastKnownFileType = sourcecode.swift; path = LoginRouter.swift; sourceTree = "<group>"; };
		904D822D26453F980037B9A4 /* LoginModule.swift */ = {isa = PBXFileReference; lastKnownFileType = sourcecode.swift; path = LoginModule.swift; sourceTree = "<group>"; };
		904D822E26453F980037B9A4 /* LoginViewController.swift */ = {isa = PBXFileReference; lastKnownFileType = sourcecode.swift; path = LoginViewController.swift; sourceTree = "<group>"; };
		904D822F26453F980037B9A4 /* LoginPresenter.swift */ = {isa = PBXFileReference; lastKnownFileType = sourcecode.swift; path = LoginPresenter.swift; sourceTree = "<group>"; };
		904D8234264541490037B9A4 /* UserInteractor.swift */ = {isa = PBXFileReference; lastKnownFileType = sourcecode.swift; path = UserInteractor.swift; sourceTree = "<group>"; };
		90AD6E162651811E002CE1B5 /* MyAccountRouter.swift */ = {isa = PBXFileReference; lastKnownFileType = sourcecode.swift; path = MyAccountRouter.swift; sourceTree = "<group>"; };
		90AD6E172651811E002CE1B5 /* MyAccountModule.swift */ = {isa = PBXFileReference; lastKnownFileType = sourcecode.swift; path = MyAccountModule.swift; sourceTree = "<group>"; };
		90AD6E182651811E002CE1B5 /* MyAccountViewController.swift */ = {isa = PBXFileReference; lastKnownFileType = sourcecode.swift; path = MyAccountViewController.swift; sourceTree = "<group>"; };
		90AD6E192651811E002CE1B5 /* MyAccountPresenter.swift */ = {isa = PBXFileReference; lastKnownFileType = sourcecode.swift; path = MyAccountPresenter.swift; sourceTree = "<group>"; };
/* End PBXFileReference section */

/* Begin PBXFrameworksBuildPhase section */
		904D820A26453D0A0037B9A4 /* Frameworks */ = {
			isa = PBXFrameworksBuildPhase;
			buildActionMask = 2147483647;
			files = (
				FA0E2E037EE7C7400E9D10E9 /* Pods_Tutorial2.framework in Frameworks */,
			);
			runOnlyForDeploymentPostprocessing = 0;
		};
/* End PBXFrameworksBuildPhase section */

/* Begin PBXGroup section */
		8626619FF4C1BF0C82BD505B /* Pods */ = {
			isa = PBXGroup;
			children = (
				408DD320A1AE0577C1226679 /* Pods-Tutorial2.debug.xcconfig */,
				5D31238A5339462FC2AD2997 /* Pods-Tutorial2.release.xcconfig */,
			);
			path = Pods;
			sourceTree = "<group>";
		};
		904D820426453D0A0037B9A4 = {
			isa = PBXGroup;
			children = (
				904D820F26453D0A0037B9A4 /* Tutorial2 */,
				904D820E26453D0A0037B9A4 /* Products */,
				8626619FF4C1BF0C82BD505B /* Pods */,
				B988DBF153F15E9BCCBE80E4 /* Frameworks */,
			);
			sourceTree = "<group>";
		};
		904D820E26453D0A0037B9A4 /* Products */ = {
			isa = PBXGroup;
			children = (
				904D820D26453D0A0037B9A4 /* Tutorial2.app */,
			);
			name = Products;
			sourceTree = "<group>";
		};
		904D820F26453D0A0037B9A4 /* Tutorial2 */ = {
			isa = PBXGroup;
			children = (
				904D822426453E930037B9A4 /* Application */,
				904D822A26453F1C0037B9A4 /* Interactors */,
				904D822926453F140037B9A4 /* Modules */,
			);
			path = Tutorial2;
			sourceTree = "<group>";
		};
		904D822426453E930037B9A4 /* Application */ = {
			isa = PBXGroup;
			children = (
				904D822526453ED30037B9A4 /* AppDelegate */,
				904D822626453EE70037B9A4 /* Configuration */,
				904D822726453EF40037B9A4 /* Resources */,
			);
			path = Application;
			sourceTree = "<group>";
		};
		904D822526453ED30037B9A4 /* AppDelegate */ = {
			isa = PBXGroup;
			children = (
				904D821026453D0A0037B9A4 /* AppDelegate.swift */,
				904D821226453D0A0037B9A4 /* SceneDelegate.swift */,
			);
			path = AppDelegate;
			sourceTree = "<group>";
		};
		904D822626453EE70037B9A4 /* Configuration */ = {
			isa = PBXGroup;
			children = (
				904D822826453F050037B9A4 /* Plist */,
			);
			path = Configuration;
			sourceTree = "<group>";
		};
		904D822726453EF40037B9A4 /* Resources */ = {
			isa = PBXGroup;
			children = (
				904D821926453D0F0037B9A4 /* Assets.xcassets */,
				904D821B26453D0F0037B9A4 /* LaunchScreen.storyboard */,
			);
			path = Resources;
			sourceTree = "<group>";
		};
		904D822826453F050037B9A4 /* Plist */ = {
			isa = PBXGroup;
			children = (
				904D821E26453D0F0037B9A4 /* Info.plist */,
			);
			path = Plist;
			sourceTree = "<group>";
		};
		904D822926453F140037B9A4 /* Modules */ = {
			isa = PBXGroup;
			children = (
				90AD6E1526518111002CE1B5 /* MyAccount */,
				904D822B26453F840037B9A4 /* Login */,
			);
			path = Modules;
			sourceTree = "<group>";
		};
		904D822A26453F1C0037B9A4 /* Interactors */ = {
			isa = PBXGroup;
			children = (
				904D8234264541490037B9A4 /* UserInteractor.swift */,
			);
			path = Interactors;
			sourceTree = "<group>";
		};
		904D822B26453F840037B9A4 /* Login */ = {
			isa = PBXGroup;
			children = (
				904D822D26453F980037B9A4 /* LoginModule.swift */,
				904D822F26453F980037B9A4 /* LoginPresenter.swift */,
				904D822C26453F980037B9A4 /* LoginRouter.swift */,
				904D822E26453F980037B9A4 /* LoginViewController.swift */,
			);
			path = Login;
			sourceTree = "<group>";
		};
		90AD6E1526518111002CE1B5 /* MyAccount */ = {
			isa = PBXGroup;
			children = (
				90AD6E172651811E002CE1B5 /* MyAccountModule.swift */,
				90AD6E192651811E002CE1B5 /* MyAccountPresenter.swift */,
				90AD6E162651811E002CE1B5 /* MyAccountRouter.swift */,
				90AD6E182651811E002CE1B5 /* MyAccountViewController.swift */,
			);
			path = MyAccount;
			sourceTree = "<group>";
		};
		B988DBF153F15E9BCCBE80E4 /* Frameworks */ = {
			isa = PBXGroup;
			children = (
				883C18A6877F9405986C0E10 /* Pods_Tutorial2.framework */,
			);
			name = Frameworks;
			sourceTree = "<group>";
		};
/* End PBXGroup section */

/* Begin PBXNativeTarget section */
		904D820C26453D0A0037B9A4 /* Tutorial2 */ = {
			isa = PBXNativeTarget;
			buildConfigurationList = 904D822126453D100037B9A4 /* Build configuration list for PBXNativeTarget "Tutorial2" */;
			buildPhases = (
				C085116D9BD42A94CC1C3713 /* [CP] Check Pods Manifest.lock */,
				904D820926453D0A0037B9A4 /* Sources */,
				904D820A26453D0A0037B9A4 /* Frameworks */,
				904D820B26453D0A0037B9A4 /* Resources */,
				7DDEFCAC6BB63BB4D18490C0 /* [CP] Embed Pods Frameworks */,
			);
			buildRules = (
			);
			dependencies = (
			);
			name = Tutorial2;
			productName = Tutorial2;
			productReference = 904D820D26453D0A0037B9A4 /* Tutorial2.app */;
			productType = "com.apple.product-type.application";
		};
/* End PBXNativeTarget section */

/* Begin PBXProject section */
		904D820526453D0A0037B9A4 /* Project object */ = {
			isa = PBXProject;
			attributes = {
				LastSwiftUpdateCheck = 1250;
				LastUpgradeCheck = 1250;
				TargetAttributes = {
					904D820C26453D0A0037B9A4 = {
						CreatedOnToolsVersion = 12.5;
					};
				};
			};
			buildConfigurationList = 904D820826453D0A0037B9A4 /* Build configuration list for PBXProject "Tutorial2" */;
			compatibilityVersion = "Xcode 9.3";
			developmentRegion = en;
			hasScannedForEncodings = 0;
			knownRegions = (
				en,
				Base,
			);
			mainGroup = 904D820426453D0A0037B9A4;
			productRefGroup = 904D820E26453D0A0037B9A4 /* Products */;
			projectDirPath = "";
			projectRoot = "";
			targets = (
				904D820C26453D0A0037B9A4 /* Tutorial2 */,
			);
		};
/* End PBXProject section */

/* Begin PBXResourcesBuildPhase section */
		904D820B26453D0A0037B9A4 /* Resources */ = {
			isa = PBXResourcesBuildPhase;
			buildActionMask = 2147483647;
			files = (
				904D821D26453D0F0037B9A4 /* LaunchScreen.storyboard in Resources */,
				904D821A26453D0F0037B9A4 /* Assets.xcassets in Resources */,
			);
			runOnlyForDeploymentPostprocessing = 0;
		};
/* End PBXResourcesBuildPhase section */

/* Begin PBXShellScriptBuildPhase section */
		7DDEFCAC6BB63BB4D18490C0 /* [CP] Embed Pods Frameworks */ = {
			isa = PBXShellScriptBuildPhase;
			buildActionMask = 2147483647;
			files = (
			);
			inputFileListPaths = (
				"${PODS_ROOT}/Target Support Files/Pods-Tutorial2/Pods-Tutorial2-frameworks-${CONFIGURATION}-input-files.xcfilelist",
			);
			name = "[CP] Embed Pods Frameworks";
			outputFileListPaths = (
				"${PODS_ROOT}/Target Support Files/Pods-Tutorial2/Pods-Tutorial2-frameworks-${CONFIGURATION}-output-files.xcfilelist",
			);
			runOnlyForDeploymentPostprocessing = 0;
			shellPath = /bin/sh;
			shellScript = "\"${PODS_ROOT}/Target Support Files/Pods-Tutorial2/Pods-Tutorial2-frameworks.sh\"\n";
			showEnvVarsInLog = 0;
		};
		C085116D9BD42A94CC1C3713 /* [CP] Check Pods Manifest.lock */ = {
			isa = PBXShellScriptBuildPhase;
			buildActionMask = 2147483647;
			files = (
			);
			inputFileListPaths = (
			);
			inputPaths = (
				"${PODS_PODFILE_DIR_PATH}/Podfile.lock",
				"${PODS_ROOT}/Manifest.lock",
			);
			name = "[CP] Check Pods Manifest.lock";
			outputFileListPaths = (
			);
			outputPaths = (
				"$(DERIVED_FILE_DIR)/Pods-Tutorial2-checkManifestLockResult.txt",
			);
			runOnlyForDeploymentPostprocessing = 0;
			shellPath = /bin/sh;
			shellScript = "diff \"${PODS_PODFILE_DIR_PATH}/Podfile.lock\" \"${PODS_ROOT}/Manifest.lock\" > /dev/null\nif [ $? != 0 ] ; then\n    # print error to STDERR\n    echo \"error: The sandbox is not in sync with the Podfile.lock. Run 'pod install' or update your CocoaPods installation.\" >&2\n    exit 1\nfi\n# This output is used by Xcode 'outputs' to avoid re-running this script phase.\necho \"SUCCESS\" > \"${SCRIPT_OUTPUT_FILE_0}\"\n";
			showEnvVarsInLog = 0;
		};
/* End PBXShellScriptBuildPhase section */

/* Begin PBXSourcesBuildPhase section */
		904D820926453D0A0037B9A4 /* Sources */ = {
			isa = PBXSourcesBuildPhase;
			buildActionMask = 2147483647;
			files = (
				904D823326453F980037B9A4 /* LoginPresenter.swift in Sources */,
				904D8235264541490037B9A4 /* UserInteractor.swift in Sources */,
				904D821126453D0A0037B9A4 /* AppDelegate.swift in Sources */,
				904D821326453D0A0037B9A4 /* SceneDelegate.swift in Sources */,
				904D823026453F980037B9A4 /* LoginRouter.swift in Sources */,
				904D823226453F980037B9A4 /* LoginViewController.swift in Sources */,
				90AD6E1C2651811E002CE1B5 /* MyAccountViewController.swift in Sources */,
				90AD6E1A2651811E002CE1B5 /* MyAccountRouter.swift in Sources */,
				904D823126453F980037B9A4 /* LoginModule.swift in Sources */,
				90AD6E1B2651811E002CE1B5 /* MyAccountModule.swift in Sources */,
				90AD6E1D2651811E002CE1B5 /* MyAccountPresenter.swift in Sources */,
			);
			runOnlyForDeploymentPostprocessing = 0;
		};
/* End PBXSourcesBuildPhase section */

/* Begin PBXVariantGroup section */
		904D821B26453D0F0037B9A4 /* LaunchScreen.storyboard */ = {
			isa = PBXVariantGroup;
			children = (
				904D821C26453D0F0037B9A4 /* Base */,
			);
			name = LaunchScreen.storyboard;
			sourceTree = "<group>";
		};
/* End PBXVariantGroup section */

/* Begin XCBuildConfiguration section */
		904D821F26453D0F0037B9A4 /* Debug */ = {
			isa = XCBuildConfiguration;
			buildSettings = {
				ALWAYS_SEARCH_USER_PATHS = NO;
				CLANG_ANALYZER_NONNULL = YES;
				CLANG_ANALYZER_NUMBER_OBJECT_CONVERSION = YES_AGGRESSIVE;
				CLANG_CXX_LANGUAGE_STANDARD = "gnu++14";
				CLANG_CXX_LIBRARY = "libc++";
				CLANG_ENABLE_MODULES = YES;
				CLANG_ENABLE_OBJC_ARC = YES;
				CLANG_ENABLE_OBJC_WEAK = YES;
				CLANG_WARN_BLOCK_CAPTURE_AUTORELEASING = YES;
				CLANG_WARN_BOOL_CONVERSION = YES;
				CLANG_WARN_COMMA = YES;
				CLANG_WARN_CONSTANT_CONVERSION = YES;
				CLANG_WARN_DEPRECATED_OBJC_IMPLEMENTATIONS = YES;
				CLANG_WARN_DIRECT_OBJC_ISA_USAGE = YES_ERROR;
				CLANG_WARN_DOCUMENTATION_COMMENTS = YES;
				CLANG_WARN_EMPTY_BODY = YES;
				CLANG_WARN_ENUM_CONVERSION = YES;
				CLANG_WARN_INFINITE_RECURSION = YES;
				CLANG_WARN_INT_CONVERSION = YES;
				CLANG_WARN_NON_LITERAL_NULL_CONVERSION = YES;
				CLANG_WARN_OBJC_IMPLICIT_RETAIN_SELF = YES;
				CLANG_WARN_OBJC_LITERAL_CONVERSION = YES;
				CLANG_WARN_OBJC_ROOT_CLASS = YES_ERROR;
				CLANG_WARN_QUOTED_INCLUDE_IN_FRAMEWORK_HEADER = YES;
				CLANG_WARN_RANGE_LOOP_ANALYSIS = YES;
				CLANG_WARN_STRICT_PROTOTYPES = YES;
				CLANG_WARN_SUSPICIOUS_MOVE = YES;
				CLANG_WARN_UNGUARDED_AVAILABILITY = YES_AGGRESSIVE;
				CLANG_WARN_UNREACHABLE_CODE = YES;
				CLANG_WARN__DUPLICATE_METHOD_MATCH = YES;
				COPY_PHASE_STRIP = NO;
				DEBUG_INFORMATION_FORMAT = dwarf;
				ENABLE_STRICT_OBJC_MSGSEND = YES;
				ENABLE_TESTABILITY = YES;
				GCC_C_LANGUAGE_STANDARD = gnu11;
				GCC_DYNAMIC_NO_PIC = NO;
				GCC_NO_COMMON_BLOCKS = YES;
				GCC_OPTIMIZATION_LEVEL = 0;
				GCC_PREPROCESSOR_DEFINITIONS = (
					"DEBUG=1",
					"$(inherited)",
				);
				GCC_WARN_64_TO_32_BIT_CONVERSION = YES;
				GCC_WARN_ABOUT_RETURN_TYPE = YES_ERROR;
				GCC_WARN_UNDECLARED_SELECTOR = YES;
				GCC_WARN_UNINITIALIZED_AUTOS = YES_AGGRESSIVE;
				GCC_WARN_UNUSED_FUNCTION = YES;
				GCC_WARN_UNUSED_VARIABLE = YES;
				IPHONEOS_DEPLOYMENT_TARGET = 14.5;
				MTL_ENABLE_DEBUG_INFO = INCLUDE_SOURCE;
				MTL_FAST_MATH = YES;
				ONLY_ACTIVE_ARCH = YES;
				SDKROOT = iphoneos;
				SWIFT_ACTIVE_COMPILATION_CONDITIONS = DEBUG;
				SWIFT_OPTIMIZATION_LEVEL = "-Onone";
			};
			name = Debug;
		};
		904D822026453D0F0037B9A4 /* Release */ = {
			isa = XCBuildConfiguration;
			buildSettings = {
				ALWAYS_SEARCH_USER_PATHS = NO;
				CLANG_ANALYZER_NONNULL = YES;
				CLANG_ANALYZER_NUMBER_OBJECT_CONVERSION = YES_AGGRESSIVE;
				CLANG_CXX_LANGUAGE_STANDARD = "gnu++14";
				CLANG_CXX_LIBRARY = "libc++";
				CLANG_ENABLE_MODULES = YES;
				CLANG_ENABLE_OBJC_ARC = YES;
				CLANG_ENABLE_OBJC_WEAK = YES;
				CLANG_WARN_BLOCK_CAPTURE_AUTORELEASING = YES;
				CLANG_WARN_BOOL_CONVERSION = YES;
				CLANG_WARN_COMMA = YES;
				CLANG_WARN_CONSTANT_CONVERSION = YES;
				CLANG_WARN_DEPRECATED_OBJC_IMPLEMENTATIONS = YES;
				CLANG_WARN_DIRECT_OBJC_ISA_USAGE = YES_ERROR;
				CLANG_WARN_DOCUMENTATION_COMMENTS = YES;
				CLANG_WARN_EMPTY_BODY = YES;
				CLANG_WARN_ENUM_CONVERSION = YES;
				CLANG_WARN_INFINITE_RECURSION = YES;
				CLANG_WARN_INT_CONVERSION = YES;
				CLANG_WARN_NON_LITERAL_NULL_CONVERSION = YES;
				CLANG_WARN_OBJC_IMPLICIT_RETAIN_SELF = YES;
				CLANG_WARN_OBJC_LITERAL_CONVERSION = YES;
				CLANG_WARN_OBJC_ROOT_CLASS = YES_ERROR;
				CLANG_WARN_QUOTED_INCLUDE_IN_FRAMEWORK_HEADER = YES;
				CLANG_WARN_RANGE_LOOP_ANALYSIS = YES;
				CLANG_WARN_STRICT_PROTOTYPES = YES;
				CLANG_WARN_SUSPICIOUS_MOVE = YES;
				CLANG_WARN_UNGUARDED_AVAILABILITY = YES_AGGRESSIVE;
				CLANG_WARN_UNREACHABLE_CODE = YES;
				CLANG_WARN__DUPLICATE_METHOD_MATCH = YES;
				COPY_PHASE_STRIP = NO;
				DEBUG_INFORMATION_FORMAT = "dwarf-with-dsym";
				ENABLE_NS_ASSERTIONS = NO;
				ENABLE_STRICT_OBJC_MSGSEND = YES;
				GCC_C_LANGUAGE_STANDARD = gnu11;
				GCC_NO_COMMON_BLOCKS = YES;
				GCC_WARN_64_TO_32_BIT_CONVERSION = YES;
				GCC_WARN_ABOUT_RETURN_TYPE = YES_ERROR;
				GCC_WARN_UNDECLARED_SELECTOR = YES;
				GCC_WARN_UNINITIALIZED_AUTOS = YES_AGGRESSIVE;
				GCC_WARN_UNUSED_FUNCTION = YES;
				GCC_WARN_UNUSED_VARIABLE = YES;
				IPHONEOS_DEPLOYMENT_TARGET = 14.5;
				MTL_ENABLE_DEBUG_INFO = NO;
				MTL_FAST_MATH = YES;
				SDKROOT = iphoneos;
				SWIFT_COMPILATION_MODE = wholemodule;
				SWIFT_OPTIMIZATION_LEVEL = "-O";
				VALIDATE_PRODUCT = YES;
			};
			name = Release;
		};
		904D822226453D100037B9A4 /* Debug */ = {
			isa = XCBuildConfiguration;
			baseConfigurationReference = 408DD320A1AE0577C1226679 /* Pods-Tutorial2.debug.xcconfig */;
			buildSettings = {
				ASSETCATALOG_COMPILER_APPICON_NAME = AppIcon;
				ASSETCATALOG_COMPILER_GLOBAL_ACCENT_COLOR_NAME = AccentColor;
				CODE_SIGN_STYLE = Automatic;
				INFOPLIST_FILE = Tutorial2/Application/Configuration/Plist/Info.plist;
				LD_RUNPATH_SEARCH_PATHS = (
					"$(inherited)",
					"@executable_path/Frameworks",
				);
				PRODUCT_BUNDLE_IDENTIFIER = "co.nimblehq.viper-demo.Tutorial2";
				PRODUCT_NAME = "$(TARGET_NAME)";
				SWIFT_VERSION = 5.0;
				TARGETED_DEVICE_FAMILY = "1,2";
			};
			name = Debug;
		};
		904D822326453D100037B9A4 /* Release */ = {
			isa = XCBuildConfiguration;
			baseConfigurationReference = 5D31238A5339462FC2AD2997 /* Pods-Tutorial2.release.xcconfig */;
			buildSettings = {
				ASSETCATALOG_COMPILER_APPICON_NAME = AppIcon;
				ASSETCATALOG_COMPILER_GLOBAL_ACCENT_COLOR_NAME = AccentColor;
				CODE_SIGN_STYLE = Automatic;
				INFOPLIST_FILE = Tutorial2/Application/Configuration/Plist/Info.plist;
				LD_RUNPATH_SEARCH_PATHS = (
					"$(inherited)",
					"@executable_path/Frameworks",
				);
				PRODUCT_BUNDLE_IDENTIFIER = "co.nimblehq.viper-demo.Tutorial2";
				PRODUCT_NAME = "$(TARGET_NAME)";
				SWIFT_VERSION = 5.0;
				TARGETED_DEVICE_FAMILY = "1,2";
			};
			name = Release;
		};
/* End XCBuildConfiguration section */

/* Begin XCConfigurationList section */
		904D820826453D0A0037B9A4 /* Build configuration list for PBXProject "Tutorial2" */ = {
			isa = XCConfigurationList;
			buildConfigurations = (
				904D821F26453D0F0037B9A4 /* Debug */,
				904D822026453D0F0037B9A4 /* Release */,
			);
			defaultConfigurationIsVisible = 0;
			defaultConfigurationName = Release;
		};
		904D822126453D100037B9A4 /* Build configuration list for PBXNativeTarget "Tutorial2" */ = {
			isa = XCConfigurationList;
			buildConfigurations = (
				904D822226453D100037B9A4 /* Debug */,
				904D822326453D100037B9A4 /* Release */,
			);
			defaultConfigurationIsVisible = 0;
			defaultConfigurationName = Release;
		};
/* End XCConfigurationList section */
	};
	rootObject = 904D820526453D0A0037B9A4 /* Project object */;
}
